
Microsoft Visual Studio Solution File, Format Version 9.00
# Visual C++ Express 2005
Project("{8BC9CEB8-8B4A-11D0-8D11-00A0C91BC942}") = "cairo", "src\cairo\cairo\src\cairo_vc8.vcproj", "{A02A055B-7676-4A0F-A81E-573030C69571}"
	ProjectSection(ProjectDependencies) = postProject
		{0008960E-E0DD-41A6-8265-00B31DDB4C21} = {0008960E-E0DD-41A6-8265-00B31DDB4C21}
		{8FD826F8-3739-44E6-8CC8-997122E53B8D} = {8FD826F8-3739-44E6-8CC8-997122E53B8D}
		{F7D5E865-5D85-4F42-B59E-6ACF60BFE791} = {F7D5E865-5D85-4F42-B59E-6ACF60BFE791}
	EndProjectSection
EndProject
Project("{2150E333-8FDC-42A3-9474-1A3956D46DE8}") = "graphics", "graphics", "{61698F44-8890-4A6C-9E50-F1AFD95A9C5F}"
EndProject
Project("{8BC9CEB8-8B4A-11D0-8D11-00A0C91BC942}") = "libjpeg", "src\jpeg\jpeg_vs2005.vcproj", "{E61592E1-28F4-4AFC-9EE1-9BE833A061C1}"
EndProject
Project("{8BC9CEB8-8B4A-11D0-8D11-00A0C91BC942}") = "pixman", "src\cairo\pixman\pixman\pixman_vc8.vcproj", "{F7D5E865-5D85-4F42-B59E-6ACF60BFE791}"
	ProjectSection(ProjectDependencies) = postProject
		{1C577933-7FC6-477F-9971-FB9405875D17} = {1C577933-7FC6-477F-9971-FB9405875D17}
	EndProjectSection
EndProject
Project("{2150E333-8FDC-42A3-9474-1A3956D46DE8}") = "zlib", "zlib", "{B3CCF732-9D45-4763-9624-7CD366B2354A}"
EndProject
Project("{8BC9CEB8-8B4A-11D0-8D11-00A0C91BC942}") = "zlib1", "src\zlib\contrib\vstudio\vc8\zlibvc.vcproj", "{8FD826F8-3739-44E6-8CC8-997122E53B8D}"
EndProject
Project("{8BC9CEB8-8B4A-11D0-8D11-00A0C91BC942}") = "TestZlibDll", "src\zlib\contrib\vstudio\vc8\testzlibdll.vcproj", "{C52F9E7B-498A-42BE-8DB4-85A15694366A}"
	ProjectSection(ProjectDependencies) = postProject
		{8FD826F8-3739-44E6-8CC8-997122E53B8D} = {8FD826F8-3739-44E6-8CC8-997122E53B8D}
	EndProjectSection
EndProject
Project("{8BC9CEB8-8B4A-11D0-8D11-00A0C91BC942}") = "libpng", "src\libpng\png_vc8.vcproj", "{0008960E-E0DD-41A6-8265-00B31DDB4C21}"
EndProject
Project("{2150E333-8FDC-42A3-9474-1A3956D46DE8}") = "iconv", "iconv", "{220B7415-07C2-4237-851A-9C9D373A5F9D}"
EndProject
Project("{8BC9CEB8-8B4A-11D0-8D11-00A0C91BC942}") = "libiconv", "src\libiconv\libiconv_vc8.vcproj", "{4B33A30D-1362-4FA2-88A3-EE33A4B6CA2E}"
EndProject
Project("{8BC9CEB8-8B4A-11D0-8D11-00A0C91BC942}") = "libcharset", "src\libiconv\libcharset\libcharset_vc8.vcproj", "{ADCAA9EB-0CEA-4AB3-9623-FDE798B76B72}"
EndProject
Project("{8BC9CEB8-8B4A-11D0-8D11-00A0C91BC942}") = "libicrt", "src\libiconv\srclib\libicrt_vc8.vcproj", "{3B2D761F-E376-4C37-9BB0-E36386900B64}"
EndProject
Project("{8BC9CEB8-8B4A-11D0-8D11-00A0C91BC942}") = "iconvexe", "src\libiconv\src\iconvexe_vc8.vcproj", "{65C68796-8922-43F8-9CED-5B5D37AF9CF5}"
	ProjectSection(ProjectDependencies) = postProject
		{3B2D761F-E376-4C37-9BB0-E36386900B64} = {3B2D761F-E376-4C37-9BB0-E36386900B64}
		{4B33A30D-1362-4FA2-88A3-EE33A4B6CA2E} = {4B33A30D-1362-4FA2-88A3-EE33A4B6CA2E}
	EndProjectSection
EndProject
Project("{8BC9CEB8-8B4A-11D0-8D11-00A0C91BC942}") = "pthread", "src\pthreads\pthread_vc8.vcproj", "{1C577933-7FC6-477F-9971-FB9405875D17}"
EndProject
Project("{2150E333-8FDC-42A3-9474-1A3956D46DE8}") = "xml2", "xml2", "{C58C6392-CCF8-4C15-8A1F-6DEB870CDF33}"
EndProject
Project("{8BC9CEB8-8B4A-11D0-8D11-00A0C91BC942}") = "libxml2", "src\libxml2\win32\libxml2\libxml2_vc8.vcproj", "{93EFA45D-AA0C-4023-93B6-BF4073AF9E3B}"
	ProjectSection(ProjectDependencies) = postProject
		{8FD826F8-3739-44E6-8CC8-997122E53B8D} = {8FD826F8-3739-44E6-8CC8-997122E53B8D}
		{ADCAA9EB-0CEA-4AB3-9623-FDE798B76B72} = {ADCAA9EB-0CEA-4AB3-9623-FDE798B76B72}
		{4B33A30D-1362-4FA2-88A3-EE33A4B6CA2E} = {4B33A30D-1362-4FA2-88A3-EE33A4B6CA2E}
	EndProjectSection
EndProject
Project("{8BC9CEB8-8B4A-11D0-8D11-00A0C91BC942}") = "xmllint", "src\libxml2\win32\xmllint\xmllint_vc8.vcproj", "{55A00400-B162-4889-828F-C8148EEEC646}"
	ProjectSection(ProjectDependencies) = postProject
		{93EFA45D-AA0C-4023-93B6-BF4073AF9E3B} = {93EFA45D-AA0C-4023-93B6-BF4073AF9E3B}
	EndProjectSection
EndProject
Project("{2150E333-8FDC-42A3-9474-1A3956D46DE8}") = "xslt", "xslt", "{C8473892-E676-4322-8AC2-03273A19BFC0}"
EndProject
Project("{8BC9CEB8-8B4A-11D0-8D11-00A0C91BC942}") = "libxslt", "src\libxslt\win32\libxslt\libxslt_vc8.vcproj", "{DADB35A2-984E-410F-8A1F-B99E84AEAF60}"
	ProjectSection(ProjectDependencies) = postProject
		{93EFA45D-AA0C-4023-93B6-BF4073AF9E3B} = {93EFA45D-AA0C-4023-93B6-BF4073AF9E3B}
	EndProjectSection
EndProject
Project("{8BC9CEB8-8B4A-11D0-8D11-00A0C91BC942}") = "libexslt", "src\libxslt\win32\libxslt\libexslt_vc8.vcproj", "{7E2AD725-4BDA-4B90-8AB9-9289624B4443}"
	ProjectSection(ProjectDependencies) = postProject
		{DADB35A2-984E-410F-8A1F-B99E84AEAF60} = {DADB35A2-984E-410F-8A1F-B99E84AEAF60}
		{93EFA45D-AA0C-4023-93B6-BF4073AF9E3B} = {93EFA45D-AA0C-4023-93B6-BF4073AF9E3B}
	EndProjectSection
EndProject
Project("{8BC9CEB8-8B4A-11D0-8D11-00A0C91BC942}") = "xsltproc", "src\libxslt\win32\libxslt\xsltproc_vc8.vcproj", "{FE93D67B-FBB2-454C-9BEF-53A7E6540A61}"
	ProjectSection(ProjectDependencies) = postProject
		{DADB35A2-984E-410F-8A1F-B99E84AEAF60} = {DADB35A2-984E-410F-8A1F-B99E84AEAF60}
		{93EFA45D-AA0C-4023-93B6-BF4073AF9E3B} = {93EFA45D-AA0C-4023-93B6-BF4073AF9E3B}
		{7E2AD725-4BDA-4B90-8AB9-9289624B4443} = {7E2AD725-4BDA-4B90-8AB9-9289624B4443}
	EndProjectSection
EndProject
Project("{2150E333-8FDC-42A3-9474-1A3956D46DE8}") = "OpenCFLite", "OpenCFLite", "{6C9519C1-3D6F-4914-822A-EE2E97297CB1}"
EndProject
Project("{8BC9CEB8-8B4A-11D0-8D11-00A0C91BC942}") = "objcrt", "src\opencflite\objc4\objcrt\objcrt_vs2005.vcproj", "{E38C1996-8B3D-4050-A4B2-DC85957B047D}"
	ProjectSection(ProjectDependencies) = postProject
		{B3408263-0CF1-47BE-83CC-56070EFC9BC1} = {B3408263-0CF1-47BE-83CC-56070EFC9BC1}
	EndProjectSection
EndProject
Project("{8BC9CEB8-8B4A-11D0-8D11-00A0C91BC942}") = "objc", "src\opencflite\objc4\objc_vs2005.vcproj", "{B3408263-0CF1-47BE-83CC-56070EFC9BC1}"
EndProject
Project("{8BC9CEB8-8B4A-11D0-8D11-00A0C91BC942}") = "StringExample", "src\opencflite\examples\StringExample\StringExample_vs2005.vcproj", "{4E98FDA7-54AE-4A8E-847A-8665DEF6BBE1}"
	ProjectSection(ProjectDependencies) = postProject
		{EC99198F-4CDD-4D85-AE6F-F837FF6CC372} = {EC99198F-4CDD-4D85-AE6F-F837FF6CC372}
	EndProjectSection
EndProject
Project("{8BC9CEB8-8B4A-11D0-8D11-00A0C91BC942}") = "CFLite", "src\opencflite\windows\CFLiteLib_vs2005.vcproj", "{EC99198F-4CDD-4D85-AE6F-F837FF6CC372}"
	ProjectSection(ProjectDependencies) = postProject
		{E38C1996-8B3D-4050-A4B2-DC85957B047D} = {E38C1996-8B3D-4050-A4B2-DC85957B047D}
		{B3408263-0CF1-47BE-83CC-56070EFC9BC1} = {B3408263-0CF1-47BE-83CC-56070EFC9BC1}
		{73C0A65B-D1F2-4DE1-B3A6-15DAD2C23F3D} = {73C0A65B-D1F2-4DE1-B3A6-15DAD2C23F3D}
		{1C577933-7FC6-477F-9971-FB9405875D17} = {1C577933-7FC6-477F-9971-FB9405875D17}
		{D9DF7F2F-93B7-4810-B5CD-96F4F33C079B} = {D9DF7F2F-93B7-4810-B5CD-96F4F33C079B}
		{0178B127-6269-407D-B112-93877BB62776} = {0178B127-6269-407D-B112-93877BB62776}
	EndProjectSection
EndProject
Project("{2150E333-8FDC-42A3-9474-1A3956D46DE8}") = "icu", "icu", "{3BA42125-9F4B-4223-AFC0-F66017BA65DE}"
EndProject
Project("{8BC9CEB8-8B4A-11D0-8D11-00A0C91BC942}") = "i18n", "src\icu\source\i18n\i18n_vc8.vcproj", "{0178B127-6269-407D-B112-93877BB62776}"
	ProjectSection(ProjectDependencies) = postProject
		{73C0A65B-D1F2-4DE1-B3A6-15DAD2C23F3D} = {73C0A65B-D1F2-4DE1-B3A6-15DAD2C23F3D}
	EndProjectSection
EndProject
Project("{8BC9CEB8-8B4A-11D0-8D11-00A0C91BC942}") = "common", "src\icu\source\common\common_vc8.vcproj", "{73C0A65B-D1F2-4DE1-B3A6-15DAD2C23F3D}"
	ProjectSection(ProjectDependencies) = postProject
		{203EC78A-0531-43F0-A636-285439BDE025} = {203EC78A-0531-43F0-A636-285439BDE025}
	EndProjectSection
EndProject
Project("{8BC9CEB8-8B4A-11D0-8D11-00A0C91BC942}") = "makedata", "src\icu\source\data\makedata_vc8.vcproj", "{D9DF7F2F-93B7-4810-B5CD-96F4F33C079B}"
	ProjectSection(ProjectDependencies) = postProject
		{4C8454FE-81D3-4CA3-9927-29BA96F03DAC} = {4C8454FE-81D3-4CA3-9927-29BA96F03DAC}
		{9D4211F7-2C77-439C-82F0-30A4E43BA569} = {9D4211F7-2C77-439C-82F0-30A4E43BA569}
		{FDD3C4F2-9805-44EB-9A77-BC1C1C95B547} = {FDD3C4F2-9805-44EB-9A77-BC1C1C95B547}
		{D3065ADB-8820-4CC7-9B6C-9510833961A3} = {D3065ADB-8820-4CC7-9B6C-9510833961A3}
		{631C23CE-6C1D-4875-88F0-85E0A42B36EA} = {631C23CE-6C1D-4875-88F0-85E0A42B36EA}
		{3D1246AE-1B32-479B-BECA-AEFA97BE2321} = {3D1246AE-1B32-479B-BECA-AEFA97BE2321}
		{A8D36F8D-09E6-4174-91C3-7BEAA9C3F04F} = {A8D36F8D-09E6-4174-91C3-7BEAA9C3F04F}
		{DBA4088D-F6F9-4F8F-8820-082A4765C16C} = {DBA4088D-F6F9-4F8F-8820-082A4765C16C}
		{203EC78A-0531-43F0-A636-285439BDE025} = {203EC78A-0531-43F0-A636-285439BDE025}
		{67351485-4D18-4245-BE39-A7EF0675ACD2} = {67351485-4D18-4245-BE39-A7EF0675ACD2}
		{E4993E82-D68A-46CA-BAE0-9D35E172E46F} = {E4993E82-D68A-46CA-BAE0-9D35E172E46F}
		{37FC2C7F-1904-4811-8955-2F478830EAD1} = {37FC2C7F-1904-4811-8955-2F478830EAD1}
		{77C78066-746F-4EA6-B3FE-B8C8A4A97891} = {77C78066-746F-4EA6-B3FE-B8C8A4A97891}
		{73632960-B3A6-464D-83A3-4B43365F19B8} = {73632960-B3A6-464D-83A3-4B43365F19B8}
		{62D4B15D-7A90-4ECB-BA19-5E021D6A21BC} = {62D4B15D-7A90-4ECB-BA19-5E021D6A21BC}
		{73C0A65B-D1F2-4DE1-B3A6-15DAD2C23F3D} = {73C0A65B-D1F2-4DE1-B3A6-15DAD2C23F3D}
		{2B312A49-12A9-4E07-9E96-453DC2D8FF61} = {2B312A49-12A9-4E07-9E96-453DC2D8FF61}
		{F5AD9738-1A3D-4906-B9C4-A7D9CE33DC2C} = {F5AD9738-1A3D-4906-B9C4-A7D9CE33DC2C}
		{ECA6B435-B4FA-4F9F-BF95-F451D078FC47} = {ECA6B435-B4FA-4F9F-BF95-F451D078FC47}
		{6B231032-3CB5-4EED-9210-810D666A23A0} = {6B231032-3CB5-4EED-9210-810D666A23A0}
		{8B41752B-5A52-41E4-B7E0-07921C0CC6BF} = {8B41752B-5A52-41E4-B7E0-07921C0CC6BF}
		{C920062A-0647-4553-A3B2-37C58065664B} = {C920062A-0647-4553-A3B2-37C58065664B}
		{0178B127-6269-407D-B112-93877BB62776} = {0178B127-6269-407D-B112-93877BB62776}
		{C2B04507-2521-4801-BF0D-5FD79D6D518C} = {C2B04507-2521-4801-BF0D-5FD79D6D518C}
		{97521D06-EC47-45D4-8BD0-9E16B3F93B2A} = {97521D06-EC47-45D4-8BD0-9E16B3F93B2A}
		{F5223103-67BE-46E6-B4CC-2570B6837D86} = {F5223103-67BE-46E6-B4CC-2570B6837D86}
		{C2BE5000-7501-4E87-9724-B8D82494FAE6} = {C2BE5000-7501-4E87-9724-B8D82494FAE6}
	EndProjectSection
EndProject
Project("{8BC9CEB8-8B4A-11D0-8D11-00A0C91BC942}") = "uconv", "src\icu\source\extra\uconv\uconv_vc8.vcproj", "{DBA4088D-F6F9-4F8F-8820-082A4765C16C}"
	ProjectSection(ProjectDependencies) = postProject
		{4C8454FE-81D3-4CA3-9927-29BA96F03DAC} = {4C8454FE-81D3-4CA3-9927-29BA96F03DAC}
		{73C0A65B-D1F2-4DE1-B3A6-15DAD2C23F3D} = {73C0A65B-D1F2-4DE1-B3A6-15DAD2C23F3D}
		{0178B127-6269-407D-B112-93877BB62776} = {0178B127-6269-407D-B112-93877BB62776}
		{97521D06-EC47-45D4-8BD0-9E16B3F93B2A} = {97521D06-EC47-45D4-8BD0-9E16B3F93B2A}
	EndProjectSection
EndProject
Project("{8BC9CEB8-8B4A-11D0-8D11-00A0C91BC942}") = "io", "src\icu\source\io\io_vc8.vcproj", "{C2B04507-2521-4801-BF0D-5FD79D6D518C}"
	ProjectSection(ProjectDependencies) = postProject
		{73C0A65B-D1F2-4DE1-B3A6-15DAD2C23F3D} = {73C0A65B-D1F2-4DE1-B3A6-15DAD2C23F3D}
		{0178B127-6269-407D-B112-93877BB62776} = {0178B127-6269-407D-B112-93877BB62776}
	EndProjectSection
EndProject
Project("{8BC9CEB8-8B4A-11D0-8D11-00A0C91BC942}") = "layout", "src\icu\source\layout\layout_vc8.vcproj", "{C920062A-0647-4553-A3B2-37C58065664B}"
	ProjectSection(ProjectDependencies) = postProject
		{73C0A65B-D1F2-4DE1-B3A6-15DAD2C23F3D} = {73C0A65B-D1F2-4DE1-B3A6-15DAD2C23F3D}
	EndProjectSection
EndProject
Project("{8BC9CEB8-8B4A-11D0-8D11-00A0C91BC942}") = "layoutex", "src\icu\source\layoutex\layoutex_vc8.vcproj", "{37FC2C7F-1904-4811-8955-2F478830EAD1}"
	ProjectSection(ProjectDependencies) = postProject
		{73C0A65B-D1F2-4DE1-B3A6-15DAD2C23F3D} = {73C0A65B-D1F2-4DE1-B3A6-15DAD2C23F3D}
		{C920062A-0647-4553-A3B2-37C58065664B} = {C920062A-0647-4553-A3B2-37C58065664B}
	EndProjectSection
EndProject
Project("{8BC9CEB8-8B4A-11D0-8D11-00A0C91BC942}") = "cal", "src\icu\source\samples\cal\cal_vc8.vcproj", "{F7659D77-09CF-4FE9-ACEE-927287AA9509}"
	ProjectSection(ProjectDependencies) = postProject
		{203EC78A-0531-43F0-A636-285439BDE025} = {203EC78A-0531-43F0-A636-285439BDE025}
		{73C0A65B-D1F2-4DE1-B3A6-15DAD2C23F3D} = {73C0A65B-D1F2-4DE1-B3A6-15DAD2C23F3D}
		{0178B127-6269-407D-B112-93877BB62776} = {0178B127-6269-407D-B112-93877BB62776}
		{C2B04507-2521-4801-BF0D-5FD79D6D518C} = {C2B04507-2521-4801-BF0D-5FD79D6D518C}
	EndProjectSection
EndProject
Project("{8BC9CEB8-8B4A-11D0-8D11-00A0C91BC942}") = "date", "src\icu\source\samples\date\date_vc8.vcproj", "{38B5751A-C6F9-4409-950C-F4F9DA17275F}"
	ProjectSection(ProjectDependencies) = postProject
		{73C0A65B-D1F2-4DE1-B3A6-15DAD2C23F3D} = {73C0A65B-D1F2-4DE1-B3A6-15DAD2C23F3D}
		{0178B127-6269-407D-B112-93877BB62776} = {0178B127-6269-407D-B112-93877BB62776}
	EndProjectSection
EndProject
Project("{8BC9CEB8-8B4A-11D0-8D11-00A0C91BC942}") = "stubdata", "src\icu\source\stubdata\stubdata_vc8.vcproj", "{203EC78A-0531-43F0-A636-285439BDE025}"
EndProject
Project("{8BC9CEB8-8B4A-11D0-8D11-00A0C91BC942}") = "cintltst", "src\icu\source\test\cintltst\cintltst_vc8.vcproj", "{3D1246AE-1B32-479B-BECA-AEFA97BE2321}"
	ProjectSection(ProjectDependencies) = postProject
		{203EC78A-0531-43F0-A636-285439BDE025} = {203EC78A-0531-43F0-A636-285439BDE025}
		{73C0A65B-D1F2-4DE1-B3A6-15DAD2C23F3D} = {73C0A65B-D1F2-4DE1-B3A6-15DAD2C23F3D}
		{ECA6B435-B4FA-4F9F-BF95-F451D078FC47} = {ECA6B435-B4FA-4F9F-BF95-F451D078FC47}
		{6B231032-3CB5-4EED-9210-810D666A23A0} = {6B231032-3CB5-4EED-9210-810D666A23A0}
		{0178B127-6269-407D-B112-93877BB62776} = {0178B127-6269-407D-B112-93877BB62776}
		{C2B04507-2521-4801-BF0D-5FD79D6D518C} = {C2B04507-2521-4801-BF0D-5FD79D6D518C}
	EndProjectSection
EndProject
Project("{8BC9CEB8-8B4A-11D0-8D11-00A0C91BC942}") = "intltest", "src\icu\source\test\intltest\intltest_vc8.vcproj", "{73632960-B3A6-464D-83A3-4B43365F19B8}"
	ProjectSection(ProjectDependencies) = postProject
		{73C0A65B-D1F2-4DE1-B3A6-15DAD2C23F3D} = {73C0A65B-D1F2-4DE1-B3A6-15DAD2C23F3D}
		{ECA6B435-B4FA-4F9F-BF95-F451D078FC47} = {ECA6B435-B4FA-4F9F-BF95-F451D078FC47}
		{6B231032-3CB5-4EED-9210-810D666A23A0} = {6B231032-3CB5-4EED-9210-810D666A23A0}
		{0178B127-6269-407D-B112-93877BB62776} = {0178B127-6269-407D-B112-93877BB62776}
	EndProjectSection
EndProject
Project("{8BC9CEB8-8B4A-11D0-8D11-00A0C91BC942}") = "iotest", "src\icu\source\test\iotest\iotest_vc8.vcproj", "{E4993E82-D68A-46CA-BAE0-9D35E172E46F}"
	ProjectSection(ProjectDependencies) = postProject
		{73C0A65B-D1F2-4DE1-B3A6-15DAD2C23F3D} = {73C0A65B-D1F2-4DE1-B3A6-15DAD2C23F3D}
		{ECA6B435-B4FA-4F9F-BF95-F451D078FC47} = {ECA6B435-B4FA-4F9F-BF95-F451D078FC47}
		{6B231032-3CB5-4EED-9210-810D666A23A0} = {6B231032-3CB5-4EED-9210-810D666A23A0}
		{0178B127-6269-407D-B112-93877BB62776} = {0178B127-6269-407D-B112-93877BB62776}
		{C2B04507-2521-4801-BF0D-5FD79D6D518C} = {C2B04507-2521-4801-BF0D-5FD79D6D518C}
	EndProjectSection
EndProject
Project("{8BC9CEB8-8B4A-11D0-8D11-00A0C91BC942}") = "letest", "src\icu\source\test\letest\letest_vc8.vcproj", "{67351485-4D18-4245-BE39-A7EF0675ACD2}"
	ProjectSection(ProjectDependencies) = postProject
		{37FC2C7F-1904-4811-8955-2F478830EAD1} = {37FC2C7F-1904-4811-8955-2F478830EAD1}
		{73C0A65B-D1F2-4DE1-B3A6-15DAD2C23F3D} = {73C0A65B-D1F2-4DE1-B3A6-15DAD2C23F3D}
		{ECA6B435-B4FA-4F9F-BF95-F451D078FC47} = {ECA6B435-B4FA-4F9F-BF95-F451D078FC47}
		{6B231032-3CB5-4EED-9210-810D666A23A0} = {6B231032-3CB5-4EED-9210-810D666A23A0}
		{C920062A-0647-4553-A3B2-37C58065664B} = {C920062A-0647-4553-A3B2-37C58065664B}
		{0178B127-6269-407D-B112-93877BB62776} = {0178B127-6269-407D-B112-93877BB62776}
	EndProjectSection
EndProject
Project("{8BC9CEB8-8B4A-11D0-8D11-00A0C91BC942}") = "ctestfw", "src\icu\source\tools\ctestfw\ctestfw_vc8.vcproj", "{ECA6B435-B4FA-4F9F-BF95-F451D078FC47}"
	ProjectSection(ProjectDependencies) = postProject
		{203EC78A-0531-43F0-A636-285439BDE025} = {203EC78A-0531-43F0-A636-285439BDE025}
		{73C0A65B-D1F2-4DE1-B3A6-15DAD2C23F3D} = {73C0A65B-D1F2-4DE1-B3A6-15DAD2C23F3D}
		{6B231032-3CB5-4EED-9210-810D666A23A0} = {6B231032-3CB5-4EED-9210-810D666A23A0}
		{0178B127-6269-407D-B112-93877BB62776} = {0178B127-6269-407D-B112-93877BB62776}
	EndProjectSection
EndProject
Project("{8BC9CEB8-8B4A-11D0-8D11-00A0C91BC942}") = "genbrk", "src\icu\source\tools\genbrk\genbrk_vc8.vcproj", "{C2BE5000-7501-4E87-9724-B8D82494FAE6}"
	ProjectSection(ProjectDependencies) = postProject
		{73C0A65B-D1F2-4DE1-B3A6-15DAD2C23F3D} = {73C0A65B-D1F2-4DE1-B3A6-15DAD2C23F3D}
		{6B231032-3CB5-4EED-9210-810D666A23A0} = {6B231032-3CB5-4EED-9210-810D666A23A0}
	EndProjectSection
EndProject
Project("{8BC9CEB8-8B4A-11D0-8D11-00A0C91BC942}") = "genccode", "src\icu\source\tools\genccode\genccode_vc8.vcproj", "{FDD3C4F2-9805-44EB-9A77-BC1C1C95B547}"
	ProjectSection(ProjectDependencies) = postProject
		{73C0A65B-D1F2-4DE1-B3A6-15DAD2C23F3D} = {73C0A65B-D1F2-4DE1-B3A6-15DAD2C23F3D}
		{6B231032-3CB5-4EED-9210-810D666A23A0} = {6B231032-3CB5-4EED-9210-810D666A23A0}
	EndProjectSection
EndProject
Project("{8BC9CEB8-8B4A-11D0-8D11-00A0C91BC942}") = "gencfu", "src\icu\source\tools\gencfu\gencfu_vc8.vcproj", "{2B312A49-12A9-4E07-9E96-453DC2D8FF61}"
	ProjectSection(ProjectDependencies) = postProject
		{73C0A65B-D1F2-4DE1-B3A6-15DAD2C23F3D} = {73C0A65B-D1F2-4DE1-B3A6-15DAD2C23F3D}
		{6B231032-3CB5-4EED-9210-810D666A23A0} = {6B231032-3CB5-4EED-9210-810D666A23A0}
		{0178B127-6269-407D-B112-93877BB62776} = {0178B127-6269-407D-B112-93877BB62776}
	EndProjectSection
EndProject
Project("{8BC9CEB8-8B4A-11D0-8D11-00A0C91BC942}") = "gencmn", "src\icu\source\tools\gencmn\gencmn_vc8.vcproj", "{A8D36F8D-09E6-4174-91C3-7BEAA9C3F04F}"
	ProjectSection(ProjectDependencies) = postProject
		{73C0A65B-D1F2-4DE1-B3A6-15DAD2C23F3D} = {73C0A65B-D1F2-4DE1-B3A6-15DAD2C23F3D}
		{6B231032-3CB5-4EED-9210-810D666A23A0} = {6B231032-3CB5-4EED-9210-810D666A23A0}
		{0178B127-6269-407D-B112-93877BB62776} = {0178B127-6269-407D-B112-93877BB62776}
	EndProjectSection
EndProject
Project("{8BC9CEB8-8B4A-11D0-8D11-00A0C91BC942}") = "gencnval", "src\icu\source\tools\gencnval\gencnval_vc8.vcproj", "{8B41752B-5A52-41E4-B7E0-07921C0CC6BF}"
	ProjectSection(ProjectDependencies) = postProject
		{73C0A65B-D1F2-4DE1-B3A6-15DAD2C23F3D} = {73C0A65B-D1F2-4DE1-B3A6-15DAD2C23F3D}
		{6B231032-3CB5-4EED-9210-810D666A23A0} = {6B231032-3CB5-4EED-9210-810D666A23A0}
		{0178B127-6269-407D-B112-93877BB62776} = {0178B127-6269-407D-B112-93877BB62776}
	EndProjectSection
EndProject
Project("{8BC9CEB8-8B4A-11D0-8D11-00A0C91BC942}") = "genctd", "src\icu\source\tools\genctd\genctd_vc8.vcproj", "{9D4211F7-2C77-439C-82F0-30A4E43BA569}"
	ProjectSection(ProjectDependencies) = postProject
		{73C0A65B-D1F2-4DE1-B3A6-15DAD2C23F3D} = {73C0A65B-D1F2-4DE1-B3A6-15DAD2C23F3D}
		{6B231032-3CB5-4EED-9210-810D666A23A0} = {6B231032-3CB5-4EED-9210-810D666A23A0}
	EndProjectSection
EndProject
Project("{8BC9CEB8-8B4A-11D0-8D11-00A0C91BC942}") = "gennorm2", "src\icu\source\tools\gennorm2\gennorm_vc8.vcproj", "{F5223103-67BE-46E6-B4CC-2570B6837D86}"
	ProjectSection(ProjectDependencies) = postProject
		{73C0A65B-D1F2-4DE1-B3A6-15DAD2C23F3D} = {73C0A65B-D1F2-4DE1-B3A6-15DAD2C23F3D}
		{6B231032-3CB5-4EED-9210-810D666A23A0} = {6B231032-3CB5-4EED-9210-810D666A23A0}
	EndProjectSection
EndProject
Project("{8BC9CEB8-8B4A-11D0-8D11-00A0C91BC942}") = "genrb", "src\icu\source\tools\genrb\genrb_vc8.vcproj", "{97521D06-EC47-45D4-8BD0-9E16B3F93B2A}"
	ProjectSection(ProjectDependencies) = postProject
		{203EC78A-0531-43F0-A636-285439BDE025} = {203EC78A-0531-43F0-A636-285439BDE025}
		{73C0A65B-D1F2-4DE1-B3A6-15DAD2C23F3D} = {73C0A65B-D1F2-4DE1-B3A6-15DAD2C23F3D}
		{6B231032-3CB5-4EED-9210-810D666A23A0} = {6B231032-3CB5-4EED-9210-810D666A23A0}
		{0178B127-6269-407D-B112-93877BB62776} = {0178B127-6269-407D-B112-93877BB62776}
	EndProjectSection
EndProject
Project("{8BC9CEB8-8B4A-11D0-8D11-00A0C91BC942}") = "derb", "src\icu\source\tools\genrb\derb_vc8.vcproj", "{D3065ADB-8820-4CC7-9B6C-9510833961A3}"
	ProjectSection(ProjectDependencies) = postProject
		{203EC78A-0531-43F0-A636-285439BDE025} = {203EC78A-0531-43F0-A636-285439BDE025}
		{73C0A65B-D1F2-4DE1-B3A6-15DAD2C23F3D} = {73C0A65B-D1F2-4DE1-B3A6-15DAD2C23F3D}
		{6B231032-3CB5-4EED-9210-810D666A23A0} = {6B231032-3CB5-4EED-9210-810D666A23A0}
		{0178B127-6269-407D-B112-93877BB62776} = {0178B127-6269-407D-B112-93877BB62776}
	EndProjectSection
EndProject
Project("{8BC9CEB8-8B4A-11D0-8D11-00A0C91BC942}") = "gensprep", "src\icu\source\tools\gensprep\gensprep_vc8.vcproj", "{631C23CE-6C1D-4875-88F0-85E0A42B36EA}"
	ProjectSection(ProjectDependencies) = postProject
		{203EC78A-0531-43F0-A636-285439BDE025} = {203EC78A-0531-43F0-A636-285439BDE025}
		{73C0A65B-D1F2-4DE1-B3A6-15DAD2C23F3D} = {73C0A65B-D1F2-4DE1-B3A6-15DAD2C23F3D}
		{6B231032-3CB5-4EED-9210-810D666A23A0} = {6B231032-3CB5-4EED-9210-810D666A23A0}
		{0178B127-6269-407D-B112-93877BB62776} = {0178B127-6269-407D-B112-93877BB62776}
	EndProjectSection
EndProject
Project("{8BC9CEB8-8B4A-11D0-8D11-00A0C91BC942}") = "gentest", "src\icu\source\tools\gentest\gentest_vc8.vcproj", "{77C78066-746F-4EA6-B3FE-B8C8A4A97891}"
	ProjectSection(ProjectDependencies) = postProject
		{203EC78A-0531-43F0-A636-285439BDE025} = {203EC78A-0531-43F0-A636-285439BDE025}
		{73C0A65B-D1F2-4DE1-B3A6-15DAD2C23F3D} = {73C0A65B-D1F2-4DE1-B3A6-15DAD2C23F3D}
		{ECA6B435-B4FA-4F9F-BF95-F451D078FC47} = {ECA6B435-B4FA-4F9F-BF95-F451D078FC47}
		{6B231032-3CB5-4EED-9210-810D666A23A0} = {6B231032-3CB5-4EED-9210-810D666A23A0}
		{0178B127-6269-407D-B112-93877BB62776} = {0178B127-6269-407D-B112-93877BB62776}
		{97521D06-EC47-45D4-8BD0-9E16B3F93B2A} = {97521D06-EC47-45D4-8BD0-9E16B3F93B2A}
	EndProjectSection
EndProject
Project("{8BC9CEB8-8B4A-11D0-8D11-00A0C91BC942}") = "icuinfo", "src\icu\source\tools\icuinfo\icuinfo_vc8.vcproj", "{2B313A49-13A9-5E07-9E96-453DC2D8FF61}"
	ProjectSection(ProjectDependencies) = postProject
		{73C0A65B-D1F2-4DE1-B3A6-15DAD2C23F3D} = {73C0A65B-D1F2-4DE1-B3A6-15DAD2C23F3D}
		{ECA6B435-B4FA-4F9F-BF95-F451D078FC47} = {ECA6B435-B4FA-4F9F-BF95-F451D078FC47}
		{6B231032-3CB5-4EED-9210-810D666A23A0} = {6B231032-3CB5-4EED-9210-810D666A23A0}
		{0178B127-6269-407D-B112-93877BB62776} = {0178B127-6269-407D-B112-93877BB62776}
	EndProjectSection
EndProject
Project("{8BC9CEB8-8B4A-11D0-8D11-00A0C91BC942}") = "testplug", "src\icu\source\tools\icuinfo\testplug_vc8.vcproj", "{3B314A49-02A9-5E07-9E96-453DC2D8FF62}"
	ProjectSection(ProjectDependencies) = postProject
		{73C0A65B-D1F2-4DE1-B3A6-15DAD2C23F3D} = {73C0A65B-D1F2-4DE1-B3A6-15DAD2C23F3D}
		{6B231032-3CB5-4EED-9210-810D666A23A0} = {6B231032-3CB5-4EED-9210-810D666A23A0}
	EndProjectSection
EndProject
Project("{8BC9CEB8-8B4A-11D0-8D11-00A0C91BC942}") = "icupkg", "src\icu\source\tools\icupkg\icupkg_vc8.vcproj", "{62D4B15D-7A90-4ECB-BA19-5E021D6A21BC}"
	ProjectSection(ProjectDependencies) = postProject
		{73C0A65B-D1F2-4DE1-B3A6-15DAD2C23F3D} = {73C0A65B-D1F2-4DE1-B3A6-15DAD2C23F3D}
		{6B231032-3CB5-4EED-9210-810D666A23A0} = {6B231032-3CB5-4EED-9210-810D666A23A0}
	EndProjectSection
EndProject
Project("{8BC9CEB8-8B4A-11D0-8D11-00A0C91BC942}") = "makeconv", "src\icu\source\tools\makeconv\makeconv_vc8.vcproj", "{F5AD9738-1A3D-4906-B9C4-A7D9CE33DC2C}"
	ProjectSection(ProjectDependencies) = postProject
		{73C0A65B-D1F2-4DE1-B3A6-15DAD2C23F3D} = {73C0A65B-D1F2-4DE1-B3A6-15DAD2C23F3D}
		{6B231032-3CB5-4EED-9210-810D666A23A0} = {6B231032-3CB5-4EED-9210-810D666A23A0}
	EndProjectSection
EndProject
Project("{8BC9CEB8-8B4A-11D0-8D11-00A0C91BC942}") = "pkgdata", "src\icu\source\tools\pkgdata\pkgdata_vc8.vcproj", "{4C8454FE-81D3-4CA3-9927-29BA96F03DAC}"
	ProjectSection(ProjectDependencies) = postProject
		{FDD3C4F2-9805-44EB-9A77-BC1C1C95B547} = {FDD3C4F2-9805-44EB-9A77-BC1C1C95B547}
		{A8D36F8D-09E6-4174-91C3-7BEAA9C3F04F} = {A8D36F8D-09E6-4174-91C3-7BEAA9C3F04F}
		{62D4B15D-7A90-4ECB-BA19-5E021D6A21BC} = {62D4B15D-7A90-4ECB-BA19-5E021D6A21BC}
		{73C0A65B-D1F2-4DE1-B3A6-15DAD2C23F3D} = {73C0A65B-D1F2-4DE1-B3A6-15DAD2C23F3D}
		{6B231032-3CB5-4EED-9210-810D666A23A0} = {6B231032-3CB5-4EED-9210-810D666A23A0}
	EndProjectSection
EndProject
Project("{8BC9CEB8-8B4A-11D0-8D11-00A0C91BC942}") = "toolutil", "src\icu\source\tools\toolutil\toolutil_vc8.vcproj", "{6B231032-3CB5-4EED-9210-810D666A23A0}"
	ProjectSection(ProjectDependencies) = postProject
		{73C0A65B-D1F2-4DE1-B3A6-15DAD2C23F3D} = {73C0A65B-D1F2-4DE1-B3A6-15DAD2C23F3D}
		{0178B127-6269-407D-B112-93877BB62776} = {0178B127-6269-407D-B112-93877BB62776}
	EndProjectSection
EndProject
Project("{2150E333-8FDC-42A3-9474-1A3956D46DE8}") = "SQLite_f", "SQLite_f", "{F8F3629D-8B3C-4741-B909-2B9581ECDB01}"
EndProject
Project("{8BC9CEB8-8B4A-11D0-8D11-00A0C91BC942}") = "SQLite3", "src\sqlite\sqlite_vc2005\sqlite.vcproj", "{0637EB24-7B2D-4B4A-9D95-7C72E7B48D5C}"
EndProject
Project("{8BC9CEB8-8B4A-11D0-8D11-00A0C91BC942}") = "sqlite_console", "src\sqlite\sqlite_vc2005\sqlite_console.vcproj", "{85EB94D7-1923-443D-8331-D2A847C174A7}"
	ProjectSection(ProjectDependencies) = postProject
		{0637EB24-7B2D-4B4A-9D95-7C72E7B48D5C} = {0637EB24-7B2D-4B4A-9D95-7C72E7B48D5C}
	EndProjectSection
EndProject
Project("{2150E333-8FDC-42A3-9474-1A3956D46DE8}") = "openssl", "openssl", "{98E386B7-770E-4634-93F1-0EDF4149BD15}"
EndProject
Project("{8BC9CEB8-8B4A-11D0-8D11-00A0C91BC942}") = "libeay32", "src\openssl\openssl\libeay32_vc8.vcproj", "{D047F15D-E4B7-4E92-8F1C-1979A1CCF4A6}"
	ProjectSection(ProjectDependencies) = postProject
		{8FD826F8-3739-44E6-8CC8-997122E53B8D} = {8FD826F8-3739-44E6-8CC8-997122E53B8D}
	EndProjectSection
EndProject
Project("{8BC9CEB8-8B4A-11D0-8D11-00A0C91BC942}") = "ssleay32", "src\openssl\openssl\ssleay32_vc8.vcproj", "{E13D6F01-5328-48C8-AD16-0C23D887B4D9}"
	ProjectSection(ProjectDependencies) = postProject
		{8FD826F8-3739-44E6-8CC8-997122E53B8D} = {8FD826F8-3739-44E6-8CC8-997122E53B8D}
		{D047F15D-E4B7-4E92-8F1C-1979A1CCF4A6} = {D047F15D-E4B7-4E92-8F1C-1979A1CCF4A6}
	EndProjectSection
EndProject
Project("{8BC9CEB8-8B4A-11D0-8D11-00A0C91BC942}") = "openssl_exe", "src\openssl\openssl\openssl_exe_vc8.vcproj", "{F0C72AD8-697F-4614-A422-B61F2897AECC}"
	ProjectSection(ProjectDependencies) = postProject
		{8FD826F8-3739-44E6-8CC8-997122E53B8D} = {8FD826F8-3739-44E6-8CC8-997122E53B8D}
		{D047F15D-E4B7-4E92-8F1C-1979A1CCF4A6} = {D047F15D-E4B7-4E92-8F1C-1979A1CCF4A6}
		{E13D6F01-5328-48C8-AD16-0C23D887B4D9} = {E13D6F01-5328-48C8-AD16-0C23D887B4D9}
	EndProjectSection
EndProject
Project("{2150E333-8FDC-42A3-9474-1A3956D46DE8}") = "cURL", "cURL", "{834389C1-1760-478A-81AF-E64433AA7079}"
EndProject
Project("{8BC9CEB8-8B4A-11D0-8D11-00A0C91BC942}") = "libcurl", "src\curl\lib\libcurl_vc8.vcproj", "{87EE9DA4-DE1E-4448-8324-183C98DCA588}"
	ProjectSection(ProjectDependencies) = postProject
		{8FD826F8-3739-44E6-8CC8-997122E53B8D} = {8FD826F8-3739-44E6-8CC8-997122E53B8D}
		{D047F15D-E4B7-4E92-8F1C-1979A1CCF4A6} = {D047F15D-E4B7-4E92-8F1C-1979A1CCF4A6}
		{E13D6F01-5328-48C8-AD16-0C23D887B4D9} = {E13D6F01-5328-48C8-AD16-0C23D887B4D9}
	EndProjectSection
EndProject
Project("{8BC9CEB8-8B4A-11D0-8D11-00A0C91BC942}") = "curl", "src\curl\src\curl\curl_vc8.vcproj", "{3BF9FC5F-3110-40C3-9E8D-D305AB3E74CD}"
	ProjectSection(ProjectDependencies) = postProject
		{87EE9DA4-DE1E-4448-8324-183C98DCA588} = {87EE9DA4-DE1E-4448-8324-183C98DCA588}
		{D047F15D-E4B7-4E92-8F1C-1979A1CCF4A6} = {D047F15D-E4B7-4E92-8F1C-1979A1CCF4A6}
		{E13D6F01-5328-48C8-AD16-0C23D887B4D9} = {E13D6F01-5328-48C8-AD16-0C23D887B4D9}
	EndProjectSection
EndProject
Project("{8BC9CEB8-8B4A-11D0-8D11-00A0C91BC942}") = "make_distribution", "src\make_distribution_vc8.vcproj", "{3A83CC54-99F7-4A59-B7F1-E4AC0FE19BE2}"
	ProjectSection(ProjectDependencies) = postProject
		{55A00400-B162-4889-828F-C8148EEEC646} = {55A00400-B162-4889-828F-C8148EEEC646}
		{E13D6F01-5328-48C8-AD16-0C23D887B4D9} = {E13D6F01-5328-48C8-AD16-0C23D887B4D9}
		{4B33A30D-1362-4FA2-88A3-EE33A4B6CA2E} = {4B33A30D-1362-4FA2-88A3-EE33A4B6CA2E}
		{0008960E-E0DD-41A6-8265-00B31DDB4C21} = {0008960E-E0DD-41A6-8265-00B31DDB4C21}
		{3B2D761F-E376-4C37-9BB0-E36386900B64} = {3B2D761F-E376-4C37-9BB0-E36386900B64}
		{0637EB24-7B2D-4B4A-9D95-7C72E7B48D5C} = {0637EB24-7B2D-4B4A-9D95-7C72E7B48D5C}
		{7E2AD725-4BDA-4B90-8AB9-9289624B4443} = {7E2AD725-4BDA-4B90-8AB9-9289624B4443}
		{0178B127-6269-407D-B112-93877BB62776} = {0178B127-6269-407D-B112-93877BB62776}
		{D9DF7F2F-93B7-4810-B5CD-96F4F33C079B} = {D9DF7F2F-93B7-4810-B5CD-96F4F33C079B}
		{1C577933-7FC6-477F-9971-FB9405875D17} = {1C577933-7FC6-477F-9971-FB9405875D17}
		{A02A055B-7676-4A0F-A81E-573030C69571} = {A02A055B-7676-4A0F-A81E-573030C69571}
		{73C0A65B-D1F2-4DE1-B3A6-15DAD2C23F3D} = {73C0A65B-D1F2-4DE1-B3A6-15DAD2C23F3D}
		{93EFA45D-AA0C-4023-93B6-BF4073AF9E3B} = {93EFA45D-AA0C-4023-93B6-BF4073AF9E3B}
		{D047F15D-E4B7-4E92-8F1C-1979A1CCF4A6} = {D047F15D-E4B7-4E92-8F1C-1979A1CCF4A6}
		{3BF9FC5F-3110-40C3-9E8D-D305AB3E74CD} = {3BF9FC5F-3110-40C3-9E8D-D305AB3E74CD}
		{B3408263-0CF1-47BE-83CC-56070EFC9BC1} = {B3408263-0CF1-47BE-83CC-56070EFC9BC1}
		{FE93D67B-FBB2-454C-9BEF-53A7E6540A61} = {FE93D67B-FBB2-454C-9BEF-53A7E6540A61}
		{EC99198F-4CDD-4D85-AE6F-F837FF6CC372} = {EC99198F-4CDD-4D85-AE6F-F837FF6CC372}
		{E38C1996-8B3D-4050-A4B2-DC85957B047D} = {E38C1996-8B3D-4050-A4B2-DC85957B047D}
		{65C68796-8922-43F8-9CED-5B5D37AF9CF5} = {65C68796-8922-43F8-9CED-5B5D37AF9CF5}
		{DADB35A2-984E-410F-8A1F-B99E84AEAF60} = {DADB35A2-984E-410F-8A1F-B99E84AEAF60}
		{87EE9DA4-DE1E-4448-8324-183C98DCA588} = {87EE9DA4-DE1E-4448-8324-183C98DCA588}
		{4E98FDA7-54AE-4A8E-847A-8665DEF6BBE1} = {4E98FDA7-54AE-4A8E-847A-8665DEF6BBE1}
		{F0C72AD8-697F-4614-A422-B61F2897AECC} = {F0C72AD8-697F-4614-A422-B61F2897AECC}
		{E61592E1-28F4-4AFC-9EE1-9BE833A061C1} = {E61592E1-28F4-4AFC-9EE1-9BE833A061C1}
		{ADCAA9EB-0CEA-4AB3-9623-FDE798B76B72} = {ADCAA9EB-0CEA-4AB3-9623-FDE798B76B72}
		{8FD826F8-3739-44E6-8CC8-997122E53B8D} = {8FD826F8-3739-44E6-8CC8-997122E53B8D}
	EndProjectSection
EndProject
Project("{8BC9CEB8-8B4A-11D0-8D11-00A0C91BC942}") = "cairotest", "src\cairo\cairo\test\cairotest\cairotest.vcproj", "{26D6EE2E-F4C5-4075-B748-CD801791FB22}"
	ProjectSection(ProjectDependencies) = postProject
		{A02A055B-7676-4A0F-A81E-573030C69571} = {A02A055B-7676-4A0F-A81E-573030C69571}
	EndProjectSection
EndProject
Global
	GlobalSection(SolutionConfigurationPlatforms) = preSolution
		Debug|Win32 = Debug|Win32
		Release|Win32 = Release|Win32
	EndGlobalSection
	GlobalSection(ProjectConfigurationPlatforms) = postSolution
		{A02A055B-7676-4A0F-A81E-573030C69571}.Debug|Win32.ActiveCfg = Debug|Win32
		{A02A055B-7676-4A0F-A81E-573030C69571}.Debug|Win32.Build.0 = Debug|Win32
		{A02A055B-7676-4A0F-A81E-573030C69571}.Release|Win32.ActiveCfg = Release|Win32
		{A02A055B-7676-4A0F-A81E-573030C69571}.Release|Win32.Build.0 = Release|Win32
		{E61592E1-28F4-4AFC-9EE1-9BE833A061C1}.Debug|Win32.ActiveCfg = Release|Win32
		{E61592E1-28F4-4AFC-9EE1-9BE833A061C1}.Debug|Win32.Build.0 = Release|Win32
		{E61592E1-28F4-4AFC-9EE1-9BE833A061C1}.Release|Win32.ActiveCfg = Release|Win32
		{E61592E1-28F4-4AFC-9EE1-9BE833A061C1}.Release|Win32.Build.0 = Release|Win32
		{F7D5E865-5D85-4F42-B59E-6ACF60BFE791}.Debug|Win32.ActiveCfg = Debug|Win32
		{F7D5E865-5D85-4F42-B59E-6ACF60BFE791}.Debug|Win32.Build.0 = Debug|Win32
		{F7D5E865-5D85-4F42-B59E-6ACF60BFE791}.Release|Win32.ActiveCfg = Release|Win32
		{F7D5E865-5D85-4F42-B59E-6ACF60BFE791}.Release|Win32.Build.0 = Release|Win32
		{8FD826F8-3739-44E6-8CC8-997122E53B8D}.Debug|Win32.ActiveCfg = Debug|Win32
		{8FD826F8-3739-44E6-8CC8-997122E53B8D}.Debug|Win32.Build.0 = Debug|Win32
		{8FD826F8-3739-44E6-8CC8-997122E53B8D}.Release|Win32.ActiveCfg = Release|Win32
		{8FD826F8-3739-44E6-8CC8-997122E53B8D}.Release|Win32.Build.0 = Release|Win32
		{C52F9E7B-498A-42BE-8DB4-85A15694366A}.Debug|Win32.ActiveCfg = Debug|Win32
		{C52F9E7B-498A-42BE-8DB4-85A15694366A}.Debug|Win32.Build.0 = Debug|Win32
		{C52F9E7B-498A-42BE-8DB4-85A15694366A}.Release|Win32.ActiveCfg = Release|Win32
		{C52F9E7B-498A-42BE-8DB4-85A15694366A}.Release|Win32.Build.0 = Release|Win32
		{0008960E-E0DD-41A6-8265-00B31DDB4C21}.Debug|Win32.ActiveCfg = Debug|Win32
		{0008960E-E0DD-41A6-8265-00B31DDB4C21}.Debug|Win32.Build.0 = Debug|Win32
		{0008960E-E0DD-41A6-8265-00B31DDB4C21}.Release|Win32.ActiveCfg = Release|Win32
		{0008960E-E0DD-41A6-8265-00B31DDB4C21}.Release|Win32.Build.0 = Release|Win32
		{4B33A30D-1362-4FA2-88A3-EE33A4B6CA2E}.Debug|Win32.ActiveCfg = Debug|Win32
		{4B33A30D-1362-4FA2-88A3-EE33A4B6CA2E}.Debug|Win32.Build.0 = Debug|Win32
		{4B33A30D-1362-4FA2-88A3-EE33A4B6CA2E}.Release|Win32.ActiveCfg = Release|Win32
		{4B33A30D-1362-4FA2-88A3-EE33A4B6CA2E}.Release|Win32.Build.0 = Release|Win32
		{ADCAA9EB-0CEA-4AB3-9623-FDE798B76B72}.Debug|Win32.ActiveCfg = Debug|Win32
		{ADCAA9EB-0CEA-4AB3-9623-FDE798B76B72}.Debug|Win32.Build.0 = Debug|Win32
		{ADCAA9EB-0CEA-4AB3-9623-FDE798B76B72}.Release|Win32.ActiveCfg = Release|Win32
		{ADCAA9EB-0CEA-4AB3-9623-FDE798B76B72}.Release|Win32.Build.0 = Release|Win32
		{3B2D761F-E376-4C37-9BB0-E36386900B64}.Debug|Win32.ActiveCfg = Debug|Win32
		{3B2D761F-E376-4C37-9BB0-E36386900B64}.Debug|Win32.Build.0 = Debug|Win32
		{3B2D761F-E376-4C37-9BB0-E36386900B64}.Release|Win32.ActiveCfg = Release|Win32
		{3B2D761F-E376-4C37-9BB0-E36386900B64}.Release|Win32.Build.0 = Release|Win32
		{65C68796-8922-43F8-9CED-5B5D37AF9CF5}.Debug|Win32.ActiveCfg = Debug|Win32
		{65C68796-8922-43F8-9CED-5B5D37AF9CF5}.Debug|Win32.Build.0 = Debug|Win32
		{65C68796-8922-43F8-9CED-5B5D37AF9CF5}.Release|Win32.ActiveCfg = Release|Win32
		{65C68796-8922-43F8-9CED-5B5D37AF9CF5}.Release|Win32.Build.0 = Release|Win32
		{1C577933-7FC6-477F-9971-FB9405875D17}.Debug|Win32.ActiveCfg = Debug|Win32
		{1C577933-7FC6-477F-9971-FB9405875D17}.Debug|Win32.Build.0 = Debug|Win32
		{1C577933-7FC6-477F-9971-FB9405875D17}.Release|Win32.ActiveCfg = Release|Win32
		{1C577933-7FC6-477F-9971-FB9405875D17}.Release|Win32.Build.0 = Release|Win32
		{93EFA45D-AA0C-4023-93B6-BF4073AF9E3B}.Debug|Win32.ActiveCfg = Debug|Win32
		{93EFA45D-AA0C-4023-93B6-BF4073AF9E3B}.Debug|Win32.Build.0 = Debug|Win32
		{93EFA45D-AA0C-4023-93B6-BF4073AF9E3B}.Release|Win32.ActiveCfg = Release|Win32
		{93EFA45D-AA0C-4023-93B6-BF4073AF9E3B}.Release|Win32.Build.0 = Release|Win32
		{55A00400-B162-4889-828F-C8148EEEC646}.Debug|Win32.ActiveCfg = Debug|Win32
		{55A00400-B162-4889-828F-C8148EEEC646}.Debug|Win32.Build.0 = Debug|Win32
		{55A00400-B162-4889-828F-C8148EEEC646}.Release|Win32.ActiveCfg = Release|Win32
		{55A00400-B162-4889-828F-C8148EEEC646}.Release|Win32.Build.0 = Release|Win32
		{DADB35A2-984E-410F-8A1F-B99E84AEAF60}.Debug|Win32.ActiveCfg = Debug|Win32
		{DADB35A2-984E-410F-8A1F-B99E84AEAF60}.Debug|Win32.Build.0 = Debug|Win32
		{DADB35A2-984E-410F-8A1F-B99E84AEAF60}.Release|Win32.ActiveCfg = Release|Win32
		{DADB35A2-984E-410F-8A1F-B99E84AEAF60}.Release|Win32.Build.0 = Release|Win32
		{7E2AD725-4BDA-4B90-8AB9-9289624B4443}.Debug|Win32.ActiveCfg = Debug|Win32
		{7E2AD725-4BDA-4B90-8AB9-9289624B4443}.Debug|Win32.Build.0 = Debug|Win32
		{7E2AD725-4BDA-4B90-8AB9-9289624B4443}.Release|Win32.ActiveCfg = Release|Win32
		{7E2AD725-4BDA-4B90-8AB9-9289624B4443}.Release|Win32.Build.0 = Release|Win32
		{FE93D67B-FBB2-454C-9BEF-53A7E6540A61}.Debug|Win32.ActiveCfg = Debug|Win32
		{FE93D67B-FBB2-454C-9BEF-53A7E6540A61}.Debug|Win32.Build.0 = Debug|Win32
		{FE93D67B-FBB2-454C-9BEF-53A7E6540A61}.Release|Win32.ActiveCfg = Release|Win32
		{FE93D67B-FBB2-454C-9BEF-53A7E6540A61}.Release|Win32.Build.0 = Release|Win32
		{E38C1996-8B3D-4050-A4B2-DC85957B047D}.Debug|Win32.ActiveCfg = Debug|Win32
		{E38C1996-8B3D-4050-A4B2-DC85957B047D}.Debug|Win32.Build.0 = Debug|Win32
		{E38C1996-8B3D-4050-A4B2-DC85957B047D}.Release|Win32.ActiveCfg = Release|Win32
		{E38C1996-8B3D-4050-A4B2-DC85957B047D}.Release|Win32.Build.0 = Release|Win32
		{B3408263-0CF1-47BE-83CC-56070EFC9BC1}.Debug|Win32.ActiveCfg = Debug|Win32
		{B3408263-0CF1-47BE-83CC-56070EFC9BC1}.Debug|Win32.Build.0 = Debug|Win32
		{B3408263-0CF1-47BE-83CC-56070EFC9BC1}.Release|Win32.ActiveCfg = Release|Win32
		{B3408263-0CF1-47BE-83CC-56070EFC9BC1}.Release|Win32.Build.0 = Release|Win32
		{4E98FDA7-54AE-4A8E-847A-8665DEF6BBE1}.Debug|Win32.ActiveCfg = Debug|Win32
		{4E98FDA7-54AE-4A8E-847A-8665DEF6BBE1}.Debug|Win32.Build.0 = Debug|Win32
		{4E98FDA7-54AE-4A8E-847A-8665DEF6BBE1}.Release|Win32.ActiveCfg = Release|Win32
		{4E98FDA7-54AE-4A8E-847A-8665DEF6BBE1}.Release|Win32.Build.0 = Release|Win32
		{EC99198F-4CDD-4D85-AE6F-F837FF6CC372}.Debug|Win32.ActiveCfg = Debug|Win32
		{EC99198F-4CDD-4D85-AE6F-F837FF6CC372}.Debug|Win32.Build.0 = Debug|Win32
		{EC99198F-4CDD-4D85-AE6F-F837FF6CC372}.Release|Win32.ActiveCfg = Release|Win32
		{EC99198F-4CDD-4D85-AE6F-F837FF6CC372}.Release|Win32.Build.0 = Release|Win32
		{0178B127-6269-407D-B112-93877BB62776}.Debug|Win32.ActiveCfg = Debug|Win32
		{0178B127-6269-407D-B112-93877BB62776}.Debug|Win32.Build.0 = Debug|Win32
		{0178B127-6269-407D-B112-93877BB62776}.Release|Win32.ActiveCfg = Release|Win32
		{0178B127-6269-407D-B112-93877BB62776}.Release|Win32.Build.0 = Release|Win32
		{73C0A65B-D1F2-4DE1-B3A6-15DAD2C23F3D}.Debug|Win32.ActiveCfg = Debug|Win32
		{73C0A65B-D1F2-4DE1-B3A6-15DAD2C23F3D}.Debug|Win32.Build.0 = Debug|Win32
		{73C0A65B-D1F2-4DE1-B3A6-15DAD2C23F3D}.Release|Win32.ActiveCfg = Release|Win32
		{73C0A65B-D1F2-4DE1-B3A6-15DAD2C23F3D}.Release|Win32.Build.0 = Release|Win32
		{D9DF7F2F-93B7-4810-B5CD-96F4F33C079B}.Debug|Win32.ActiveCfg = Debug|Win32
		{D9DF7F2F-93B7-4810-B5CD-96F4F33C079B}.Debug|Win32.Build.0 = Debug|Win32
		{D9DF7F2F-93B7-4810-B5CD-96F4F33C079B}.Release|Win32.ActiveCfg = Release|Win32
		{D9DF7F2F-93B7-4810-B5CD-96F4F33C079B}.Release|Win32.Build.0 = Release|Win32
		{DBA4088D-F6F9-4F8F-8820-082A4765C16C}.Debug|Win32.ActiveCfg = Debug|Win32
		{DBA4088D-F6F9-4F8F-8820-082A4765C16C}.Debug|Win32.Build.0 = Debug|Win32
		{DBA4088D-F6F9-4F8F-8820-082A4765C16C}.Release|Win32.ActiveCfg = Release|Win32
		{DBA4088D-F6F9-4F8F-8820-082A4765C16C}.Release|Win32.Build.0 = Release|Win32
		{C2B04507-2521-4801-BF0D-5FD79D6D518C}.Debug|Win32.ActiveCfg = Debug|Win32
		{C2B04507-2521-4801-BF0D-5FD79D6D518C}.Debug|Win32.Build.0 = Debug|Win32
		{C2B04507-2521-4801-BF0D-5FD79D6D518C}.Release|Win32.ActiveCfg = Release|Win32
		{C2B04507-2521-4801-BF0D-5FD79D6D518C}.Release|Win32.Build.0 = Release|Win32
		{C920062A-0647-4553-A3B2-37C58065664B}.Debug|Win32.ActiveCfg = Debug|Win32
		{C920062A-0647-4553-A3B2-37C58065664B}.Debug|Win32.Build.0 = Debug|Win32
		{C920062A-0647-4553-A3B2-37C58065664B}.Release|Win32.ActiveCfg = Release|Win32
		{C920062A-0647-4553-A3B2-37C58065664B}.Release|Win32.Build.0 = Release|Win32
		{37FC2C7F-1904-4811-8955-2F478830EAD1}.Debug|Win32.ActiveCfg = Debug|Win32
		{37FC2C7F-1904-4811-8955-2F478830EAD1}.Debug|Win32.Build.0 = Debug|Win32
		{37FC2C7F-1904-4811-8955-2F478830EAD1}.Release|Win32.ActiveCfg = Release|Win32
		{37FC2C7F-1904-4811-8955-2F478830EAD1}.Release|Win32.Build.0 = Release|Win32
		{F7659D77-09CF-4FE9-ACEE-927287AA9509}.Debug|Win32.ActiveCfg = Debug|Win32
		{F7659D77-09CF-4FE9-ACEE-927287AA9509}.Debug|Win32.Build.0 = Debug|Win32
		{F7659D77-09CF-4FE9-ACEE-927287AA9509}.Release|Win32.ActiveCfg = Release|Win32
		{F7659D77-09CF-4FE9-ACEE-927287AA9509}.Release|Win32.Build.0 = Release|Win32
		{38B5751A-C6F9-4409-950C-F4F9DA17275F}.Debug|Win32.ActiveCfg = Debug|Win32
		{38B5751A-C6F9-4409-950C-F4F9DA17275F}.Debug|Win32.Build.0 = Debug|Win32
		{38B5751A-C6F9-4409-950C-F4F9DA17275F}.Release|Win32.ActiveCfg = Release|Win32
		{38B5751A-C6F9-4409-950C-F4F9DA17275F}.Release|Win32.Build.0 = Release|Win32
		{203EC78A-0531-43F0-A636-285439BDE025}.Debug|Win32.ActiveCfg = Debug|Win32
		{203EC78A-0531-43F0-A636-285439BDE025}.Debug|Win32.Build.0 = Debug|Win32
		{203EC78A-0531-43F0-A636-285439BDE025}.Release|Win32.ActiveCfg = Release|Win32
		{203EC78A-0531-43F0-A636-285439BDE025}.Release|Win32.Build.0 = Release|Win32
		{3D1246AE-1B32-479B-BECA-AEFA97BE2321}.Debug|Win32.ActiveCfg = Debug|Win32
		{3D1246AE-1B32-479B-BECA-AEFA97BE2321}.Debug|Win32.Build.0 = Debug|Win32
		{3D1246AE-1B32-479B-BECA-AEFA97BE2321}.Release|Win32.ActiveCfg = Release|Win32
		{3D1246AE-1B32-479B-BECA-AEFA97BE2321}.Release|Win32.Build.0 = Release|Win32
		{73632960-B3A6-464D-83A3-4B43365F19B8}.Debug|Win32.ActiveCfg = Debug|Win32
		{73632960-B3A6-464D-83A3-4B43365F19B8}.Debug|Win32.Build.0 = Debug|Win32
		{73632960-B3A6-464D-83A3-4B43365F19B8}.Release|Win32.ActiveCfg = Release|Win32
		{73632960-B3A6-464D-83A3-4B43365F19B8}.Release|Win32.Build.0 = Release|Win32
		{E4993E82-D68A-46CA-BAE0-9D35E172E46F}.Debug|Win32.ActiveCfg = Debug|Win32
		{E4993E82-D68A-46CA-BAE0-9D35E172E46F}.Debug|Win32.Build.0 = Debug|Win32
		{E4993E82-D68A-46CA-BAE0-9D35E172E46F}.Release|Win32.ActiveCfg = Release|Win32
		{E4993E82-D68A-46CA-BAE0-9D35E172E46F}.Release|Win32.Build.0 = Release|Win32
		{67351485-4D18-4245-BE39-A7EF0675ACD2}.Debug|Win32.ActiveCfg = Debug|Win32
		{67351485-4D18-4245-BE39-A7EF0675ACD2}.Debug|Win32.Build.0 = Debug|Win32
		{67351485-4D18-4245-BE39-A7EF0675ACD2}.Release|Win32.ActiveCfg = Release|Win32
		{67351485-4D18-4245-BE39-A7EF0675ACD2}.Release|Win32.Build.0 = Release|Win32
		{ECA6B435-B4FA-4F9F-BF95-F451D078FC47}.Debug|Win32.ActiveCfg = Debug|Win32
		{ECA6B435-B4FA-4F9F-BF95-F451D078FC47}.Debug|Win32.Build.0 = Debug|Win32
		{ECA6B435-B4FA-4F9F-BF95-F451D078FC47}.Release|Win32.ActiveCfg = Release|Win32
		{ECA6B435-B4FA-4F9F-BF95-F451D078FC47}.Release|Win32.Build.0 = Release|Win32
		{C2BE5000-7501-4E87-9724-B8D82494FAE6}.Debug|Win32.ActiveCfg = Debug|Win32
		{C2BE5000-7501-4E87-9724-B8D82494FAE6}.Debug|Win32.Build.0 = Debug|Win32
		{C2BE5000-7501-4E87-9724-B8D82494FAE6}.Release|Win32.ActiveCfg = Release|Win32
		{C2BE5000-7501-4E87-9724-B8D82494FAE6}.Release|Win32.Build.0 = Release|Win32
		{FDD3C4F2-9805-44EB-9A77-BC1C1C95B547}.Debug|Win32.ActiveCfg = Debug|Win32
		{FDD3C4F2-9805-44EB-9A77-BC1C1C95B547}.Debug|Win32.Build.0 = Debug|Win32
		{FDD3C4F2-9805-44EB-9A77-BC1C1C95B547}.Release|Win32.ActiveCfg = Release|Win32
		{FDD3C4F2-9805-44EB-9A77-BC1C1C95B547}.Release|Win32.Build.0 = Release|Win32
		{2B312A49-12A9-4E07-9E96-453DC2D8FF61}.Debug|Win32.ActiveCfg = Debug|Win32
		{2B312A49-12A9-4E07-9E96-453DC2D8FF61}.Debug|Win32.Build.0 = Debug|Win32
		{2B312A49-12A9-4E07-9E96-453DC2D8FF61}.Release|Win32.ActiveCfg = Release|Win32
		{2B312A49-12A9-4E07-9E96-453DC2D8FF61}.Release|Win32.Build.0 = Release|Win32
		{A8D36F8D-09E6-4174-91C3-7BEAA9C3F04F}.Debug|Win32.ActiveCfg = Debug|Win32
		{A8D36F8D-09E6-4174-91C3-7BEAA9C3F04F}.Debug|Win32.Build.0 = Debug|Win32
		{A8D36F8D-09E6-4174-91C3-7BEAA9C3F04F}.Release|Win32.ActiveCfg = Release|Win32
		{A8D36F8D-09E6-4174-91C3-7BEAA9C3F04F}.Release|Win32.Build.0 = Release|Win32
		{8B41752B-5A52-41E4-B7E0-07921C0CC6BF}.Debug|Win32.ActiveCfg = Debug|Win32
		{8B41752B-5A52-41E4-B7E0-07921C0CC6BF}.Debug|Win32.Build.0 = Debug|Win32
		{8B41752B-5A52-41E4-B7E0-07921C0CC6BF}.Release|Win32.ActiveCfg = Release|Win32
		{8B41752B-5A52-41E4-B7E0-07921C0CC6BF}.Release|Win32.Build.0 = Release|Win32
		{9D4211F7-2C77-439C-82F0-30A4E43BA569}.Debug|Win32.ActiveCfg = Debug|Win32
		{9D4211F7-2C77-439C-82F0-30A4E43BA569}.Debug|Win32.Build.0 = Debug|Win32
		{9D4211F7-2C77-439C-82F0-30A4E43BA569}.Release|Win32.ActiveCfg = Release|Win32
		{9D4211F7-2C77-439C-82F0-30A4E43BA569}.Release|Win32.Build.0 = Release|Win32
		{F5223103-67BE-46E6-B4CC-2570B6837D86}.Debug|Win32.ActiveCfg = Debug|Win32
		{F5223103-67BE-46E6-B4CC-2570B6837D86}.Debug|Win32.Build.0 = Debug|Win32
		{F5223103-67BE-46E6-B4CC-2570B6837D86}.Release|Win32.ActiveCfg = Release|Win32
		{F5223103-67BE-46E6-B4CC-2570B6837D86}.Release|Win32.Build.0 = Release|Win32
		{97521D06-EC47-45D4-8BD0-9E16B3F93B2A}.Debug|Win32.ActiveCfg = Debug|Win32
		{97521D06-EC47-45D4-8BD0-9E16B3F93B2A}.Debug|Win32.Build.0 = Debug|Win32
		{97521D06-EC47-45D4-8BD0-9E16B3F93B2A}.Release|Win32.ActiveCfg = Release|Win32
		{97521D06-EC47-45D4-8BD0-9E16B3F93B2A}.Release|Win32.Build.0 = Release|Win32
		{D3065ADB-8820-4CC7-9B6C-9510833961A3}.Debug|Win32.ActiveCfg = Debug|Win32
		{D3065ADB-8820-4CC7-9B6C-9510833961A3}.Debug|Win32.Build.0 = Debug|Win32
		{D3065ADB-8820-4CC7-9B6C-9510833961A3}.Release|Win32.ActiveCfg = Release|Win32
		{D3065ADB-8820-4CC7-9B6C-9510833961A3}.Release|Win32.Build.0 = Release|Win32
		{631C23CE-6C1D-4875-88F0-85E0A42B36EA}.Debug|Win32.ActiveCfg = Debug|Win32
		{631C23CE-6C1D-4875-88F0-85E0A42B36EA}.Debug|Win32.Build.0 = Debug|Win32
		{631C23CE-6C1D-4875-88F0-85E0A42B36EA}.Release|Win32.ActiveCfg = Release|Win32
		{631C23CE-6C1D-4875-88F0-85E0A42B36EA}.Release|Win32.Build.0 = Release|Win32
		{77C78066-746F-4EA6-B3FE-B8C8A4A97891}.Debug|Win32.ActiveCfg = Debug|Win32
		{77C78066-746F-4EA6-B3FE-B8C8A4A97891}.Debug|Win32.Build.0 = Debug|Win32
		{77C78066-746F-4EA6-B3FE-B8C8A4A97891}.Release|Win32.ActiveCfg = Release|Win32
		{77C78066-746F-4EA6-B3FE-B8C8A4A97891}.Release|Win32.Build.0 = Release|Win32
		{2B313A49-13A9-5E07-9E96-453DC2D8FF61}.Debug|Win32.ActiveCfg = Debug|Win32
		{2B313A49-13A9-5E07-9E96-453DC2D8FF61}.Debug|Win32.Build.0 = Debug|Win32
		{2B313A49-13A9-5E07-9E96-453DC2D8FF61}.Release|Win32.ActiveCfg = Release|Win32
		{2B313A49-13A9-5E07-9E96-453DC2D8FF61}.Release|Win32.Build.0 = Release|Win32
		{3B314A49-02A9-5E07-9E96-453DC2D8FF62}.Debug|Win32.ActiveCfg = Debug|Win32
		{3B314A49-02A9-5E07-9E96-453DC2D8FF62}.Debug|Win32.Build.0 = Debug|Win32
		{3B314A49-02A9-5E07-9E96-453DC2D8FF62}.Release|Win32.ActiveCfg = Release|Win32
		{3B314A49-02A9-5E07-9E96-453DC2D8FF62}.Release|Win32.Build.0 = Release|Win32
		{62D4B15D-7A90-4ECB-BA19-5E021D6A21BC}.Debug|Win32.ActiveCfg = Debug|Win32
		{62D4B15D-7A90-4ECB-BA19-5E021D6A21BC}.Debug|Win32.Build.0 = Debug|Win32
		{62D4B15D-7A90-4ECB-BA19-5E021D6A21BC}.Release|Win32.ActiveCfg = Release|Win32
		{62D4B15D-7A90-4ECB-BA19-5E021D6A21BC}.Release|Win32.Build.0 = Release|Win32
		{F5AD9738-1A3D-4906-B9C4-A7D9CE33DC2C}.Debug|Win32.ActiveCfg = Debug|Win32
		{F5AD9738-1A3D-4906-B9C4-A7D9CE33DC2C}.Debug|Win32.Build.0 = Debug|Win32
		{F5AD9738-1A3D-4906-B9C4-A7D9CE33DC2C}.Release|Win32.ActiveCfg = Release|Win32
		{F5AD9738-1A3D-4906-B9C4-A7D9CE33DC2C}.Release|Win32.Build.0 = Release|Win32
		{4C8454FE-81D3-4CA3-9927-29BA96F03DAC}.Debug|Win32.ActiveCfg = Debug|Win32
		{4C8454FE-81D3-4CA3-9927-29BA96F03DAC}.Debug|Win32.Build.0 = Debug|Win32
		{4C8454FE-81D3-4CA3-9927-29BA96F03DAC}.Release|Win32.ActiveCfg = Release|Win32
		{4C8454FE-81D3-4CA3-9927-29BA96F03DAC}.Release|Win32.Build.0 = Release|Win32
		{6B231032-3CB5-4EED-9210-810D666A23A0}.Debug|Win32.ActiveCfg = Debug|Win32
		{6B231032-3CB5-4EED-9210-810D666A23A0}.Debug|Win32.Build.0 = Debug|Win32
		{6B231032-3CB5-4EED-9210-810D666A23A0}.Release|Win32.ActiveCfg = Release|Win32
		{6B231032-3CB5-4EED-9210-810D666A23A0}.Release|Win32.Build.0 = Release|Win32
		{0637EB24-7B2D-4B4A-9D95-7C72E7B48D5C}.Debug|Win32.ActiveCfg = Debug|Win32
		{0637EB24-7B2D-4B4A-9D95-7C72E7B48D5C}.Debug|Win32.Build.0 = Debug|Win32
		{0637EB24-7B2D-4B4A-9D95-7C72E7B48D5C}.Release|Win32.ActiveCfg = Release|Win32
		{0637EB24-7B2D-4B4A-9D95-7C72E7B48D5C}.Release|Win32.Build.0 = Release|Win32
		{85EB94D7-1923-443D-8331-D2A847C174A7}.Debug|Win32.ActiveCfg = Debug|Win32
		{85EB94D7-1923-443D-8331-D2A847C174A7}.Debug|Win32.Build.0 = Debug|Win32
		{85EB94D7-1923-443D-8331-D2A847C174A7}.Release|Win32.ActiveCfg = Release|Win32
		{85EB94D7-1923-443D-8331-D2A847C174A7}.Release|Win32.Build.0 = Release|Win32
		{D047F15D-E4B7-4E92-8F1C-1979A1CCF4A6}.Debug|Win32.ActiveCfg = Debug|Win32
		{D047F15D-E4B7-4E92-8F1C-1979A1CCF4A6}.Debug|Win32.Build.0 = Debug|Win32
		{D047F15D-E4B7-4E92-8F1C-1979A1CCF4A6}.Release|Win32.ActiveCfg = Release|Win32
		{D047F15D-E4B7-4E92-8F1C-1979A1CCF4A6}.Release|Win32.Build.0 = Release|Win32
		{E13D6F01-5328-48C8-AD16-0C23D887B4D9}.Debug|Win32.ActiveCfg = Debug|Win32
		{E13D6F01-5328-48C8-AD16-0C23D887B4D9}.Debug|Win32.Build.0 = Debug|Win32
		{E13D6F01-5328-48C8-AD16-0C23D887B4D9}.Release|Win32.ActiveCfg = Release|Win32
		{E13D6F01-5328-48C8-AD16-0C23D887B4D9}.Release|Win32.Build.0 = Release|Win32
		{F0C72AD8-697F-4614-A422-B61F2897AECC}.Debug|Win32.ActiveCfg = Debug|Win32
		{F0C72AD8-697F-4614-A422-B61F2897AECC}.Debug|Win32.Build.0 = Debug|Win32
		{F0C72AD8-697F-4614-A422-B61F2897AECC}.Release|Win32.ActiveCfg = Release|Win32
		{F0C72AD8-697F-4614-A422-B61F2897AECC}.Release|Win32.Build.0 = Release|Win32
		{87EE9DA4-DE1E-4448-8324-183C98DCA588}.Debug|Win32.ActiveCfg = Debug|Win32
		{87EE9DA4-DE1E-4448-8324-183C98DCA588}.Debug|Win32.Build.0 = Debug|Win32
		{87EE9DA4-DE1E-4448-8324-183C98DCA588}.Release|Win32.ActiveCfg = Release|Win32
		{87EE9DA4-DE1E-4448-8324-183C98DCA588}.Release|Win32.Build.0 = Release|Win32
		{3BF9FC5F-3110-40C3-9E8D-D305AB3E74CD}.Debug|Win32.ActiveCfg = Debug|Win32
		{3BF9FC5F-3110-40C3-9E8D-D305AB3E74CD}.Debug|Win32.Build.0 = Debug|Win32
		{3BF9FC5F-3110-40C3-9E8D-D305AB3E74CD}.Release|Win32.ActiveCfg = Release|Win32
		{3BF9FC5F-3110-40C3-9E8D-D305AB3E74CD}.Release|Win32.Build.0 = Release|Win32
		{3A83CC54-99F7-4A59-B7F1-E4AC0FE19BE2}.Debug|Win32.ActiveCfg = Debug|Win32
		{3A83CC54-99F7-4A59-B7F1-E4AC0FE19BE2}.Debug|Win32.Build.0 = Debug|Win32
		{3A83CC54-99F7-4A59-B7F1-E4AC0FE19BE2}.Release|Win32.ActiveCfg = Release|Win32
		{3A83CC54-99F7-4A59-B7F1-E4AC0FE19BE2}.Release|Win32.Build.0 = Release|Win32
		{26D6EE2E-F4C5-4075-B748-CD801791FB22}.Debug|Win32.ActiveCfg = Debug|Win32
		{26D6EE2E-F4C5-4075-B748-CD801791FB22}.Debug|Win32.Build.0 = Debug|Win32
		{26D6EE2E-F4C5-4075-B748-CD801791FB22}.Release|Win32.ActiveCfg = Release|Win32
		{26D6EE2E-F4C5-4075-B748-CD801791FB22}.Release|Win32.Build.0 = Release|Win32
	EndGlobalSection
	GlobalSection(SolutionProperties) = preSolution
		HideSolutionNode = FALSE
	EndGlobalSection
	GlobalSection(NestedProjects) = preSolution
		{A02A055B-7676-4A0F-A81E-573030C69571} = {61698F44-8890-4A6C-9E50-F1AFD95A9C5F}
		{E61592E1-28F4-4AFC-9EE1-9BE833A061C1} = {61698F44-8890-4A6C-9E50-F1AFD95A9C5F}
		{F7D5E865-5D85-4F42-B59E-6ACF60BFE791} = {61698F44-8890-4A6C-9E50-F1AFD95A9C5F}
		{0008960E-E0DD-41A6-8265-00B31DDB4C21} = {61698F44-8890-4A6C-9E50-F1AFD95A9C5F}
		{8FD826F8-3739-44E6-8CC8-997122E53B8D} = {B3CCF732-9D45-4763-9624-7CD366B2354A}
		{C52F9E7B-498A-42BE-8DB4-85A15694366A} = {B3CCF732-9D45-4763-9624-7CD366B2354A}
		{4B33A30D-1362-4FA2-88A3-EE33A4B6CA2E} = {220B7415-07C2-4237-851A-9C9D373A5F9D}
		{ADCAA9EB-0CEA-4AB3-9623-FDE798B76B72} = {220B7415-07C2-4237-851A-9C9D373A5F9D}
		{3B2D761F-E376-4C37-9BB0-E36386900B64} = {220B7415-07C2-4237-851A-9C9D373A5F9D}
		{65C68796-8922-43F8-9CED-5B5D37AF9CF5} = {220B7415-07C2-4237-851A-9C9D373A5F9D}
		{93EFA45D-AA0C-4023-93B6-BF4073AF9E3B} = {C58C6392-CCF8-4C15-8A1F-6DEB870CDF33}
		{55A00400-B162-4889-828F-C8148EEEC646} = {C58C6392-CCF8-4C15-8A1F-6DEB870CDF33}
		{DADB35A2-984E-410F-8A1F-B99E84AEAF60} = {C8473892-E676-4322-8AC2-03273A19BFC0}
		{7E2AD725-4BDA-4B90-8AB9-9289624B4443} = {C8473892-E676-4322-8AC2-03273A19BFC0}
		{FE93D67B-FBB2-454C-9BEF-53A7E6540A61} = {C8473892-E676-4322-8AC2-03273A19BFC0}
		{E38C1996-8B3D-4050-A4B2-DC85957B047D} = {6C9519C1-3D6F-4914-822A-EE2E97297CB1}
		{B3408263-0CF1-47BE-83CC-56070EFC9BC1} = {6C9519C1-3D6F-4914-822A-EE2E97297CB1}
		{4E98FDA7-54AE-4A8E-847A-8665DEF6BBE1} = {6C9519C1-3D6F-4914-822A-EE2E97297CB1}
		{EC99198F-4CDD-4D85-AE6F-F837FF6CC372} = {6C9519C1-3D6F-4914-822A-EE2E97297CB1}
		{0178B127-6269-407D-B112-93877BB62776} = {3BA42125-9F4B-4223-AFC0-F66017BA65DE}
		{73C0A65B-D1F2-4DE1-B3A6-15DAD2C23F3D} = {3BA42125-9F4B-4223-AFC0-F66017BA65DE}
		{D9DF7F2F-93B7-4810-B5CD-96F4F33C079B} = {3BA42125-9F4B-4223-AFC0-F66017BA65DE}
		{DBA4088D-F6F9-4F8F-8820-082A4765C16C} = {3BA42125-9F4B-4223-AFC0-F66017BA65DE}
		{C2B04507-2521-4801-BF0D-5FD79D6D518C} = {3BA42125-9F4B-4223-AFC0-F66017BA65DE}
		{C920062A-0647-4553-A3B2-37C58065664B} = {3BA42125-9F4B-4223-AFC0-F66017BA65DE}
		{37FC2C7F-1904-4811-8955-2F478830EAD1} = {3BA42125-9F4B-4223-AFC0-F66017BA65DE}
		{F7659D77-09CF-4FE9-ACEE-927287AA9509} = {3BA42125-9F4B-4223-AFC0-F66017BA65DE}
		{38B5751A-C6F9-4409-950C-F4F9DA17275F} = {3BA42125-9F4B-4223-AFC0-F66017BA65DE}
		{203EC78A-0531-43F0-A636-285439BDE025} = {3BA42125-9F4B-4223-AFC0-F66017BA65DE}
		{3D1246AE-1B32-479B-BECA-AEFA97BE2321} = {3BA42125-9F4B-4223-AFC0-F66017BA65DE}
		{73632960-B3A6-464D-83A3-4B43365F19B8} = {3BA42125-9F4B-4223-AFC0-F66017BA65DE}
		{E4993E82-D68A-46CA-BAE0-9D35E172E46F} = {3BA42125-9F4B-4223-AFC0-F66017BA65DE}
		{67351485-4D18-4245-BE39-A7EF0675ACD2} = {3BA42125-9F4B-4223-AFC0-F66017BA65DE}
		{ECA6B435-B4FA-4F9F-BF95-F451D078FC47} = {3BA42125-9F4B-4223-AFC0-F66017BA65DE}
		{C2BE5000-7501-4E87-9724-B8D82494FAE6} = {3BA42125-9F4B-4223-AFC0-F66017BA65DE}
		{FDD3C4F2-9805-44EB-9A77-BC1C1C95B547} = {3BA42125-9F4B-4223-AFC0-F66017BA65DE}
		{2B312A49-12A9-4E07-9E96-453DC2D8FF61} = {3BA42125-9F4B-4223-AFC0-F66017BA65DE}
		{A8D36F8D-09E6-4174-91C3-7BEAA9C3F04F} = {3BA42125-9F4B-4223-AFC0-F66017BA65DE}
		{8B41752B-5A52-41E4-B7E0-07921C0CC6BF} = {3BA42125-9F4B-4223-AFC0-F66017BA65DE}
		{9D4211F7-2C77-439C-82F0-30A4E43BA569} = {3BA42125-9F4B-4223-AFC0-F66017BA65DE}
		{F5223103-67BE-46E6-B4CC-2570B6837D86} = {3BA42125-9F4B-4223-AFC0-F66017BA65DE}
		{97521D06-EC47-45D4-8BD0-9E16B3F93B2A} = {3BA42125-9F4B-4223-AFC0-F66017BA65DE}
		{D3065ADB-8820-4CC7-9B6C-9510833961A3} = {3BA42125-9F4B-4223-AFC0-F66017BA65DE}
		{631C23CE-6C1D-4875-88F0-85E0A42B36EA} = {3BA42125-9F4B-4223-AFC0-F66017BA65DE}
		{77C78066-746F-4EA6-B3FE-B8C8A4A97891} = {3BA42125-9F4B-4223-AFC0-F66017BA65DE}
		{2B313A49-13A9-5E07-9E96-453DC2D8FF61} = {3BA42125-9F4B-4223-AFC0-F66017BA65DE}
		{3B314A49-02A9-5E07-9E96-453DC2D8FF62} = {3BA42125-9F4B-4223-AFC0-F66017BA65DE}
		{62D4B15D-7A90-4ECB-BA19-5E021D6A21BC} = {3BA42125-9F4B-4223-AFC0-F66017BA65DE}
		{F5AD9738-1A3D-4906-B9C4-A7D9CE33DC2C} = {3BA42125-9F4B-4223-AFC0-F66017BA65DE}
		{4C8454FE-81D3-4CA3-9927-29BA96F03DAC} = {3BA42125-9F4B-4223-AFC0-F66017BA65DE}
		{6B231032-3CB5-4EED-9210-810D666A23A0} = {3BA42125-9F4B-4223-AFC0-F66017BA65DE}
		{0637EB24-7B2D-4B4A-9D95-7C72E7B48D5C} = {F8F3629D-8B3C-4741-B909-2B9581ECDB01}
		{85EB94D7-1923-443D-8331-D2A847C174A7} = {F8F3629D-8B3C-4741-B909-2B9581ECDB01}
		{D047F15D-E4B7-4E92-8F1C-1979A1CCF4A6} = {98E386B7-770E-4634-93F1-0EDF4149BD15}
		{E13D6F01-5328-48C8-AD16-0C23D887B4D9} = {98E386B7-770E-4634-93F1-0EDF4149BD15}
		{F0C72AD8-697F-4614-A422-B61F2897AECC} = {98E386B7-770E-4634-93F1-0EDF4149BD15}
		{87EE9DA4-DE1E-4448-8324-183C98DCA588} = {834389C1-1760-478A-81AF-E64433AA7079}
		{3BF9FC5F-3110-40C3-9E8D-D305AB3E74CD} = {834389C1-1760-478A-81AF-E64433AA7079}
	EndGlobalSection
EndGlobal
