Microsoft Visual Studio Solution File, Format Version 11.00
# Visual Studio 2010
Project("{8BC9CEB8-8B4A-11D0-8D11-00A0C91BC942}") = "libpng", "src\libpng\png.vcxproj", "{FD42917E-C1F2-4C77-8CFE-E26572BD909D}"
EndProject
Project("{8BC9CEB8-8B4A-11D0-8D11-00A0C91BC942}") = "SQLite3", "src\sqlite\sqlite\sqlite.vcxproj", "{0637EB24-7B2D-4B4A-9D95-7C72E7B48D5C}"
EndProject
Project("{8BC9CEB8-8B4A-11D0-8D11-00A0C91BC942}") = "pthread", "src\pthreads\pthread.vcxproj", "{1C577933-7FC6-477F-9971-FB9405875D17}"
EndProject
Project("{8BC9CEB8-8B4A-11D0-8D11-00A0C91BC942}") = "objc", "src\opencflite\objc4\objc.vcxproj", "{B3408263-0CF1-47BE-83CC-56070EFC9BC1}"
EndProject
Project("{8BC9CEB8-8B4A-11D0-8D11-00A0C91BC942}") = "objcrt", "src\opencflite\objc4\objcrt\objcrt.vcxproj", "{E38C1996-8B3D-4050-A4B2-DC85957B047D}"
EndProject
Project("{8BC9CEB8-8B4A-11D0-8D11-00A0C91BC942}") = "libcurl", "src\curl\lib\libcurl.vcxproj", "{69CCE97A-88C6-49E2-BB5F-9CEC31BEC238}"
EndProject
Project("{8BC9CEB8-8B4A-11D0-8D11-00A0C91BC942}") = "cairo", "src\cairo\cairo\src\cairo.vcxproj", "{A02A055B-7676-4A0F-A81E-573030C69571}"
EndProject
Project("{8BC9CEB8-8B4A-11D0-8D11-00A0C91BC942}") = "pixman", "src\cairo\pixman\pixman\pixman.vcxproj", "{AFEF050F-F435-41D5-B78B-54CD41AF36BA}"
EndProject
Project("{8BC9CEB8-8B4A-11D0-8D11-00A0C91BC942}") = "CFLite", "src\opencflite\windows\CFLiteLib.vcxproj", "{EC99198F-4CDD-4D85-AE6F-F837FF6CC372}"
	ProjectSection(ProjectDependencies) = postProject
		{0178B127-6269-407D-B112-93877BB62776} = {0178B127-6269-407D-B112-93877BB62776}
		{D9DF7F2F-93B7-4810-B5CD-96F4F33C079B} = {D9DF7F2F-93B7-4810-B5CD-96F4F33C079B}
		{73C0A65B-D1F2-4DE1-B3A6-15DAD2C23F3D} = {73C0A65B-D1F2-4DE1-B3A6-15DAD2C23F3D}
		{62D4B15D-7A90-4ECB-BA19-5E021D6A21BC} = {62D4B15D-7A90-4ECB-BA19-5E021D6A21BC}
		{B3408263-0CF1-47BE-83CC-56070EFC9BC1} = {B3408263-0CF1-47BE-83CC-56070EFC9BC1}
		{E38C1996-8B3D-4050-A4B2-DC85957B047D} = {E38C1996-8B3D-4050-A4B2-DC85957B047D}
	EndProjectSection
EndProject
Project("{8BC9CEB8-8B4A-11D0-8D11-00A0C91BC942}") = "cal", "src\icu\source\samples\cal\cal.vcxproj", "{F7659D77-09CF-4FE9-ACEE-927287AA9509}"
	ProjectSection(ProjectDependencies) = postProject
		{C2B04507-2521-4801-BF0D-5FD79D6D518C} = {C2B04507-2521-4801-BF0D-5FD79D6D518C}
		{0178B127-6269-407D-B112-93877BB62776} = {0178B127-6269-407D-B112-93877BB62776}
		{73C0A65B-D1F2-4DE1-B3A6-15DAD2C23F3D} = {73C0A65B-D1F2-4DE1-B3A6-15DAD2C23F3D}
		{203EC78A-0531-43F0-A636-285439BDE025} = {203EC78A-0531-43F0-A636-285439BDE025}
	EndProjectSection
EndProject
Project("{8BC9CEB8-8B4A-11D0-8D11-00A0C91BC942}") = "cintltst", "src\icu\source\test\cintltst\cintltst.vcxproj", "{3D1246AE-1B32-479B-BECA-AEFA97BE2321}"
	ProjectSection(ProjectDependencies) = postProject
		{C2B04507-2521-4801-BF0D-5FD79D6D518C} = {C2B04507-2521-4801-BF0D-5FD79D6D518C}
		{0178B127-6269-407D-B112-93877BB62776} = {0178B127-6269-407D-B112-93877BB62776}
		{73C0A65B-D1F2-4DE1-B3A6-15DAD2C23F3D} = {73C0A65B-D1F2-4DE1-B3A6-15DAD2C23F3D}
		{203EC78A-0531-43F0-A636-285439BDE025} = {203EC78A-0531-43F0-A636-285439BDE025}
	EndProjectSection
EndProject
Project("{8BC9CEB8-8B4A-11D0-8D11-00A0C91BC942}") = "common", "src\icu\source\common\common.vcxproj", "{73C0A65B-D1F2-4DE1-B3A6-15DAD2C23F3D}"
	ProjectSection(ProjectDependencies) = postProject
		{203EC78A-0531-43F0-A636-285439BDE025} = {203EC78A-0531-43F0-A636-285439BDE025}
	EndProjectSection
EndProject
Project("{8BC9CEB8-8B4A-11D0-8D11-00A0C91BC942}") = "ctestfw", "src\icu\source\tools\ctestfw\ctestfw.vcxproj", "{ECA6B435-B4FA-4F9F-BF95-F451D078FC47}"
	ProjectSection(ProjectDependencies) = postProject
		{0178B127-6269-407D-B112-93877BB62776} = {0178B127-6269-407D-B112-93877BB62776}
		{6B231032-3CB5-4EED-9210-810D666A23A0} = {6B231032-3CB5-4EED-9210-810D666A23A0}
		{203EC78A-0531-43F0-A636-285439BDE025} = {203EC78A-0531-43F0-A636-285439BDE025}
	EndProjectSection
EndProject
Project("{8BC9CEB8-8B4A-11D0-8D11-00A0C91BC942}") = "date", "src\icu\source\samples\date\date.vcxproj", "{38B5751A-C6F9-4409-950C-F4F9DA17275F}"
EndProject
Project("{8BC9CEB8-8B4A-11D0-8D11-00A0C91BC942}") = "derb", "src\icu\source\tools\genrb\derb.vcxproj", "{D3065ADB-8820-4CC7-9B6C-9510833961A3}"
	ProjectSection(ProjectDependencies) = postProject
		{0178B127-6269-407D-B112-93877BB62776} = {0178B127-6269-407D-B112-93877BB62776}
		{6B231032-3CB5-4EED-9210-810D666A23A0} = {6B231032-3CB5-4EED-9210-810D666A23A0}
		{203EC78A-0531-43F0-A636-285439BDE025} = {203EC78A-0531-43F0-A636-285439BDE025}
	EndProjectSection
EndProject
Project("{8BC9CEB8-8B4A-11D0-8D11-00A0C91BC942}") = "genbrk", "src\icu\source\tools\genbrk\genbrk.vcxproj", "{C2BE5000-7501-4E87-9724-B8D82494FAE6}"
EndProject
Project("{8BC9CEB8-8B4A-11D0-8D11-00A0C91BC942}") = "genccode", "src\icu\source\tools\genccode\genccode.vcxproj", "{FDD3C4F2-9805-44EB-9A77-BC1C1C95B547}"
EndProject
Project("{8BC9CEB8-8B4A-11D0-8D11-00A0C91BC942}") = "gencmn", "src\icu\source\tools\gencmn\gencmn.vcxproj", "{A8D36F8D-09E6-4174-91C3-7BEAA9C3F04F}"
	ProjectSection(ProjectDependencies) = postProject
		{0178B127-6269-407D-B112-93877BB62776} = {0178B127-6269-407D-B112-93877BB62776}
	EndProjectSection
EndProject
Project("{8BC9CEB8-8B4A-11D0-8D11-00A0C91BC942}") = "gencnval", "src\icu\source\tools\gencnval\gencnval.vcxproj", "{8B41752B-5A52-41E4-B7E0-07921C0CC6BF}"
	ProjectSection(ProjectDependencies) = postProject
		{0178B127-6269-407D-B112-93877BB62776} = {0178B127-6269-407D-B112-93877BB62776}
	EndProjectSection
EndProject
Project("{8BC9CEB8-8B4A-11D0-8D11-00A0C91BC942}") = "genrb", "src\icu\source\tools\genrb\genrb.vcxproj", "{97521D06-EC47-45D4-8BD0-9E16B3F93B2A}"
	ProjectSection(ProjectDependencies) = postProject
		{0178B127-6269-407D-B112-93877BB62776} = {0178B127-6269-407D-B112-93877BB62776}
		{6B231032-3CB5-4EED-9210-810D666A23A0} = {6B231032-3CB5-4EED-9210-810D666A23A0}
		{203EC78A-0531-43F0-A636-285439BDE025} = {203EC78A-0531-43F0-A636-285439BDE025}
	EndProjectSection
EndProject
Project("{8BC9CEB8-8B4A-11D0-8D11-00A0C91BC942}") = "gentest", "src\icu\source\tools\gentest\gentest.vcxproj", "{77C78066-746F-4EA6-B3FE-B8C8A4A97891}"
	ProjectSection(ProjectDependencies) = postProject
		{97521D06-EC47-45D4-8BD0-9E16B3F93B2A} = {97521D06-EC47-45D4-8BD0-9E16B3F93B2A}
		{0178B127-6269-407D-B112-93877BB62776} = {0178B127-6269-407D-B112-93877BB62776}
		{203EC78A-0531-43F0-A636-285439BDE025} = {203EC78A-0531-43F0-A636-285439BDE025}
	EndProjectSection
EndProject
Project("{8BC9CEB8-8B4A-11D0-8D11-00A0C91BC942}") = "i18n", "src\icu\source\i18n\i18n.vcxproj", "{0178B127-6269-407D-B112-93877BB62776}"
EndProject
Project("{8BC9CEB8-8B4A-11D0-8D11-00A0C91BC942}") = "intltest", "src\icu\source\test\intltest\intltest.vcxproj", "{73632960-B3A6-464D-83A3-4B43365F19B8}"
EndProject
Project("{8BC9CEB8-8B4A-11D0-8D11-00A0C91BC942}") = "layout", "src\icu\source\layout\layout.vcxproj", "{C920062A-0647-4553-A3B2-37C58065664B}"
EndProject
Project("{8BC9CEB8-8B4A-11D0-8D11-00A0C91BC942}") = "layoutex", "src\icu\source\layoutex\layoutex.vcxproj", "{37FC2C7F-1904-4811-8955-2F478830EAD1}"
EndProject
Project("{8BC9CEB8-8B4A-11D0-8D11-00A0C91BC942}") = "makeconv", "src\icu\source\tools\makeconv\makeconv.vcxproj", "{F5AD9738-1A3D-4906-B9C4-A7D9CE33DC2C}"
	ProjectSection(ProjectDependencies) = postProject
		{6B231032-3CB5-4EED-9210-810D666A23A0} = {6B231032-3CB5-4EED-9210-810D666A23A0}
	EndProjectSection
EndProject
Project("{8BC9CEB8-8B4A-11D0-8D11-00A0C91BC942}") = "makedata", "src\icu\source\data\makedata.vcxproj", "{D9DF7F2F-93B7-4810-B5CD-96F4F33C079B}"
EndProject
Project("{8BC9CEB8-8B4A-11D0-8D11-00A0C91BC942}") = "pkgdata", "src\icu\source\tools\pkgdata\pkgdata.vcxproj", "{4C8454FE-81D3-4CA3-9927-29BA96F03DAC}"
EndProject
Project("{8BC9CEB8-8B4A-11D0-8D11-00A0C91BC942}") = "stubdata", "src\icu\source\stubdata\stubdata.vcxproj", "{203EC78A-0531-43F0-A636-285439BDE025}"
EndProject
Project("{8BC9CEB8-8B4A-11D0-8D11-00A0C91BC942}") = "toolutil", "src\icu\source\tools\toolutil\toolutil.vcxproj", "{6B231032-3CB5-4EED-9210-810D666A23A0}"
EndProject
Project("{8BC9CEB8-8B4A-11D0-8D11-00A0C91BC942}") = "uconv", "src\icu\source\extra\uconv\uconv.vcxproj", "{DBA4088D-F6F9-4F8F-8820-082A4765C16C}"
EndProject
Project("{8BC9CEB8-8B4A-11D0-8D11-00A0C91BC942}") = "io", "src\icu\source\io\io.vcxproj", "{C2B04507-2521-4801-BF0D-5FD79D6D518C}"
EndProject
Project("{8BC9CEB8-8B4A-11D0-8D11-00A0C91BC942}") = "gensprep", "src\icu\source\tools\gensprep\gensprep.vcxproj", "{631C23CE-6C1D-4875-88F0-85E0A42B36EA}"
	ProjectSection(ProjectDependencies) = postProject
		{0178B127-6269-407D-B112-93877BB62776} = {0178B127-6269-407D-B112-93877BB62776}
		{203EC78A-0531-43F0-A636-285439BDE025} = {203EC78A-0531-43F0-A636-285439BDE025}
	EndProjectSection
EndProject
Project("{8BC9CEB8-8B4A-11D0-8D11-00A0C91BC942}") = "iotest", "src\icu\source\test\iotest\iotest.vcxproj", "{E4993E82-D68A-46CA-BAE0-9D35E172E46F}"
	ProjectSection(ProjectDependencies) = postProject
		{6B231032-3CB5-4EED-9210-810D666A23A0} = {6B231032-3CB5-4EED-9210-810D666A23A0}
	EndProjectSection
EndProject
Project("{8BC9CEB8-8B4A-11D0-8D11-00A0C91BC942}") = "icupkg", "src\icu\source\tools\icupkg\icupkg.vcxproj", "{62D4B15D-7A90-4ECB-BA19-5E021D6A21BC}"
EndProject
Project("{8BC9CEB8-8B4A-11D0-8D11-00A0C91BC942}") = "genctd", "src\icu\source\tools\genctd\genctd.vcxproj", "{9D4211F7-2C77-439C-82F0-30A4E43BA569}"
EndProject
Project("{8BC9CEB8-8B4A-11D0-8D11-00A0C91BC942}") = "letest", "src\icu\source\test\letest\letest.vcxproj", "{67351485-4D18-4245-BE39-A7EF0675ACD2}"
EndProject
Project("{8BC9CEB8-8B4A-11D0-8D11-00A0C91BC942}") = "gencfu", "src\icu\source\tools\gencfu\gencfu.vcxproj", "{2B312A49-12A9-4E07-9E96-453DC2D8FF61}"
EndProject
Project("{8BC9CEB8-8B4A-11D0-8D11-00A0C91BC942}") = "gennorm2", "src\icu\source\tools\gennorm2\gennorm2.vcxproj", "{C7891A65-80AB-4245-912E-5F1E17B0E6C4}"
EndProject
Project("{8BC9CEB8-8B4A-11D0-8D11-00A0C91BC942}") = "icuinfo", "src\icu\source\tools\icuinfo\icuinfo.vcxproj", "{2B313A49-13A9-5E07-9E96-453DC2D8FF61}"
EndProject
Project("{8BC9CEB8-8B4A-11D0-8D11-00A0C91BC942}") = "testplug", "src\icu\source\tools\icuinfo\testplug.vcxproj", "{3B314A49-02A9-5E07-9E96-453DC2D8FF62}"
EndProject
Project("{2150E333-8FDC-42A3-9474-1A3956D46DE8}") = "icu", "icu", "{C27A20D3-61AA-46B2-9A07-ED59BB6532CC}"
EndProject
Project("{8BC9CEB8-8B4A-11D0-8D11-00A0C91BC942}") = "libxslt", "src\libxslt\win32\libxslt\libxslt_so.vcxproj", "{DDB943EB-AC6A-1866-688F-44A6C87427C1}"
EndProject
Project("{8BC9CEB8-8B4A-11D0-8D11-00A0C91BC942}") = "libxml2", "src\libxml2\win32\libxml2\libxml2.vcxproj", "{32029CE6-EA72-437D-810D-E1A51A498C9B}"
	ProjectSection(ProjectDependencies) = postProject
		{C11D1B4F-7178-4564-9BDB-5C60E0A81983} = {C11D1B4F-7178-4564-9BDB-5C60E0A81983}
		{754AB981-BE9D-418A-ADB5-274E6C62E757} = {754AB981-BE9D-418A-ADB5-274E6C62E757}
	EndProjectSection
EndProject
Project("{8BC9CEB8-8B4A-11D0-8D11-00A0C91BC942}") = "libcharset", "src\libiconv\libcharset\libcharset.vcxproj", "{C11D1B4F-7178-4564-9BDB-5C60E0A81983}"
EndProject
Project("{8BC9CEB8-8B4A-11D0-8D11-00A0C91BC942}") = "libiconv", "src\libiconv\libiconv.vcxproj", "{754AB981-BE9D-418A-ADB5-274E6C62E757}"
	ProjectSection(ProjectDependencies) = postProject
		{C11D1B4F-7178-4564-9BDB-5C60E0A81983} = {C11D1B4F-7178-4564-9BDB-5C60E0A81983}
	EndProjectSection
EndProject
Project("{8BC9CEB8-8B4A-11D0-8D11-00A0C91BC942}") = "zlib1", "src\zlib\contrib\vstudio\vc10\zlibvc.vcxproj", "{8FD826F8-3739-44E6-8CC8-997122E53B8D}"
EndProject
Project("{2150E333-8FDC-42A3-9474-1A3956D46DE8}") = "zlib", "zlib", "{6FEA19DF-DC6F-4321-A0C2-E6821C6E2702}"
EndProject
Project("{8BC9CEB8-8B4A-11D0-8D11-00A0C91BC942}") = "testzlibdll", "src\zlib\contrib\vstudio\vc10\testzlibdll.vcxproj", "{C52F9E7B-498A-42BE-8DB4-85A15694366A}"
EndProject
Project("{2150E333-8FDC-42A3-9474-1A3956D46DE8}") = "SQLite", "SQLite", "{37AC0A5A-45A9-4633-8BAC-104112E9CA69}"
EndProject
Project("{8BC9CEB8-8B4A-11D0-8D11-00A0C91BC942}") = "sqlite_console", "src\sqlite\sqlite\sqlite_console.vcxproj", "{85EB94D7-1923-443D-8331-D2A847C174A7}"
EndProject
Project("{2150E333-8FDC-42A3-9474-1A3956D46DE8}") = "OpenCFLite", "OpenCFLite", "{A6F4DC5C-EFD2-4C16-9176-BA56426BC11D}"
EndProject
Project("{8BC9CEB8-8B4A-11D0-8D11-00A0C91BC942}") = "StringExample", "src\opencflite\examples\StringExample\StringExample.vcxproj", "{4E98FDA7-54AE-4A8E-847A-8665DEF6BBE1}"
EndProject
Project("{2150E333-8FDC-42A3-9474-1A3956D46DE8}") = "graphics", "graphics", "{12F0C101-AE1D-46B0-A46B-EF9F2E1B6BC4}"
EndProject
Project("{2150E333-8FDC-42A3-9474-1A3956D46DE8}") = "iconv", "iconv", "{B129131C-3DF2-4738-AADA-5FA29F92B669}"
EndProject
Project("{8BC9CEB8-8B4A-11D0-8D11-00A0C91BC942}") = "libicrt", "src\libiconv\srclib\libicrt.vcxproj", "{B03054CF-250C-4DF3-9EED-36B5571EEB7E}"
EndProject
Project("{8BC9CEB8-8B4A-11D0-8D11-00A0C91BC942}") = "iconvexe", "src\libiconv\src\iconvexe.vcxproj", "{8888BDB8-5968-4E2B-93C7-77256594E5A6}"
EndProject
Project("{2150E333-8FDC-42A3-9474-1A3956D46DE8}") = "xml2", "xml2", "{43A51399-16F9-4BB2-AF96-14243E4F2551}"
EndProject
Project("{8BC9CEB8-8B4A-11D0-8D11-00A0C91BC942}") = "xmllint", "src\libxml2\win32\xmllint\xmllint.vcxproj", "{10E4E15C-753F-40E0-B04A-D4DC31D2C2E7}"
EndProject
Project("{2150E333-8FDC-42A3-9474-1A3956D46DE8}") = "xslt", "xslt", "{CB58CBAE-9F3F-409F-B83C-D051E9976A81}"
EndProject
Project("{8BC9CEB8-8B4A-11D0-8D11-00A0C91BC942}") = "libexslt", "src\libxslt\win32\libxslt\libexslt_so.vcxproj", "{DCB943EB-AC7A-18B6-688F-44A6C8742731}"
EndProject
Project("{8BC9CEB8-8B4A-11D0-8D11-00A0C91BC942}") = "xsltproc", "src\libxslt\win32\libxslt\xsltproc.vcxproj", "{9575B1B3-4AF6-22C3-F791-D7391B2CA36B}"
EndProject
Project("{2150E333-8FDC-42A3-9474-1A3956D46DE8}") = "openssl", "openssl", "{7D76BEBD-F268-4C71-8994-49557E8009CF}"
EndProject
Project("{8BC9CEB8-8B4A-11D0-8D11-00A0C91BC942}") = "libeay32", "src\openssl\openssl\libeay32.vcxproj", "{94E8B419-53A1-4C01-857E-9744F79A4822}"
EndProject
Project("{8BC9CEB8-8B4A-11D0-8D11-00A0C91BC942}") = "ssleay32", "src\openssl\openssl\ssleay32.vcxproj", "{74EFB919-63B2-4C01-857E-9744F79A4822}"
EndProject
Project("{8BC9CEB8-8B4A-11D0-8D11-00A0C91BC942}") = "openssl_exe", "src\openssl\openssl\openssl_exe.vcxproj", "{5D8954B7-660F-4609-B72B-AFBCFD410E84}"
EndProject
Project("{2150E333-8FDC-42A3-9474-1A3956D46DE8}") = "cURL", "cURL", "{98568407-DDBC-4AD4-B1BC-1175EE1F5781}"
EndProject
Project("{8BC9CEB8-8B4A-11D0-8D11-00A0C91BC942}") = "curl", "src\curl\src\curl\curl.vcxproj", "{1A257E13-CC5F-47EF-8D78-860D537A5318}"
EndProject
Project("{8BC9CEB8-8B4A-11D0-8D11-00A0C91BC942}") = "libjpeg", "src\jpeg\jpeg.vcxproj", "{E61592E1-28F4-4AFC-9EE1-9BE833A061C1}"
EndProject
Project("{8BC9CEB8-8B4A-11D0-8D11-00A0C91BC942}") = "make_distribution", "src\make_distribution.vcxproj", "{3A83CC54-99F7-4A59-B7F1-E4AC0FE19BE2}"
EndProject
Project("{8BC9CEB8-8B4A-11D0-8D11-00A0C91BC942}") = "pngtest", "src\libpng\pngtest\pngtest.vcxproj", "{FA8C626D-22FE-4F32-BF49-A801301F5088}"
EndProject
Global
	GlobalSection(SolutionConfigurationPlatforms) = preSolution
		Debug|Itanium = Debug|Itanium
		Debug|Win32 = Debug|Win32
		Debug|x64 = Debug|x64
		Release|Itanium = Release|Itanium
		Release|Win32 = Release|Win32
		Release|x64 = Release|x64
		Template|Itanium = Template|Itanium
		Template|Win32 = Template|Win32
		Template|x64 = Template|x64
	EndGlobalSection
	GlobalSection(ProjectConfigurationPlatforms) = postSolution
		{FD42917E-C1F2-4C77-8CFE-E26572BD909D}.Debug|Itanium.ActiveCfg = Debug|Win32
		{FD42917E-C1F2-4C77-8CFE-E26572BD909D}.Debug|Win32.ActiveCfg = Debug|Win32
		{FD42917E-C1F2-4C77-8CFE-E26572BD909D}.Debug|Win32.Build.0 = Debug|Win32
		{FD42917E-C1F2-4C77-8CFE-E26572BD909D}.Debug|x64.ActiveCfg = Debug|Win32
		{FD42917E-C1F2-4C77-8CFE-E26572BD909D}.Release|Itanium.ActiveCfg = Release|Win32
		{FD42917E-C1F2-4C77-8CFE-E26572BD909D}.Release|Win32.ActiveCfg = Release|Win32
		{FD42917E-C1F2-4C77-8CFE-E26572BD909D}.Release|Win32.Build.0 = Release|Win32
		{FD42917E-C1F2-4C77-8CFE-E26572BD909D}.Release|x64.ActiveCfg = Release|x64
		{FD42917E-C1F2-4C77-8CFE-E26572BD909D}.Template|Itanium.ActiveCfg = Release|Win32
		{FD42917E-C1F2-4C77-8CFE-E26572BD909D}.Template|Win32.ActiveCfg = Release|Win32
		{FD42917E-C1F2-4C77-8CFE-E26572BD909D}.Template|Win32.Build.0 = Release|Win32
		{FD42917E-C1F2-4C77-8CFE-E26572BD909D}.Template|x64.ActiveCfg = Release|Win32
		{0637EB24-7B2D-4B4A-9D95-7C72E7B48D5C}.Debug|Itanium.ActiveCfg = Debug|Win32
		{0637EB24-7B2D-4B4A-9D95-7C72E7B48D5C}.Debug|Win32.ActiveCfg = Debug|Win32
		{0637EB24-7B2D-4B4A-9D95-7C72E7B48D5C}.Debug|Win32.Build.0 = Debug|Win32
		{0637EB24-7B2D-4B4A-9D95-7C72E7B48D5C}.Debug|x64.ActiveCfg = Debug|Win32
		{0637EB24-7B2D-4B4A-9D95-7C72E7B48D5C}.Release|Itanium.ActiveCfg = Release|Win32
		{0637EB24-7B2D-4B4A-9D95-7C72E7B48D5C}.Release|Win32.ActiveCfg = Release|Win32
		{0637EB24-7B2D-4B4A-9D95-7C72E7B48D5C}.Release|Win32.Build.0 = Release|Win32
		{0637EB24-7B2D-4B4A-9D95-7C72E7B48D5C}.Release|x64.ActiveCfg = Release|x64
		{0637EB24-7B2D-4B4A-9D95-7C72E7B48D5C}.Template|Itanium.ActiveCfg = Release|Win32
		{0637EB24-7B2D-4B4A-9D95-7C72E7B48D5C}.Template|Win32.ActiveCfg = Release|Win32
		{0637EB24-7B2D-4B4A-9D95-7C72E7B48D5C}.Template|Win32.Build.0 = Release|Win32
		{0637EB24-7B2D-4B4A-9D95-7C72E7B48D5C}.Template|x64.ActiveCfg = Release|Win32
		{1C577933-7FC6-477F-9971-FB9405875D17}.Debug|Itanium.ActiveCfg = Debug|Win32
		{1C577933-7FC6-477F-9971-FB9405875D17}.Debug|Win32.ActiveCfg = Debug|Win32
		{1C577933-7FC6-477F-9971-FB9405875D17}.Debug|Win32.Build.0 = Debug|Win32
		{1C577933-7FC6-477F-9971-FB9405875D17}.Debug|x64.ActiveCfg = Debug|Win32
		{1C577933-7FC6-477F-9971-FB9405875D17}.Release|Itanium.ActiveCfg = Release|Win32
		{1C577933-7FC6-477F-9971-FB9405875D17}.Release|Win32.ActiveCfg = Release|Win32
		{1C577933-7FC6-477F-9971-FB9405875D17}.Release|Win32.Build.0 = Release|Win32
		{1C577933-7FC6-477F-9971-FB9405875D17}.Release|x64.ActiveCfg = Release|x64
		{1C577933-7FC6-477F-9971-FB9405875D17}.Template|Itanium.ActiveCfg = Release|Win32
		{1C577933-7FC6-477F-9971-FB9405875D17}.Template|Win32.ActiveCfg = Release|Win32
		{1C577933-7FC6-477F-9971-FB9405875D17}.Template|Win32.Build.0 = Release|Win32
		{1C577933-7FC6-477F-9971-FB9405875D17}.Template|x64.ActiveCfg = Release|Win32
		{B3408263-0CF1-47BE-83CC-56070EFC9BC1}.Debug|Itanium.ActiveCfg = Debug|Win32
		{B3408263-0CF1-47BE-83CC-56070EFC9BC1}.Debug|Win32.ActiveCfg = Debug|Win32
		{B3408263-0CF1-47BE-83CC-56070EFC9BC1}.Debug|Win32.Build.0 = Debug|Win32
		{B3408263-0CF1-47BE-83CC-56070EFC9BC1}.Debug|x64.ActiveCfg = Debug|Win32
		{B3408263-0CF1-47BE-83CC-56070EFC9BC1}.Release|Itanium.ActiveCfg = Release|Win32
		{B3408263-0CF1-47BE-83CC-56070EFC9BC1}.Release|Win32.ActiveCfg = Release|Win32
		{B3408263-0CF1-47BE-83CC-56070EFC9BC1}.Release|Win32.Build.0 = Release|Win32
		{B3408263-0CF1-47BE-83CC-56070EFC9BC1}.Release|x64.ActiveCfg = Release|x64
		{B3408263-0CF1-47BE-83CC-56070EFC9BC1}.Template|Itanium.ActiveCfg = Release|Win32
		{B3408263-0CF1-47BE-83CC-56070EFC9BC1}.Template|Win32.ActiveCfg = Release|Win32
		{B3408263-0CF1-47BE-83CC-56070EFC9BC1}.Template|Win32.Build.0 = Release|Win32
		{B3408263-0CF1-47BE-83CC-56070EFC9BC1}.Template|x64.ActiveCfg = Release|Win32
		{E38C1996-8B3D-4050-A4B2-DC85957B047D}.Debug|Itanium.ActiveCfg = Debug|Win32
		{E38C1996-8B3D-4050-A4B2-DC85957B047D}.Debug|Win32.ActiveCfg = Debug|Win32
		{E38C1996-8B3D-4050-A4B2-DC85957B047D}.Debug|Win32.Build.0 = Debug|Win32
		{E38C1996-8B3D-4050-A4B2-DC85957B047D}.Debug|x64.ActiveCfg = Debug|Win32
		{E38C1996-8B3D-4050-A4B2-DC85957B047D}.Release|Itanium.ActiveCfg = Release|Win32
		{E38C1996-8B3D-4050-A4B2-DC85957B047D}.Release|Win32.ActiveCfg = Release|Win32
		{E38C1996-8B3D-4050-A4B2-DC85957B047D}.Release|Win32.Build.0 = Release|Win32
		{E38C1996-8B3D-4050-A4B2-DC85957B047D}.Release|x64.ActiveCfg = Release|x64
		{E38C1996-8B3D-4050-A4B2-DC85957B047D}.Template|Itanium.ActiveCfg = Release|Win32
		{E38C1996-8B3D-4050-A4B2-DC85957B047D}.Template|Win32.ActiveCfg = Release|Win32
		{E38C1996-8B3D-4050-A4B2-DC85957B047D}.Template|Win32.Build.0 = Release|Win32
		{E38C1996-8B3D-4050-A4B2-DC85957B047D}.Template|x64.ActiveCfg = Release|Win32
		{69CCE97A-88C6-49E2-BB5F-9CEC31BEC238}.Debug|Itanium.ActiveCfg = Debug|Win32
		{69CCE97A-88C6-49E2-BB5F-9CEC31BEC238}.Debug|Win32.ActiveCfg = Debug|Win32
		{69CCE97A-88C6-49E2-BB5F-9CEC31BEC238}.Debug|Win32.Build.0 = Debug|Win32
		{69CCE97A-88C6-49E2-BB5F-9CEC31BEC238}.Debug|x64.ActiveCfg = Debug|Win32
		{69CCE97A-88C6-49E2-BB5F-9CEC31BEC238}.Release|Itanium.ActiveCfg = Release|Win32
		{69CCE97A-88C6-49E2-BB5F-9CEC31BEC238}.Release|Win32.ActiveCfg = Release|Win32
		{69CCE97A-88C6-49E2-BB5F-9CEC31BEC238}.Release|Win32.Build.0 = Release|Win32
		{69CCE97A-88C6-49E2-BB5F-9CEC31BEC238}.Release|x64.ActiveCfg = Release|x64
		{69CCE97A-88C6-49E2-BB5F-9CEC31BEC238}.Template|Itanium.ActiveCfg = Release|Win32
		{69CCE97A-88C6-49E2-BB5F-9CEC31BEC238}.Template|Win32.ActiveCfg = Release|Win32
		{69CCE97A-88C6-49E2-BB5F-9CEC31BEC238}.Template|Win32.Build.0 = Release|Win32
		{69CCE97A-88C6-49E2-BB5F-9CEC31BEC238}.Template|x64.ActiveCfg = Release|Win32
		{A02A055B-7676-4A0F-A81E-573030C69571}.Debug|Itanium.ActiveCfg = Debug|Win32
		{A02A055B-7676-4A0F-A81E-573030C69571}.Debug|Win32.ActiveCfg = Debug|Win32
		{A02A055B-7676-4A0F-A81E-573030C69571}.Debug|Win32.Build.0 = Debug|Win32
		{A02A055B-7676-4A0F-A81E-573030C69571}.Debug|x64.ActiveCfg = Debug|Win32
		{A02A055B-7676-4A0F-A81E-573030C69571}.Release|Itanium.ActiveCfg = Release|Win32
		{A02A055B-7676-4A0F-A81E-573030C69571}.Release|Win32.ActiveCfg = Release|Win32
		{A02A055B-7676-4A0F-A81E-573030C69571}.Release|Win32.Build.0 = Release|Win32
		{A02A055B-7676-4A0F-A81E-573030C69571}.Release|x64.ActiveCfg = Release|x64
		{A02A055B-7676-4A0F-A81E-573030C69571}.Template|Itanium.ActiveCfg = Release|Win32
		{A02A055B-7676-4A0F-A81E-573030C69571}.Template|Win32.ActiveCfg = Release|Win32
		{A02A055B-7676-4A0F-A81E-573030C69571}.Template|Win32.Build.0 = Release|Win32
		{A02A055B-7676-4A0F-A81E-573030C69571}.Template|x64.ActiveCfg = Release|Win32
		{AFEF050F-F435-41D5-B78B-54CD41AF36BA}.Debug|Itanium.ActiveCfg = Debug|Win32
		{AFEF050F-F435-41D5-B78B-54CD41AF36BA}.Debug|Win32.ActiveCfg = Debug|Win32
		{AFEF050F-F435-41D5-B78B-54CD41AF36BA}.Debug|Win32.Build.0 = Debug|Win32
		{AFEF050F-F435-41D5-B78B-54CD41AF36BA}.Debug|x64.ActiveCfg = Debug|Win32
		{AFEF050F-F435-41D5-B78B-54CD41AF36BA}.Release|Itanium.ActiveCfg = Release|Win32
		{AFEF050F-F435-41D5-B78B-54CD41AF36BA}.Release|Win32.ActiveCfg = Release|Win32
		{AFEF050F-F435-41D5-B78B-54CD41AF36BA}.Release|Win32.Build.0 = Release|Win32
		{AFEF050F-F435-41D5-B78B-54CD41AF36BA}.Release|x64.ActiveCfg = Release|x64
		{AFEF050F-F435-41D5-B78B-54CD41AF36BA}.Template|Itanium.ActiveCfg = Release|Win32
		{AFEF050F-F435-41D5-B78B-54CD41AF36BA}.Template|Win32.ActiveCfg = Release|Win32
		{AFEF050F-F435-41D5-B78B-54CD41AF36BA}.Template|Win32.Build.0 = Release|Win32
		{AFEF050F-F435-41D5-B78B-54CD41AF36BA}.Template|x64.ActiveCfg = Release|Win32
		{EC99198F-4CDD-4D85-AE6F-F837FF6CC372}.Debug|Itanium.ActiveCfg = Debug|Win32
		{EC99198F-4CDD-4D85-AE6F-F837FF6CC372}.Debug|Win32.ActiveCfg = Debug|Win32
		{EC99198F-4CDD-4D85-AE6F-F837FF6CC372}.Debug|Win32.Build.0 = Debug|Win32
		{EC99198F-4CDD-4D85-AE6F-F837FF6CC372}.Debug|x64.ActiveCfg = Debug|Win32
		{EC99198F-4CDD-4D85-AE6F-F837FF6CC372}.Release|Itanium.ActiveCfg = Release|Win32
		{EC99198F-4CDD-4D85-AE6F-F837FF6CC372}.Release|Win32.ActiveCfg = Release|Win32
		{EC99198F-4CDD-4D85-AE6F-F837FF6CC372}.Release|Win32.Build.0 = Release|Win32
		{EC99198F-4CDD-4D85-AE6F-F837FF6CC372}.Release|x64.ActiveCfg = Release|x64
		{EC99198F-4CDD-4D85-AE6F-F837FF6CC372}.Template|Itanium.ActiveCfg = Release|Win32
		{EC99198F-4CDD-4D85-AE6F-F837FF6CC372}.Template|Win32.ActiveCfg = Release|Win32
		{EC99198F-4CDD-4D85-AE6F-F837FF6CC372}.Template|Win32.Build.0 = Release|Win32
		{EC99198F-4CDD-4D85-AE6F-F837FF6CC372}.Template|x64.ActiveCfg = Release|Win32
		{F7659D77-09CF-4FE9-ACEE-927287AA9509}.Debug|Itanium.ActiveCfg = Debug|x64
		{F7659D77-09CF-4FE9-ACEE-927287AA9509}.Debug|Win32.ActiveCfg = Debug|Win32
		{F7659D77-09CF-4FE9-ACEE-927287AA9509}.Debug|Win32.Build.0 = Debug|Win32
		{F7659D77-09CF-4FE9-ACEE-927287AA9509}.Debug|x64.ActiveCfg = Debug|x64
		{F7659D77-09CF-4FE9-ACEE-927287AA9509}.Debug|x64.Build.0 = Debug|x64
		{F7659D77-09CF-4FE9-ACEE-927287AA9509}.Release|Itanium.ActiveCfg = Release|x64
		{F7659D77-09CF-4FE9-ACEE-927287AA9509}.Release|Win32.ActiveCfg = Release|Win32
		{F7659D77-09CF-4FE9-ACEE-927287AA9509}.Release|Win32.Build.0 = Release|Win32
		{F7659D77-09CF-4FE9-ACEE-927287AA9509}.Release|x64.ActiveCfg = Release|x64
		{F7659D77-09CF-4FE9-ACEE-927287AA9509}.Release|x64.Build.0 = Release|x64
		{F7659D77-09CF-4FE9-ACEE-927287AA9509}.Template|Itanium.ActiveCfg = Release|x64
		{F7659D77-09CF-4FE9-ACEE-927287AA9509}.Template|Win32.ActiveCfg = Release|x64
		{F7659D77-09CF-4FE9-ACEE-927287AA9509}.Template|Win32.Build.0 = Release|x64
		{F7659D77-09CF-4FE9-ACEE-927287AA9509}.Template|x64.ActiveCfg = Release|x64
		{F7659D77-09CF-4FE9-ACEE-927287AA9509}.Template|x64.Build.0 = Release|x64
		{3D1246AE-1B32-479B-BECA-AEFA97BE2321}.Debug|Itanium.ActiveCfg = Debug|Win32
		{3D1246AE-1B32-479B-BECA-AEFA97BE2321}.Debug|Win32.ActiveCfg = Debug|Win32
		{3D1246AE-1B32-479B-BECA-AEFA97BE2321}.Debug|Win32.Build.0 = Debug|Win32
		{3D1246AE-1B32-479B-BECA-AEFA97BE2321}.Debug|x64.ActiveCfg = Debug|Win32
		{3D1246AE-1B32-479B-BECA-AEFA97BE2321}.Release|Itanium.ActiveCfg = Release|Win32
		{3D1246AE-1B32-479B-BECA-AEFA97BE2321}.Release|Win32.ActiveCfg = Release|Win32
		{3D1246AE-1B32-479B-BECA-AEFA97BE2321}.Release|Win32.Build.0 = Release|Win32
		{3D1246AE-1B32-479B-BECA-AEFA97BE2321}.Release|x64.ActiveCfg = Release|x64
		{3D1246AE-1B32-479B-BECA-AEFA97BE2321}.Template|Itanium.ActiveCfg = Release|Win32
		{3D1246AE-1B32-479B-BECA-AEFA97BE2321}.Template|Win32.ActiveCfg = Release|Win32
		{3D1246AE-1B32-479B-BECA-AEFA97BE2321}.Template|Win32.Build.0 = Release|Win32
		{3D1246AE-1B32-479B-BECA-AEFA97BE2321}.Template|x64.ActiveCfg = Release|Win32
		{73C0A65B-D1F2-4DE1-B3A6-15DAD2C23F3D}.Debug|Itanium.ActiveCfg = Debug|Win32
		{73C0A65B-D1F2-4DE1-B3A6-15DAD2C23F3D}.Debug|Win32.ActiveCfg = Debug|Win32
		{73C0A65B-D1F2-4DE1-B3A6-15DAD2C23F3D}.Debug|Win32.Build.0 = Debug|Win32
		{73C0A65B-D1F2-4DE1-B3A6-15DAD2C23F3D}.Debug|x64.ActiveCfg = Debug|Win32
		{73C0A65B-D1F2-4DE1-B3A6-15DAD2C23F3D}.Release|Itanium.ActiveCfg = Release|Win32
		{73C0A65B-D1F2-4DE1-B3A6-15DAD2C23F3D}.Release|Win32.ActiveCfg = Release|Win32
		{73C0A65B-D1F2-4DE1-B3A6-15DAD2C23F3D}.Release|Win32.Build.0 = Release|Win32
		{73C0A65B-D1F2-4DE1-B3A6-15DAD2C23F3D}.Release|x64.ActiveCfg = Release|x64
		{73C0A65B-D1F2-4DE1-B3A6-15DAD2C23F3D}.Template|Itanium.ActiveCfg = Release|Win32
		{73C0A65B-D1F2-4DE1-B3A6-15DAD2C23F3D}.Template|Win32.ActiveCfg = Release|Win32
		{73C0A65B-D1F2-4DE1-B3A6-15DAD2C23F3D}.Template|Win32.Build.0 = Release|Win32
		{73C0A65B-D1F2-4DE1-B3A6-15DAD2C23F3D}.Template|x64.ActiveCfg = Release|Win32
		{ECA6B435-B4FA-4F9F-BF95-F451D078FC47}.Debug|Itanium.ActiveCfg = Debug|Win32
		{ECA6B435-B4FA-4F9F-BF95-F451D078FC47}.Debug|Win32.ActiveCfg = Debug|Win32
		{ECA6B435-B4FA-4F9F-BF95-F451D078FC47}.Debug|Win32.Build.0 = Debug|Win32
		{ECA6B435-B4FA-4F9F-BF95-F451D078FC47}.Debug|x64.ActiveCfg = Debug|Win32
		{ECA6B435-B4FA-4F9F-BF95-F451D078FC47}.Release|Itanium.ActiveCfg = Release|Win32
		{ECA6B435-B4FA-4F9F-BF95-F451D078FC47}.Release|Win32.ActiveCfg = Release|Win32
		{ECA6B435-B4FA-4F9F-BF95-F451D078FC47}.Release|Win32.Build.0 = Release|Win32
		{ECA6B435-B4FA-4F9F-BF95-F451D078FC47}.Release|x64.ActiveCfg = Release|x64
		{ECA6B435-B4FA-4F9F-BF95-F451D078FC47}.Template|Itanium.ActiveCfg = Release|Win32
		{ECA6B435-B4FA-4F9F-BF95-F451D078FC47}.Template|Win32.ActiveCfg = Release|Win32
		{ECA6B435-B4FA-4F9F-BF95-F451D078FC47}.Template|Win32.Build.0 = Release|Win32
		{ECA6B435-B4FA-4F9F-BF95-F451D078FC47}.Template|x64.ActiveCfg = Release|Win32
		{38B5751A-C6F9-4409-950C-F4F9DA17275F}.Debug|Itanium.ActiveCfg = Debug|x64
		{38B5751A-C6F9-4409-950C-F4F9DA17275F}.Debug|Win32.ActiveCfg = Debug|Win32
		{38B5751A-C6F9-4409-950C-F4F9DA17275F}.Debug|Win32.Build.0 = Debug|Win32
		{38B5751A-C6F9-4409-950C-F4F9DA17275F}.Debug|x64.ActiveCfg = Debug|x64
		{38B5751A-C6F9-4409-950C-F4F9DA17275F}.Debug|x64.Build.0 = Debug|x64
		{38B5751A-C6F9-4409-950C-F4F9DA17275F}.Release|Itanium.ActiveCfg = Release|x64
		{38B5751A-C6F9-4409-950C-F4F9DA17275F}.Release|Win32.ActiveCfg = Release|Win32
		{38B5751A-C6F9-4409-950C-F4F9DA17275F}.Release|Win32.Build.0 = Release|Win32
		{38B5751A-C6F9-4409-950C-F4F9DA17275F}.Release|x64.ActiveCfg = Release|x64
		{38B5751A-C6F9-4409-950C-F4F9DA17275F}.Release|x64.Build.0 = Release|x64
		{38B5751A-C6F9-4409-950C-F4F9DA17275F}.Template|Itanium.ActiveCfg = Release|x64
		{38B5751A-C6F9-4409-950C-F4F9DA17275F}.Template|Win32.ActiveCfg = Release|x64
		{38B5751A-C6F9-4409-950C-F4F9DA17275F}.Template|Win32.Build.0 = Release|x64
		{38B5751A-C6F9-4409-950C-F4F9DA17275F}.Template|x64.ActiveCfg = Release|x64
		{38B5751A-C6F9-4409-950C-F4F9DA17275F}.Template|x64.Build.0 = Release|x64
		{D3065ADB-8820-4CC7-9B6C-9510833961A3}.Debug|Itanium.ActiveCfg = Debug|Win32
		{D3065ADB-8820-4CC7-9B6C-9510833961A3}.Debug|Win32.ActiveCfg = Debug|Win32
		{D3065ADB-8820-4CC7-9B6C-9510833961A3}.Debug|Win32.Build.0 = Debug|Win32
		{D3065ADB-8820-4CC7-9B6C-9510833961A3}.Debug|x64.ActiveCfg = Debug|Win32
		{D3065ADB-8820-4CC7-9B6C-9510833961A3}.Release|Itanium.ActiveCfg = Release|Win32
		{D3065ADB-8820-4CC7-9B6C-9510833961A3}.Release|Win32.ActiveCfg = Release|Win32
		{D3065ADB-8820-4CC7-9B6C-9510833961A3}.Release|Win32.Build.0 = Release|Win32
		{D3065ADB-8820-4CC7-9B6C-9510833961A3}.Release|x64.ActiveCfg = Release|x64
		{D3065ADB-8820-4CC7-9B6C-9510833961A3}.Template|Itanium.ActiveCfg = Release|Win32
		{D3065ADB-8820-4CC7-9B6C-9510833961A3}.Template|Win32.ActiveCfg = Release|Win32
		{D3065ADB-8820-4CC7-9B6C-9510833961A3}.Template|Win32.Build.0 = Release|Win32
		{D3065ADB-8820-4CC7-9B6C-9510833961A3}.Template|x64.ActiveCfg = Release|Win32
		{C2BE5000-7501-4E87-9724-B8D82494FAE6}.Debug|Itanium.ActiveCfg = Debug|Win32
		{C2BE5000-7501-4E87-9724-B8D82494FAE6}.Debug|Win32.ActiveCfg = Debug|Win32
		{C2BE5000-7501-4E87-9724-B8D82494FAE6}.Debug|Win32.Build.0 = Debug|Win32
		{C2BE5000-7501-4E87-9724-B8D82494FAE6}.Debug|x64.ActiveCfg = Debug|Win32
		{C2BE5000-7501-4E87-9724-B8D82494FAE6}.Release|Itanium.ActiveCfg = Release|Win32
		{C2BE5000-7501-4E87-9724-B8D82494FAE6}.Release|Win32.ActiveCfg = Release|Win32
		{C2BE5000-7501-4E87-9724-B8D82494FAE6}.Release|Win32.Build.0 = Release|Win32
		{C2BE5000-7501-4E87-9724-B8D82494FAE6}.Release|x64.ActiveCfg = Release|x64
		{C2BE5000-7501-4E87-9724-B8D82494FAE6}.Template|Itanium.ActiveCfg = Release|Win32
		{C2BE5000-7501-4E87-9724-B8D82494FAE6}.Template|Win32.ActiveCfg = Release|Win32
		{C2BE5000-7501-4E87-9724-B8D82494FAE6}.Template|Win32.Build.0 = Release|Win32
		{C2BE5000-7501-4E87-9724-B8D82494FAE6}.Template|x64.ActiveCfg = Release|Win32
		{FDD3C4F2-9805-44EB-9A77-BC1C1C95B547}.Debug|Itanium.ActiveCfg = Debug|x64
		{FDD3C4F2-9805-44EB-9A77-BC1C1C95B547}.Debug|Win32.ActiveCfg = Debug|Win32
		{FDD3C4F2-9805-44EB-9A77-BC1C1C95B547}.Debug|Win32.Build.0 = Debug|Win32
		{FDD3C4F2-9805-44EB-9A77-BC1C1C95B547}.Debug|x64.ActiveCfg = Debug|x64
		{FDD3C4F2-9805-44EB-9A77-BC1C1C95B547}.Debug|x64.Build.0 = Debug|x64
		{FDD3C4F2-9805-44EB-9A77-BC1C1C95B547}.Release|Itanium.ActiveCfg = Release|x64
		{FDD3C4F2-9805-44EB-9A77-BC1C1C95B547}.Release|Win32.ActiveCfg = Release|Win32
		{FDD3C4F2-9805-44EB-9A77-BC1C1C95B547}.Release|Win32.Build.0 = Release|Win32
		{FDD3C4F2-9805-44EB-9A77-BC1C1C95B547}.Release|x64.ActiveCfg = Release|x64
		{FDD3C4F2-9805-44EB-9A77-BC1C1C95B547}.Release|x64.Build.0 = Release|x64
		{FDD3C4F2-9805-44EB-9A77-BC1C1C95B547}.Template|Itanium.ActiveCfg = Release|x64
		{FDD3C4F2-9805-44EB-9A77-BC1C1C95B547}.Template|Win32.ActiveCfg = Release|x64
		{FDD3C4F2-9805-44EB-9A77-BC1C1C95B547}.Template|Win32.Build.0 = Release|x64
		{FDD3C4F2-9805-44EB-9A77-BC1C1C95B547}.Template|x64.ActiveCfg = Release|x64
		{FDD3C4F2-9805-44EB-9A77-BC1C1C95B547}.Template|x64.Build.0 = Release|x64
		{A8D36F8D-09E6-4174-91C3-7BEAA9C3F04F}.Debug|Itanium.ActiveCfg = Debug|Win32
		{A8D36F8D-09E6-4174-91C3-7BEAA9C3F04F}.Debug|Win32.ActiveCfg = Debug|Win32
		{A8D36F8D-09E6-4174-91C3-7BEAA9C3F04F}.Debug|Win32.Build.0 = Debug|Win32
		{A8D36F8D-09E6-4174-91C3-7BEAA9C3F04F}.Debug|x64.ActiveCfg = Debug|Win32
		{A8D36F8D-09E6-4174-91C3-7BEAA9C3F04F}.Release|Itanium.ActiveCfg = Release|Win32
		{A8D36F8D-09E6-4174-91C3-7BEAA9C3F04F}.Release|Win32.ActiveCfg = Release|Win32
		{A8D36F8D-09E6-4174-91C3-7BEAA9C3F04F}.Release|Win32.Build.0 = Release|Win32
		{A8D36F8D-09E6-4174-91C3-7BEAA9C3F04F}.Release|x64.ActiveCfg = Release|x64
		{A8D36F8D-09E6-4174-91C3-7BEAA9C3F04F}.Template|Itanium.ActiveCfg = Release|Win32
		{A8D36F8D-09E6-4174-91C3-7BEAA9C3F04F}.Template|Win32.ActiveCfg = Release|Win32
		{A8D36F8D-09E6-4174-91C3-7BEAA9C3F04F}.Template|Win32.Build.0 = Release|Win32
		{A8D36F8D-09E6-4174-91C3-7BEAA9C3F04F}.Template|x64.ActiveCfg = Release|Win32
		{8B41752B-5A52-41E4-B7E0-07921C0CC6BF}.Debug|Itanium.ActiveCfg = Debug|Win32
		{8B41752B-5A52-41E4-B7E0-07921C0CC6BF}.Debug|Win32.ActiveCfg = Debug|Win32
		{8B41752B-5A52-41E4-B7E0-07921C0CC6BF}.Debug|Win32.Build.0 = Debug|Win32
		{8B41752B-5A52-41E4-B7E0-07921C0CC6BF}.Debug|x64.ActiveCfg = Debug|Win32
		{8B41752B-5A52-41E4-B7E0-07921C0CC6BF}.Release|Itanium.ActiveCfg = Release|Win32
		{8B41752B-5A52-41E4-B7E0-07921C0CC6BF}.Release|Win32.ActiveCfg = Release|Win32
		{8B41752B-5A52-41E4-B7E0-07921C0CC6BF}.Release|Win32.Build.0 = Release|Win32
		{8B41752B-5A52-41E4-B7E0-07921C0CC6BF}.Release|x64.ActiveCfg = Release|x64
		{8B41752B-5A52-41E4-B7E0-07921C0CC6BF}.Template|Itanium.ActiveCfg = Release|Win32
		{8B41752B-5A52-41E4-B7E0-07921C0CC6BF}.Template|Win32.ActiveCfg = Release|Win32
		{8B41752B-5A52-41E4-B7E0-07921C0CC6BF}.Template|Win32.Build.0 = Release|Win32
		{8B41752B-5A52-41E4-B7E0-07921C0CC6BF}.Template|x64.ActiveCfg = Release|Win32
		{97521D06-EC47-45D4-8BD0-9E16B3F93B2A}.Debug|Itanium.ActiveCfg = Debug|Win32
		{97521D06-EC47-45D4-8BD0-9E16B3F93B2A}.Debug|Win32.ActiveCfg = Debug|Win32
		{97521D06-EC47-45D4-8BD0-9E16B3F93B2A}.Debug|Win32.Build.0 = Debug|Win32
		{97521D06-EC47-45D4-8BD0-9E16B3F93B2A}.Debug|x64.ActiveCfg = Debug|Win32
		{97521D06-EC47-45D4-8BD0-9E16B3F93B2A}.Release|Itanium.ActiveCfg = Release|Win32
		{97521D06-EC47-45D4-8BD0-9E16B3F93B2A}.Release|Win32.ActiveCfg = Release|Win32
		{97521D06-EC47-45D4-8BD0-9E16B3F93B2A}.Release|Win32.Build.0 = Release|Win32
		{97521D06-EC47-45D4-8BD0-9E16B3F93B2A}.Release|x64.ActiveCfg = Release|x64
		{97521D06-EC47-45D4-8BD0-9E16B3F93B2A}.Template|Itanium.ActiveCfg = Release|Win32
		{97521D06-EC47-45D4-8BD0-9E16B3F93B2A}.Template|Win32.ActiveCfg = Release|Win32
		{97521D06-EC47-45D4-8BD0-9E16B3F93B2A}.Template|Win32.Build.0 = Release|Win32
		{97521D06-EC47-45D4-8BD0-9E16B3F93B2A}.Template|x64.ActiveCfg = Release|Win32
		{77C78066-746F-4EA6-B3FE-B8C8A4A97891}.Debug|Itanium.ActiveCfg = Debug|Win32
		{77C78066-746F-4EA6-B3FE-B8C8A4A97891}.Debug|Win32.ActiveCfg = Debug|Win32
		{77C78066-746F-4EA6-B3FE-B8C8A4A97891}.Debug|Win32.Build.0 = Debug|Win32
		{77C78066-746F-4EA6-B3FE-B8C8A4A97891}.Debug|x64.ActiveCfg = Debug|Win32
		{77C78066-746F-4EA6-B3FE-B8C8A4A97891}.Release|Itanium.ActiveCfg = Release|Win32
		{77C78066-746F-4EA6-B3FE-B8C8A4A97891}.Release|Win32.ActiveCfg = Release|Win32
		{77C78066-746F-4EA6-B3FE-B8C8A4A97891}.Release|Win32.Build.0 = Release|Win32
		{77C78066-746F-4EA6-B3FE-B8C8A4A97891}.Release|x64.ActiveCfg = Release|x64
		{77C78066-746F-4EA6-B3FE-B8C8A4A97891}.Template|Itanium.ActiveCfg = Release|Win32
		{77C78066-746F-4EA6-B3FE-B8C8A4A97891}.Template|Win32.ActiveCfg = Release|Win32
		{77C78066-746F-4EA6-B3FE-B8C8A4A97891}.Template|Win32.Build.0 = Release|Win32
		{77C78066-746F-4EA6-B3FE-B8C8A4A97891}.Template|x64.ActiveCfg = Release|Win32
		{0178B127-6269-407D-B112-93877BB62776}.Debug|Itanium.ActiveCfg = Debug|Win32
		{0178B127-6269-407D-B112-93877BB62776}.Debug|Win32.ActiveCfg = Debug|Win32
		{0178B127-6269-407D-B112-93877BB62776}.Debug|Win32.Build.0 = Debug|Win32
		{0178B127-6269-407D-B112-93877BB62776}.Debug|x64.ActiveCfg = Debug|Win32
		{0178B127-6269-407D-B112-93877BB62776}.Release|Itanium.ActiveCfg = Release|Win32
		{0178B127-6269-407D-B112-93877BB62776}.Release|Win32.ActiveCfg = Release|Win32
		{0178B127-6269-407D-B112-93877BB62776}.Release|Win32.Build.0 = Release|Win32
		{0178B127-6269-407D-B112-93877BB62776}.Release|x64.ActiveCfg = Release|x64
		{0178B127-6269-407D-B112-93877BB62776}.Template|Itanium.ActiveCfg = Release|Win32
		{0178B127-6269-407D-B112-93877BB62776}.Template|Win32.ActiveCfg = Release|Win32
		{0178B127-6269-407D-B112-93877BB62776}.Template|Win32.Build.0 = Release|Win32
		{0178B127-6269-407D-B112-93877BB62776}.Template|x64.ActiveCfg = Release|Win32
		{73632960-B3A6-464D-83A3-4B43365F19B8}.Debug|Itanium.ActiveCfg = Debug|Win32
		{73632960-B3A6-464D-83A3-4B43365F19B8}.Debug|Win32.ActiveCfg = Debug|Win32
		{73632960-B3A6-464D-83A3-4B43365F19B8}.Debug|Win32.Build.0 = Debug|Win32
		{73632960-B3A6-464D-83A3-4B43365F19B8}.Debug|x64.ActiveCfg = Debug|Win32
		{73632960-B3A6-464D-83A3-4B43365F19B8}.Release|Itanium.ActiveCfg = Release|Win32
		{73632960-B3A6-464D-83A3-4B43365F19B8}.Release|Win32.ActiveCfg = Release|Win32
		{73632960-B3A6-464D-83A3-4B43365F19B8}.Release|Win32.Build.0 = Release|Win32
		{73632960-B3A6-464D-83A3-4B43365F19B8}.Release|x64.ActiveCfg = Release|x64
		{73632960-B3A6-464D-83A3-4B43365F19B8}.Template|Itanium.ActiveCfg = Release|Win32
		{73632960-B3A6-464D-83A3-4B43365F19B8}.Template|Win32.ActiveCfg = Release|Win32
		{73632960-B3A6-464D-83A3-4B43365F19B8}.Template|Win32.Build.0 = Release|Win32
		{73632960-B3A6-464D-83A3-4B43365F19B8}.Template|x64.ActiveCfg = Release|Win32
		{C920062A-0647-4553-A3B2-37C58065664B}.Debug|Itanium.ActiveCfg = Debug|Win32
		{C920062A-0647-4553-A3B2-37C58065664B}.Debug|Win32.ActiveCfg = Debug|Win32
		{C920062A-0647-4553-A3B2-37C58065664B}.Debug|Win32.Build.0 = Debug|Win32
		{C920062A-0647-4553-A3B2-37C58065664B}.Debug|x64.ActiveCfg = Debug|Win32
		{C920062A-0647-4553-A3B2-37C58065664B}.Release|Itanium.ActiveCfg = Release|Win32
		{C920062A-0647-4553-A3B2-37C58065664B}.Release|Win32.ActiveCfg = Release|Win32
		{C920062A-0647-4553-A3B2-37C58065664B}.Release|Win32.Build.0 = Release|Win32
		{C920062A-0647-4553-A3B2-37C58065664B}.Release|x64.ActiveCfg = Release|x64
		{C920062A-0647-4553-A3B2-37C58065664B}.Template|Itanium.ActiveCfg = Release|Win32
		{C920062A-0647-4553-A3B2-37C58065664B}.Template|Win32.ActiveCfg = Release|Win32
		{C920062A-0647-4553-A3B2-37C58065664B}.Template|Win32.Build.0 = Release|Win32
		{C920062A-0647-4553-A3B2-37C58065664B}.Template|x64.ActiveCfg = Release|Win32
		{37FC2C7F-1904-4811-8955-2F478830EAD1}.Debug|Itanium.ActiveCfg = Debug|Win32
		{37FC2C7F-1904-4811-8955-2F478830EAD1}.Debug|Win32.ActiveCfg = Debug|Win32
		{37FC2C7F-1904-4811-8955-2F478830EAD1}.Debug|Win32.Build.0 = Debug|Win32
		{37FC2C7F-1904-4811-8955-2F478830EAD1}.Debug|x64.ActiveCfg = Debug|Win32
		{37FC2C7F-1904-4811-8955-2F478830EAD1}.Release|Itanium.ActiveCfg = Release|Win32
		{37FC2C7F-1904-4811-8955-2F478830EAD1}.Release|Win32.ActiveCfg = Release|Win32
		{37FC2C7F-1904-4811-8955-2F478830EAD1}.Release|Win32.Build.0 = Release|Win32
		{37FC2C7F-1904-4811-8955-2F478830EAD1}.Release|x64.ActiveCfg = Release|x64
		{37FC2C7F-1904-4811-8955-2F478830EAD1}.Template|Itanium.ActiveCfg = Release|Win32
		{37FC2C7F-1904-4811-8955-2F478830EAD1}.Template|Win32.ActiveCfg = Release|Win32
		{37FC2C7F-1904-4811-8955-2F478830EAD1}.Template|Win32.Build.0 = Release|Win32
		{37FC2C7F-1904-4811-8955-2F478830EAD1}.Template|x64.ActiveCfg = Release|Win32
		{F5AD9738-1A3D-4906-B9C4-A7D9CE33DC2C}.Debug|Itanium.ActiveCfg = Debug|Win32
		{F5AD9738-1A3D-4906-B9C4-A7D9CE33DC2C}.Debug|Win32.ActiveCfg = Debug|Win32
		{F5AD9738-1A3D-4906-B9C4-A7D9CE33DC2C}.Debug|Win32.Build.0 = Debug|Win32
		{F5AD9738-1A3D-4906-B9C4-A7D9CE33DC2C}.Debug|x64.ActiveCfg = Debug|Win32
		{F5AD9738-1A3D-4906-B9C4-A7D9CE33DC2C}.Release|Itanium.ActiveCfg = Release|Win32
		{F5AD9738-1A3D-4906-B9C4-A7D9CE33DC2C}.Release|Win32.ActiveCfg = Release|Win32
		{F5AD9738-1A3D-4906-B9C4-A7D9CE33DC2C}.Release|Win32.Build.0 = Release|Win32
		{F5AD9738-1A3D-4906-B9C4-A7D9CE33DC2C}.Release|x64.ActiveCfg = Release|x64
		{F5AD9738-1A3D-4906-B9C4-A7D9CE33DC2C}.Template|Itanium.ActiveCfg = Release|Win32
		{F5AD9738-1A3D-4906-B9C4-A7D9CE33DC2C}.Template|Win32.ActiveCfg = Release|Win32
		{F5AD9738-1A3D-4906-B9C4-A7D9CE33DC2C}.Template|Win32.Build.0 = Release|Win32
		{F5AD9738-1A3D-4906-B9C4-A7D9CE33DC2C}.Template|x64.ActiveCfg = Release|Win32
		{D9DF7F2F-93B7-4810-B5CD-96F4F33C079B}.Debug|Itanium.ActiveCfg = Debug|Win32
		{D9DF7F2F-93B7-4810-B5CD-96F4F33C079B}.Debug|Win32.ActiveCfg = Debug|Win32
		{D9DF7F2F-93B7-4810-B5CD-96F4F33C079B}.Debug|Win32.Build.0 = Debug|Win32
		{D9DF7F2F-93B7-4810-B5CD-96F4F33C079B}.Debug|x64.ActiveCfg = Debug|Win32
		{D9DF7F2F-93B7-4810-B5CD-96F4F33C079B}.Release|Itanium.ActiveCfg = Release|Win32
		{D9DF7F2F-93B7-4810-B5CD-96F4F33C079B}.Release|Win32.ActiveCfg = Release|Win32
		{D9DF7F2F-93B7-4810-B5CD-96F4F33C079B}.Release|Win32.Build.0 = Release|Win32
		{D9DF7F2F-93B7-4810-B5CD-96F4F33C079B}.Release|x64.ActiveCfg = Release|x64
		{D9DF7F2F-93B7-4810-B5CD-96F4F33C079B}.Template|Itanium.ActiveCfg = Release|Win32
		{D9DF7F2F-93B7-4810-B5CD-96F4F33C079B}.Template|Win32.ActiveCfg = Release|Win32
		{D9DF7F2F-93B7-4810-B5CD-96F4F33C079B}.Template|Win32.Build.0 = Release|Win32
		{D9DF7F2F-93B7-4810-B5CD-96F4F33C079B}.Template|x64.ActiveCfg = Release|Win32
		{4C8454FE-81D3-4CA3-9927-29BA96F03DAC}.Debug|Itanium.ActiveCfg = Debug|Win32
		{4C8454FE-81D3-4CA3-9927-29BA96F03DAC}.Debug|Win32.ActiveCfg = Debug|Win32
		{4C8454FE-81D3-4CA3-9927-29BA96F03DAC}.Debug|Win32.Build.0 = Debug|Win32
		{4C8454FE-81D3-4CA3-9927-29BA96F03DAC}.Debug|x64.ActiveCfg = Debug|Win32
		{4C8454FE-81D3-4CA3-9927-29BA96F03DAC}.Release|Itanium.ActiveCfg = Release|Win32
		{4C8454FE-81D3-4CA3-9927-29BA96F03DAC}.Release|Win32.ActiveCfg = Release|Win32
		{4C8454FE-81D3-4CA3-9927-29BA96F03DAC}.Release|Win32.Build.0 = Release|Win32
		{4C8454FE-81D3-4CA3-9927-29BA96F03DAC}.Release|x64.ActiveCfg = Release|x64
		{4C8454FE-81D3-4CA3-9927-29BA96F03DAC}.Template|Itanium.ActiveCfg = Release|Win32
		{4C8454FE-81D3-4CA3-9927-29BA96F03DAC}.Template|Win32.ActiveCfg = Release|Win32
		{4C8454FE-81D3-4CA3-9927-29BA96F03DAC}.Template|Win32.Build.0 = Release|Win32
		{4C8454FE-81D3-4CA3-9927-29BA96F03DAC}.Template|x64.ActiveCfg = Release|Win32
		{203EC78A-0531-43F0-A636-285439BDE025}.Debug|Itanium.ActiveCfg = Debug|Win32
		{203EC78A-0531-43F0-A636-285439BDE025}.Debug|Win32.ActiveCfg = Debug|Win32
		{203EC78A-0531-43F0-A636-285439BDE025}.Debug|Win32.Build.0 = Debug|Win32
		{203EC78A-0531-43F0-A636-285439BDE025}.Debug|x64.ActiveCfg = Debug|Win32
		{203EC78A-0531-43F0-A636-285439BDE025}.Release|Itanium.ActiveCfg = Release|Win32
		{203EC78A-0531-43F0-A636-285439BDE025}.Release|Win32.ActiveCfg = Release|Win32
		{203EC78A-0531-43F0-A636-285439BDE025}.Release|Win32.Build.0 = Release|Win32
		{203EC78A-0531-43F0-A636-285439BDE025}.Release|x64.ActiveCfg = Release|x64
		{203EC78A-0531-43F0-A636-285439BDE025}.Template|Itanium.ActiveCfg = Release|Win32
		{203EC78A-0531-43F0-A636-285439BDE025}.Template|Win32.ActiveCfg = Release|Win32
		{203EC78A-0531-43F0-A636-285439BDE025}.Template|Win32.Build.0 = Release|Win32
		{203EC78A-0531-43F0-A636-285439BDE025}.Template|x64.ActiveCfg = Release|Win32
		{6B231032-3CB5-4EED-9210-810D666A23A0}.Debug|Itanium.ActiveCfg = Debug|Win32
		{6B231032-3CB5-4EED-9210-810D666A23A0}.Debug|Win32.ActiveCfg = Debug|Win32
		{6B231032-3CB5-4EED-9210-810D666A23A0}.Debug|Win32.Build.0 = Debug|Win32
		{6B231032-3CB5-4EED-9210-810D666A23A0}.Debug|x64.ActiveCfg = Debug|Win32
		{6B231032-3CB5-4EED-9210-810D666A23A0}.Release|Itanium.ActiveCfg = Release|Win32
		{6B231032-3CB5-4EED-9210-810D666A23A0}.Release|Win32.ActiveCfg = Release|Win32
		{6B231032-3CB5-4EED-9210-810D666A23A0}.Release|Win32.Build.0 = Release|Win32
		{6B231032-3CB5-4EED-9210-810D666A23A0}.Release|x64.ActiveCfg = Release|x64
		{6B231032-3CB5-4EED-9210-810D666A23A0}.Template|Itanium.ActiveCfg = Release|Win32
		{6B231032-3CB5-4EED-9210-810D666A23A0}.Template|Win32.ActiveCfg = Release|Win32
		{6B231032-3CB5-4EED-9210-810D666A23A0}.Template|Win32.Build.0 = Release|Win32
		{6B231032-3CB5-4EED-9210-810D666A23A0}.Template|x64.ActiveCfg = Release|Win32
		{DBA4088D-F6F9-4F8F-8820-082A4765C16C}.Debug|Itanium.ActiveCfg = Debug|Win32
		{DBA4088D-F6F9-4F8F-8820-082A4765C16C}.Debug|Win32.ActiveCfg = Debug|Win32
		{DBA4088D-F6F9-4F8F-8820-082A4765C16C}.Debug|Win32.Build.0 = Debug|Win32
		{DBA4088D-F6F9-4F8F-8820-082A4765C16C}.Debug|x64.ActiveCfg = Debug|Win32
		{DBA4088D-F6F9-4F8F-8820-082A4765C16C}.Release|Itanium.ActiveCfg = Release|Win32
		{DBA4088D-F6F9-4F8F-8820-082A4765C16C}.Release|Win32.ActiveCfg = Release|Win32
		{DBA4088D-F6F9-4F8F-8820-082A4765C16C}.Release|Win32.Build.0 = Release|Win32
		{DBA4088D-F6F9-4F8F-8820-082A4765C16C}.Release|x64.ActiveCfg = Release|x64
		{DBA4088D-F6F9-4F8F-8820-082A4765C16C}.Template|Itanium.ActiveCfg = Release|Win32
		{DBA4088D-F6F9-4F8F-8820-082A4765C16C}.Template|Win32.ActiveCfg = Release|Win32
		{DBA4088D-F6F9-4F8F-8820-082A4765C16C}.Template|Win32.Build.0 = Release|Win32
		{DBA4088D-F6F9-4F8F-8820-082A4765C16C}.Template|x64.ActiveCfg = Release|Win32
		{C2B04507-2521-4801-BF0D-5FD79D6D518C}.Debug|Itanium.ActiveCfg = Debug|Win32
		{C2B04507-2521-4801-BF0D-5FD79D6D518C}.Debug|Win32.ActiveCfg = Debug|Win32
		{C2B04507-2521-4801-BF0D-5FD79D6D518C}.Debug|Win32.Build.0 = Debug|Win32
		{C2B04507-2521-4801-BF0D-5FD79D6D518C}.Debug|x64.ActiveCfg = Debug|Win32
		{C2B04507-2521-4801-BF0D-5FD79D6D518C}.Release|Itanium.ActiveCfg = Release|Win32
		{C2B04507-2521-4801-BF0D-5FD79D6D518C}.Release|Win32.ActiveCfg = Release|Win32
		{C2B04507-2521-4801-BF0D-5FD79D6D518C}.Release|Win32.Build.0 = Release|Win32
		{C2B04507-2521-4801-BF0D-5FD79D6D518C}.Release|x64.ActiveCfg = Release|x64
		{C2B04507-2521-4801-BF0D-5FD79D6D518C}.Template|Itanium.ActiveCfg = Release|Win32
		{C2B04507-2521-4801-BF0D-5FD79D6D518C}.Template|Win32.ActiveCfg = Release|Win32
		{C2B04507-2521-4801-BF0D-5FD79D6D518C}.Template|Win32.Build.0 = Release|Win32
		{C2B04507-2521-4801-BF0D-5FD79D6D518C}.Template|x64.ActiveCfg = Release|Win32
		{631C23CE-6C1D-4875-88F0-85E0A42B36EA}.Debug|Itanium.ActiveCfg = Debug|Win32
		{631C23CE-6C1D-4875-88F0-85E0A42B36EA}.Debug|Win32.ActiveCfg = Debug|Win32
		{631C23CE-6C1D-4875-88F0-85E0A42B36EA}.Debug|Win32.Build.0 = Debug|Win32
		{631C23CE-6C1D-4875-88F0-85E0A42B36EA}.Debug|x64.ActiveCfg = Debug|Win32
		{631C23CE-6C1D-4875-88F0-85E0A42B36EA}.Release|Itanium.ActiveCfg = Release|Win32
		{631C23CE-6C1D-4875-88F0-85E0A42B36EA}.Release|Win32.ActiveCfg = Release|Win32
		{631C23CE-6C1D-4875-88F0-85E0A42B36EA}.Release|Win32.Build.0 = Release|Win32
		{631C23CE-6C1D-4875-88F0-85E0A42B36EA}.Release|x64.ActiveCfg = Release|x64
		{631C23CE-6C1D-4875-88F0-85E0A42B36EA}.Template|Itanium.ActiveCfg = Release|Win32
		{631C23CE-6C1D-4875-88F0-85E0A42B36EA}.Template|Win32.ActiveCfg = Release|Win32
		{631C23CE-6C1D-4875-88F0-85E0A42B36EA}.Template|Win32.Build.0 = Release|Win32
		{631C23CE-6C1D-4875-88F0-85E0A42B36EA}.Template|x64.ActiveCfg = Release|Win32
		{E4993E82-D68A-46CA-BAE0-9D35E172E46F}.Debug|Itanium.ActiveCfg = Debug|Win32
		{E4993E82-D68A-46CA-BAE0-9D35E172E46F}.Debug|Win32.ActiveCfg = Debug|Win32
		{E4993E82-D68A-46CA-BAE0-9D35E172E46F}.Debug|Win32.Build.0 = Debug|Win32
		{E4993E82-D68A-46CA-BAE0-9D35E172E46F}.Debug|x64.ActiveCfg = Debug|Win32
		{E4993E82-D68A-46CA-BAE0-9D35E172E46F}.Release|Itanium.ActiveCfg = Release|Win32
		{E4993E82-D68A-46CA-BAE0-9D35E172E46F}.Release|Win32.ActiveCfg = Release|Win32
		{E4993E82-D68A-46CA-BAE0-9D35E172E46F}.Release|Win32.Build.0 = Release|Win32
		{E4993E82-D68A-46CA-BAE0-9D35E172E46F}.Release|x64.ActiveCfg = Release|x64
		{E4993E82-D68A-46CA-BAE0-9D35E172E46F}.Template|Itanium.ActiveCfg = Release|Win32
		{E4993E82-D68A-46CA-BAE0-9D35E172E46F}.Template|Win32.ActiveCfg = Release|Win32
		{E4993E82-D68A-46CA-BAE0-9D35E172E46F}.Template|Win32.Build.0 = Release|Win32
		{E4993E82-D68A-46CA-BAE0-9D35E172E46F}.Template|x64.ActiveCfg = Release|Win32
		{62D4B15D-7A90-4ECB-BA19-5E021D6A21BC}.Debug|Itanium.ActiveCfg = Debug|Win32
		{62D4B15D-7A90-4ECB-BA19-5E021D6A21BC}.Debug|Win32.ActiveCfg = Debug|Win32
		{62D4B15D-7A90-4ECB-BA19-5E021D6A21BC}.Debug|Win32.Build.0 = Debug|Win32
		{62D4B15D-7A90-4ECB-BA19-5E021D6A21BC}.Debug|x64.ActiveCfg = Debug|Win32
		{62D4B15D-7A90-4ECB-BA19-5E021D6A21BC}.Release|Itanium.ActiveCfg = Release|Win32
		{62D4B15D-7A90-4ECB-BA19-5E021D6A21BC}.Release|Win32.ActiveCfg = Release|Win32
		{62D4B15D-7A90-4ECB-BA19-5E021D6A21BC}.Release|Win32.Build.0 = Release|Win32
		{62D4B15D-7A90-4ECB-BA19-5E021D6A21BC}.Release|x64.ActiveCfg = Release|x64
		{62D4B15D-7A90-4ECB-BA19-5E021D6A21BC}.Template|Itanium.ActiveCfg = Release|Win32
		{62D4B15D-7A90-4ECB-BA19-5E021D6A21BC}.Template|Win32.ActiveCfg = Release|Win32
		{62D4B15D-7A90-4ECB-BA19-5E021D6A21BC}.Template|Win32.Build.0 = Release|Win32
		{62D4B15D-7A90-4ECB-BA19-5E021D6A21BC}.Template|x64.ActiveCfg = Release|Win32
		{9D4211F7-2C77-439C-82F0-30A4E43BA569}.Debug|Itanium.ActiveCfg = Debug|Win32
		{9D4211F7-2C77-439C-82F0-30A4E43BA569}.Debug|Win32.ActiveCfg = Debug|Win32
		{9D4211F7-2C77-439C-82F0-30A4E43BA569}.Debug|Win32.Build.0 = Debug|Win32
		{9D4211F7-2C77-439C-82F0-30A4E43BA569}.Debug|x64.ActiveCfg = Debug|Win32
		{9D4211F7-2C77-439C-82F0-30A4E43BA569}.Release|Itanium.ActiveCfg = Release|Win32
		{9D4211F7-2C77-439C-82F0-30A4E43BA569}.Release|Win32.ActiveCfg = Release|Win32
		{9D4211F7-2C77-439C-82F0-30A4E43BA569}.Release|Win32.Build.0 = Release|Win32
		{9D4211F7-2C77-439C-82F0-30A4E43BA569}.Release|x64.ActiveCfg = Release|x64
		{9D4211F7-2C77-439C-82F0-30A4E43BA569}.Template|Itanium.ActiveCfg = Release|Win32
		{9D4211F7-2C77-439C-82F0-30A4E43BA569}.Template|Win32.ActiveCfg = Release|Win32
		{9D4211F7-2C77-439C-82F0-30A4E43BA569}.Template|Win32.Build.0 = Release|Win32
		{9D4211F7-2C77-439C-82F0-30A4E43BA569}.Template|x64.ActiveCfg = Release|Win32
		{67351485-4D18-4245-BE39-A7EF0675ACD2}.Debug|Itanium.ActiveCfg = Debug|x64
		{67351485-4D18-4245-BE39-A7EF0675ACD2}.Debug|Win32.ActiveCfg = Debug|Win32
		{67351485-4D18-4245-BE39-A7EF0675ACD2}.Debug|Win32.Build.0 = Debug|Win32
		{67351485-4D18-4245-BE39-A7EF0675ACD2}.Debug|x64.ActiveCfg = Debug|x64
		{67351485-4D18-4245-BE39-A7EF0675ACD2}.Debug|x64.Build.0 = Debug|x64
		{67351485-4D18-4245-BE39-A7EF0675ACD2}.Release|Itanium.ActiveCfg = Release|x64
		{67351485-4D18-4245-BE39-A7EF0675ACD2}.Release|Win32.ActiveCfg = Release|Win32
		{67351485-4D18-4245-BE39-A7EF0675ACD2}.Release|Win32.Build.0 = Release|Win32
		{67351485-4D18-4245-BE39-A7EF0675ACD2}.Release|x64.ActiveCfg = Release|x64
		{67351485-4D18-4245-BE39-A7EF0675ACD2}.Release|x64.Build.0 = Release|x64
		{67351485-4D18-4245-BE39-A7EF0675ACD2}.Template|Itanium.ActiveCfg = Release|x64
		{67351485-4D18-4245-BE39-A7EF0675ACD2}.Template|Win32.ActiveCfg = Release|x64
		{67351485-4D18-4245-BE39-A7EF0675ACD2}.Template|Win32.Build.0 = Release|x64
		{67351485-4D18-4245-BE39-A7EF0675ACD2}.Template|x64.ActiveCfg = Release|x64
		{67351485-4D18-4245-BE39-A7EF0675ACD2}.Template|x64.Build.0 = Release|x64
		{2B312A49-12A9-4E07-9E96-453DC2D8FF61}.Debug|Itanium.ActiveCfg = Debug|Win32
		{2B312A49-12A9-4E07-9E96-453DC2D8FF61}.Debug|Win32.ActiveCfg = Debug|Win32
		{2B312A49-12A9-4E07-9E96-453DC2D8FF61}.Debug|Win32.Build.0 = Debug|Win32
		{2B312A49-12A9-4E07-9E96-453DC2D8FF61}.Debug|x64.ActiveCfg = Debug|Win32
		{2B312A49-12A9-4E07-9E96-453DC2D8FF61}.Release|Itanium.ActiveCfg = Release|Win32
		{2B312A49-12A9-4E07-9E96-453DC2D8FF61}.Release|Win32.ActiveCfg = Release|Win32
		{2B312A49-12A9-4E07-9E96-453DC2D8FF61}.Release|Win32.Build.0 = Release|Win32
		{2B312A49-12A9-4E07-9E96-453DC2D8FF61}.Release|x64.ActiveCfg = Release|x64
		{2B312A49-12A9-4E07-9E96-453DC2D8FF61}.Template|Itanium.ActiveCfg = Release|Win32
		{2B312A49-12A9-4E07-9E96-453DC2D8FF61}.Template|Win32.ActiveCfg = Release|Win32
		{2B312A49-12A9-4E07-9E96-453DC2D8FF61}.Template|Win32.Build.0 = Release|Win32
		{2B312A49-12A9-4E07-9E96-453DC2D8FF61}.Template|x64.ActiveCfg = Release|Win32
		{C7891A65-80AB-4245-912E-5F1E17B0E6C4}.Debug|Itanium.ActiveCfg = Debug|x64
		{C7891A65-80AB-4245-912E-5F1E17B0E6C4}.Debug|Win32.ActiveCfg = Debug|Win32
		{C7891A65-80AB-4245-912E-5F1E17B0E6C4}.Debug|Win32.Build.0 = Debug|Win32
		{C7891A65-80AB-4245-912E-5F1E17B0E6C4}.Debug|x64.ActiveCfg = Debug|x64
		{C7891A65-80AB-4245-912E-5F1E17B0E6C4}.Debug|x64.Build.0 = Debug|x64
		{C7891A65-80AB-4245-912E-5F1E17B0E6C4}.Release|Itanium.ActiveCfg = Release|x64
		{C7891A65-80AB-4245-912E-5F1E17B0E6C4}.Release|Win32.ActiveCfg = Release|Win32
		{C7891A65-80AB-4245-912E-5F1E17B0E6C4}.Release|Win32.Build.0 = Release|Win32
		{C7891A65-80AB-4245-912E-5F1E17B0E6C4}.Release|x64.ActiveCfg = Release|x64
		{C7891A65-80AB-4245-912E-5F1E17B0E6C4}.Release|x64.Build.0 = Release|x64
		{C7891A65-80AB-4245-912E-5F1E17B0E6C4}.Template|Itanium.ActiveCfg = Release|x64
		{C7891A65-80AB-4245-912E-5F1E17B0E6C4}.Template|Win32.ActiveCfg = Release|x64
		{C7891A65-80AB-4245-912E-5F1E17B0E6C4}.Template|x64.ActiveCfg = Release|x64
		{C7891A65-80AB-4245-912E-5F1E17B0E6C4}.Template|x64.Build.0 = Release|x64
		{2B313A49-13A9-5E07-9E96-453DC2D8FF61}.Debug|Itanium.ActiveCfg = Debug|Win32
		{2B313A49-13A9-5E07-9E96-453DC2D8FF61}.Debug|Win32.ActiveCfg = Debug|Win32
		{2B313A49-13A9-5E07-9E96-453DC2D8FF61}.Debug|Win32.Build.0 = Debug|Win32
		{2B313A49-13A9-5E07-9E96-453DC2D8FF61}.Debug|x64.ActiveCfg = Debug|Win32
		{2B313A49-13A9-5E07-9E96-453DC2D8FF61}.Release|Itanium.ActiveCfg = Release|Win32
		{2B313A49-13A9-5E07-9E96-453DC2D8FF61}.Release|Win32.ActiveCfg = Release|Win32
		{2B313A49-13A9-5E07-9E96-453DC2D8FF61}.Release|Win32.Build.0 = Release|Win32
		{2B313A49-13A9-5E07-9E96-453DC2D8FF61}.Release|x64.ActiveCfg = Release|x64
		{2B313A49-13A9-5E07-9E96-453DC2D8FF61}.Template|Itanium.ActiveCfg = Release|Win32
		{2B313A49-13A9-5E07-9E96-453DC2D8FF61}.Template|Win32.ActiveCfg = Release|Win32
		{2B313A49-13A9-5E07-9E96-453DC2D8FF61}.Template|Win32.Build.0 = Release|Win32
		{2B313A49-13A9-5E07-9E96-453DC2D8FF61}.Template|x64.ActiveCfg = Release|Win32
		{3B314A49-02A9-5E07-9E96-453DC2D8FF62}.Debug|Itanium.ActiveCfg = Debug|Win32
		{3B314A49-02A9-5E07-9E96-453DC2D8FF62}.Debug|Win32.ActiveCfg = Debug|Win32
		{3B314A49-02A9-5E07-9E96-453DC2D8FF62}.Debug|Win32.Build.0 = Debug|Win32
		{3B314A49-02A9-5E07-9E96-453DC2D8FF62}.Debug|x64.ActiveCfg = Debug|Win32
		{3B314A49-02A9-5E07-9E96-453DC2D8FF62}.Release|Itanium.ActiveCfg = Release|Win32
		{3B314A49-02A9-5E07-9E96-453DC2D8FF62}.Release|Win32.ActiveCfg = Release|Win32
		{3B314A49-02A9-5E07-9E96-453DC2D8FF62}.Release|Win32.Build.0 = Release|Win32
		{3B314A49-02A9-5E07-9E96-453DC2D8FF62}.Release|x64.ActiveCfg = Release|x64
		{3B314A49-02A9-5E07-9E96-453DC2D8FF62}.Template|Itanium.ActiveCfg = Release|Win32
		{3B314A49-02A9-5E07-9E96-453DC2D8FF62}.Template|Win32.ActiveCfg = Release|Win32
		{3B314A49-02A9-5E07-9E96-453DC2D8FF62}.Template|Win32.Build.0 = Release|Win32
		{3B314A49-02A9-5E07-9E96-453DC2D8FF62}.Template|x64.ActiveCfg = Release|Win32
		{DDB943EB-AC6A-1866-688F-44A6C87427C1}.Debug|Itanium.ActiveCfg = Debug|Win32
		{DDB943EB-AC6A-1866-688F-44A6C87427C1}.Debug|Win32.ActiveCfg = Debug|Win32
		{DDB943EB-AC6A-1866-688F-44A6C87427C1}.Debug|Win32.Build.0 = Debug|Win32
		{DDB943EB-AC6A-1866-688F-44A6C87427C1}.Debug|x64.ActiveCfg = Debug|Win32
		{DDB943EB-AC6A-1866-688F-44A6C87427C1}.Release|Itanium.ActiveCfg = Release|Win32
		{DDB943EB-AC6A-1866-688F-44A6C87427C1}.Release|Win32.ActiveCfg = Release|Win32
		{DDB943EB-AC6A-1866-688F-44A6C87427C1}.Release|Win32.Build.0 = Release|Win32
		{DDB943EB-AC6A-1866-688F-44A6C87427C1}.Release|x64.ActiveCfg = Release|x64
		{DDB943EB-AC6A-1866-688F-44A6C87427C1}.Template|Itanium.ActiveCfg = Release|Win32
		{DDB943EB-AC6A-1866-688F-44A6C87427C1}.Template|Win32.ActiveCfg = Release|Win32
		{DDB943EB-AC6A-1866-688F-44A6C87427C1}.Template|Win32.Build.0 = Release|Win32
		{DDB943EB-AC6A-1866-688F-44A6C87427C1}.Template|x64.ActiveCfg = Release|Win32
		{32029CE6-EA72-437D-810D-E1A51A498C9B}.Debug|Itanium.ActiveCfg = Debug|Win32
		{32029CE6-EA72-437D-810D-E1A51A498C9B}.Debug|Win32.ActiveCfg = Debug|Win32
		{32029CE6-EA72-437D-810D-E1A51A498C9B}.Debug|Win32.Build.0 = Debug|Win32
		{32029CE6-EA72-437D-810D-E1A51A498C9B}.Debug|x64.ActiveCfg = Debug|Win32
		{32029CE6-EA72-437D-810D-E1A51A498C9B}.Release|Itanium.ActiveCfg = Release|Win32
		{32029CE6-EA72-437D-810D-E1A51A498C9B}.Release|Win32.ActiveCfg = Release|Win32
		{32029CE6-EA72-437D-810D-E1A51A498C9B}.Release|Win32.Build.0 = Release|Win32
		{32029CE6-EA72-437D-810D-E1A51A498C9B}.Release|x64.ActiveCfg = Release|x64
		{32029CE6-EA72-437D-810D-E1A51A498C9B}.Template|Itanium.ActiveCfg = Release|Win32
		{32029CE6-EA72-437D-810D-E1A51A498C9B}.Template|Win32.ActiveCfg = Release|Win32
		{32029CE6-EA72-437D-810D-E1A51A498C9B}.Template|Win32.Build.0 = Release|Win32
		{32029CE6-EA72-437D-810D-E1A51A498C9B}.Template|x64.ActiveCfg = Release|Win32
		{C11D1B4F-7178-4564-9BDB-5C60E0A81983}.Debug|Itanium.ActiveCfg = Debug|Win32
		{C11D1B4F-7178-4564-9BDB-5C60E0A81983}.Debug|Win32.ActiveCfg = Debug|Win32
		{C11D1B4F-7178-4564-9BDB-5C60E0A81983}.Debug|Win32.Build.0 = Debug|Win32
		{C11D1B4F-7178-4564-9BDB-5C60E0A81983}.Debug|x64.ActiveCfg = Debug|Win32
		{C11D1B4F-7178-4564-9BDB-5C60E0A81983}.Release|Itanium.ActiveCfg = Release|Win32
		{C11D1B4F-7178-4564-9BDB-5C60E0A81983}.Release|Win32.ActiveCfg = Release|Win32
		{C11D1B4F-7178-4564-9BDB-5C60E0A81983}.Release|Win32.Build.0 = Release|Win32
		{C11D1B4F-7178-4564-9BDB-5C60E0A81983}.Release|x64.ActiveCfg = Release|x64
		{C11D1B4F-7178-4564-9BDB-5C60E0A81983}.Template|Itanium.ActiveCfg = Release|Win32
		{C11D1B4F-7178-4564-9BDB-5C60E0A81983}.Template|Win32.ActiveCfg = Release|Win32
		{C11D1B4F-7178-4564-9BDB-5C60E0A81983}.Template|Win32.Build.0 = Release|Win32
		{C11D1B4F-7178-4564-9BDB-5C60E0A81983}.Template|x64.ActiveCfg = Release|Win32
		{754AB981-BE9D-418A-ADB5-274E6C62E757}.Debug|Itanium.ActiveCfg = Debug|Win32
		{754AB981-BE9D-418A-ADB5-274E6C62E757}.Debug|Win32.ActiveCfg = Debug|Win32
		{754AB981-BE9D-418A-ADB5-274E6C62E757}.Debug|Win32.Build.0 = Debug|Win32
		{754AB981-BE9D-418A-ADB5-274E6C62E757}.Debug|x64.ActiveCfg = Debug|Win32
		{754AB981-BE9D-418A-ADB5-274E6C62E757}.Release|Itanium.ActiveCfg = Release|Win32
		{754AB981-BE9D-418A-ADB5-274E6C62E757}.Release|Win32.ActiveCfg = Release|Win32
		{754AB981-BE9D-418A-ADB5-274E6C62E757}.Release|Win32.Build.0 = Release|Win32
		{754AB981-BE9D-418A-ADB5-274E6C62E757}.Release|x64.ActiveCfg = Release|x64
		{754AB981-BE9D-418A-ADB5-274E6C62E757}.Template|Itanium.ActiveCfg = Release|Win32
		{754AB981-BE9D-418A-ADB5-274E6C62E757}.Template|Win32.ActiveCfg = Release|Win32
		{754AB981-BE9D-418A-ADB5-274E6C62E757}.Template|Win32.Build.0 = Release|Win32
		{754AB981-BE9D-418A-ADB5-274E6C62E757}.Template|x64.ActiveCfg = Release|Win32
		{8FD826F8-3739-44E6-8CC8-997122E53B8D}.Debug|Itanium.ActiveCfg = Debug|x64
		{8FD826F8-3739-44E6-8CC8-997122E53B8D}.Debug|Win32.ActiveCfg = Debug|Win32
		{8FD826F8-3739-44E6-8CC8-997122E53B8D}.Debug|Win32.Build.0 = Debug|Win32
		{8FD826F8-3739-44E6-8CC8-997122E53B8D}.Debug|x64.ActiveCfg = Debug|x64
		{8FD826F8-3739-44E6-8CC8-997122E53B8D}.Debug|x64.Build.0 = Debug|x64
		{8FD826F8-3739-44E6-8CC8-997122E53B8D}.Release|Itanium.ActiveCfg = Release|x64
		{8FD826F8-3739-44E6-8CC8-997122E53B8D}.Release|Win32.ActiveCfg = Release|Win32
		{8FD826F8-3739-44E6-8CC8-997122E53B8D}.Release|Win32.Build.0 = Release|Win32
		{8FD826F8-3739-44E6-8CC8-997122E53B8D}.Release|x64.ActiveCfg = Release|x64
		{8FD826F8-3739-44E6-8CC8-997122E53B8D}.Release|x64.Build.0 = Release|x64
		{8FD826F8-3739-44E6-8CC8-997122E53B8D}.Template|Itanium.ActiveCfg = Release|x64
		{8FD826F8-3739-44E6-8CC8-997122E53B8D}.Template|Win32.ActiveCfg = Release|x64
		{8FD826F8-3739-44E6-8CC8-997122E53B8D}.Template|Win32.Build.0 = Release|x64
		{8FD826F8-3739-44E6-8CC8-997122E53B8D}.Template|x64.ActiveCfg = Release|x64
		{8FD826F8-3739-44E6-8CC8-997122E53B8D}.Template|x64.Build.0 = Release|x64
		{C52F9E7B-498A-42BE-8DB4-85A15694366A}.Debug|Itanium.ActiveCfg = Debug|x64
		{C52F9E7B-498A-42BE-8DB4-85A15694366A}.Debug|Win32.ActiveCfg = Debug|Win32
		{C52F9E7B-498A-42BE-8DB4-85A15694366A}.Debug|Win32.Build.0 = Debug|Win32
		{C52F9E7B-498A-42BE-8DB4-85A15694366A}.Debug|x64.ActiveCfg = Debug|x64
		{C52F9E7B-498A-42BE-8DB4-85A15694366A}.Debug|x64.Build.0 = Debug|x64
		{C52F9E7B-498A-42BE-8DB4-85A15694366A}.Release|Itanium.ActiveCfg = Release|x64
		{C52F9E7B-498A-42BE-8DB4-85A15694366A}.Release|Win32.ActiveCfg = Release|Win32
		{C52F9E7B-498A-42BE-8DB4-85A15694366A}.Release|Win32.Build.0 = Release|Win32
		{C52F9E7B-498A-42BE-8DB4-85A15694366A}.Release|x64.ActiveCfg = Release|x64
		{C52F9E7B-498A-42BE-8DB4-85A15694366A}.Release|x64.Build.0 = Release|x64
		{C52F9E7B-498A-42BE-8DB4-85A15694366A}.Template|Itanium.ActiveCfg = Release|x64
		{C52F9E7B-498A-42BE-8DB4-85A15694366A}.Template|Win32.ActiveCfg = Release|x64
		{C52F9E7B-498A-42BE-8DB4-85A15694366A}.Template|Win32.Build.0 = Release|x64
		{C52F9E7B-498A-42BE-8DB4-85A15694366A}.Template|x64.ActiveCfg = Release|x64
		{C52F9E7B-498A-42BE-8DB4-85A15694366A}.Template|x64.Build.0 = Release|x64
		{85EB94D7-1923-443D-8331-D2A847C174A7}.Debug|Itanium.ActiveCfg = Debug|Win32
		{85EB94D7-1923-443D-8331-D2A847C174A7}.Debug|Win32.ActiveCfg = Debug|Win32
		{85EB94D7-1923-443D-8331-D2A847C174A7}.Debug|Win32.Build.0 = Debug|Win32
		{85EB94D7-1923-443D-8331-D2A847C174A7}.Debug|x64.ActiveCfg = Debug|Win32
		{85EB94D7-1923-443D-8331-D2A847C174A7}.Release|Itanium.ActiveCfg = Release|Win32
		{85EB94D7-1923-443D-8331-D2A847C174A7}.Release|Win32.ActiveCfg = Release|Win32
		{85EB94D7-1923-443D-8331-D2A847C174A7}.Release|Win32.Build.0 = Release|Win32
		{85EB94D7-1923-443D-8331-D2A847C174A7}.Release|x64.ActiveCfg = Release|x64
		{85EB94D7-1923-443D-8331-D2A847C174A7}.Template|Itanium.ActiveCfg = Release|Win32
		{85EB94D7-1923-443D-8331-D2A847C174A7}.Template|Win32.ActiveCfg = Release|Win32
		{85EB94D7-1923-443D-8331-D2A847C174A7}.Template|Win32.Build.0 = Release|Win32
		{85EB94D7-1923-443D-8331-D2A847C174A7}.Template|x64.ActiveCfg = Release|Win32
		{4E98FDA7-54AE-4A8E-847A-8665DEF6BBE1}.Debug|Itanium.ActiveCfg = Debug|Win32
		{4E98FDA7-54AE-4A8E-847A-8665DEF6BBE1}.Debug|Win32.ActiveCfg = Debug|Win32
		{4E98FDA7-54AE-4A8E-847A-8665DEF6BBE1}.Debug|Win32.Build.0 = Debug|Win32
		{4E98FDA7-54AE-4A8E-847A-8665DEF6BBE1}.Debug|x64.ActiveCfg = Debug|Win32
		{4E98FDA7-54AE-4A8E-847A-8665DEF6BBE1}.Release|Itanium.ActiveCfg = Release|Win32
		{4E98FDA7-54AE-4A8E-847A-8665DEF6BBE1}.Release|Win32.ActiveCfg = Release|Win32
		{4E98FDA7-54AE-4A8E-847A-8665DEF6BBE1}.Release|Win32.Build.0 = Release|Win32
		{4E98FDA7-54AE-4A8E-847A-8665DEF6BBE1}.Release|x64.ActiveCfg = Release|x64
		{4E98FDA7-54AE-4A8E-847A-8665DEF6BBE1}.Template|Itanium.ActiveCfg = Release|Win32
		{4E98FDA7-54AE-4A8E-847A-8665DEF6BBE1}.Template|Win32.ActiveCfg = Release|Win32
		{4E98FDA7-54AE-4A8E-847A-8665DEF6BBE1}.Template|Win32.Build.0 = Release|Win32
		{4E98FDA7-54AE-4A8E-847A-8665DEF6BBE1}.Template|x64.ActiveCfg = Release|Win32
		{B03054CF-250C-4DF3-9EED-36B5571EEB7E}.Debug|Itanium.ActiveCfg = Debug|Win32
		{B03054CF-250C-4DF3-9EED-36B5571EEB7E}.Debug|Win32.ActiveCfg = Debug|Win32
		{B03054CF-250C-4DF3-9EED-36B5571EEB7E}.Debug|Win32.Build.0 = Debug|Win32
		{B03054CF-250C-4DF3-9EED-36B5571EEB7E}.Debug|x64.ActiveCfg = Debug|Win32
		{B03054CF-250C-4DF3-9EED-36B5571EEB7E}.Release|Itanium.ActiveCfg = Release|Win32
		{B03054CF-250C-4DF3-9EED-36B5571EEB7E}.Release|Win32.ActiveCfg = Release|Win32
		{B03054CF-250C-4DF3-9EED-36B5571EEB7E}.Release|Win32.Build.0 = Release|Win32
		{B03054CF-250C-4DF3-9EED-36B5571EEB7E}.Release|x64.ActiveCfg = Release|x64
		{B03054CF-250C-4DF3-9EED-36B5571EEB7E}.Template|Itanium.ActiveCfg = Release|Win32
		{B03054CF-250C-4DF3-9EED-36B5571EEB7E}.Template|Win32.ActiveCfg = Release|Win32
		{B03054CF-250C-4DF3-9EED-36B5571EEB7E}.Template|Win32.Build.0 = Release|Win32
		{B03054CF-250C-4DF3-9EED-36B5571EEB7E}.Template|x64.ActiveCfg = Release|Win32
		{8888BDB8-5968-4E2B-93C7-77256594E5A6}.Debug|Itanium.ActiveCfg = Debug|Win32
		{8888BDB8-5968-4E2B-93C7-77256594E5A6}.Debug|Win32.ActiveCfg = Debug|Win32
		{8888BDB8-5968-4E2B-93C7-77256594E5A6}.Debug|Win32.Build.0 = Debug|Win32
		{8888BDB8-5968-4E2B-93C7-77256594E5A6}.Debug|x64.ActiveCfg = Debug|Win32
		{8888BDB8-5968-4E2B-93C7-77256594E5A6}.Release|Itanium.ActiveCfg = Release|Win32
		{8888BDB8-5968-4E2B-93C7-77256594E5A6}.Release|Win32.ActiveCfg = Release|Win32
		{8888BDB8-5968-4E2B-93C7-77256594E5A6}.Release|Win32.Build.0 = Release|Win32
		{8888BDB8-5968-4E2B-93C7-77256594E5A6}.Release|x64.ActiveCfg = Release|x64
		{8888BDB8-5968-4E2B-93C7-77256594E5A6}.Template|Itanium.ActiveCfg = Release|Win32
		{8888BDB8-5968-4E2B-93C7-77256594E5A6}.Template|Win32.ActiveCfg = Release|Win32
		{8888BDB8-5968-4E2B-93C7-77256594E5A6}.Template|Win32.Build.0 = Release|Win32
		{8888BDB8-5968-4E2B-93C7-77256594E5A6}.Template|x64.ActiveCfg = Release|Win32
		{10E4E15C-753F-40E0-B04A-D4DC31D2C2E7}.Debug|Itanium.ActiveCfg = Debug|Win32
		{10E4E15C-753F-40E0-B04A-D4DC31D2C2E7}.Debug|Win32.ActiveCfg = Debug|Win32
		{10E4E15C-753F-40E0-B04A-D4DC31D2C2E7}.Debug|Win32.Build.0 = Debug|Win32
		{10E4E15C-753F-40E0-B04A-D4DC31D2C2E7}.Debug|x64.ActiveCfg = Debug|Win32
		{10E4E15C-753F-40E0-B04A-D4DC31D2C2E7}.Release|Itanium.ActiveCfg = Release|Win32
		{10E4E15C-753F-40E0-B04A-D4DC31D2C2E7}.Release|Win32.ActiveCfg = Release|Win32
		{10E4E15C-753F-40E0-B04A-D4DC31D2C2E7}.Release|Win32.Build.0 = Release|Win32
		{10E4E15C-753F-40E0-B04A-D4DC31D2C2E7}.Release|x64.ActiveCfg = Release|x64
		{10E4E15C-753F-40E0-B04A-D4DC31D2C2E7}.Template|Itanium.ActiveCfg = Release|Win32
		{10E4E15C-753F-40E0-B04A-D4DC31D2C2E7}.Template|Win32.ActiveCfg = Release|Win32
		{10E4E15C-753F-40E0-B04A-D4DC31D2C2E7}.Template|Win32.Build.0 = Release|Win32
		{10E4E15C-753F-40E0-B04A-D4DC31D2C2E7}.Template|x64.ActiveCfg = Release|Win32
		{DCB943EB-AC7A-18B6-688F-44A6C8742731}.Debug|Itanium.ActiveCfg = Debug|Win32
		{DCB943EB-AC7A-18B6-688F-44A6C8742731}.Debug|Win32.ActiveCfg = Debug|Win32
		{DCB943EB-AC7A-18B6-688F-44A6C8742731}.Debug|Win32.Build.0 = Debug|Win32
		{DCB943EB-AC7A-18B6-688F-44A6C8742731}.Debug|x64.ActiveCfg = Debug|Win32
		{DCB943EB-AC7A-18B6-688F-44A6C8742731}.Release|Itanium.ActiveCfg = Release|Win32
		{DCB943EB-AC7A-18B6-688F-44A6C8742731}.Release|Win32.ActiveCfg = Release|Win32
		{DCB943EB-AC7A-18B6-688F-44A6C8742731}.Release|Win32.Build.0 = Release|Win32
		{DCB943EB-AC7A-18B6-688F-44A6C8742731}.Release|x64.ActiveCfg = Release|x64
		{DCB943EB-AC7A-18B6-688F-44A6C8742731}.Template|Itanium.ActiveCfg = Release|Win32
		{DCB943EB-AC7A-18B6-688F-44A6C8742731}.Template|Win32.ActiveCfg = Release|Win32
		{DCB943EB-AC7A-18B6-688F-44A6C8742731}.Template|Win32.Build.0 = Release|Win32
		{DCB943EB-AC7A-18B6-688F-44A6C8742731}.Template|x64.ActiveCfg = Release|Win32
		{9575B1B3-4AF6-22C3-F791-D7391B2CA36B}.Debug|Itanium.ActiveCfg = Debug|Win32
		{9575B1B3-4AF6-22C3-F791-D7391B2CA36B}.Debug|Win32.ActiveCfg = Debug|Win32
		{9575B1B3-4AF6-22C3-F791-D7391B2CA36B}.Debug|Win32.Build.0 = Debug|Win32
		{9575B1B3-4AF6-22C3-F791-D7391B2CA36B}.Debug|x64.ActiveCfg = Debug|Win32
		{9575B1B3-4AF6-22C3-F791-D7391B2CA36B}.Release|Itanium.ActiveCfg = Release|Win32
		{9575B1B3-4AF6-22C3-F791-D7391B2CA36B}.Release|Win32.ActiveCfg = Release|Win32
		{9575B1B3-4AF6-22C3-F791-D7391B2CA36B}.Release|Win32.Build.0 = Release|Win32
		{9575B1B3-4AF6-22C3-F791-D7391B2CA36B}.Release|x64.ActiveCfg = Release|x64
		{9575B1B3-4AF6-22C3-F791-D7391B2CA36B}.Template|Itanium.ActiveCfg = Template|Win32
		{9575B1B3-4AF6-22C3-F791-D7391B2CA36B}.Template|Win32.ActiveCfg = Template|Win32
		{9575B1B3-4AF6-22C3-F791-D7391B2CA36B}.Template|Win32.Build.0 = Template|Win32
		{9575B1B3-4AF6-22C3-F791-D7391B2CA36B}.Template|x64.ActiveCfg = Template|Win32
		{94E8B419-53A1-4C01-857E-9744F79A4822}.Debug|Itanium.ActiveCfg = Debug|Win32
		{94E8B419-53A1-4C01-857E-9744F79A4822}.Debug|Win32.ActiveCfg = Debug|Win32
		{94E8B419-53A1-4C01-857E-9744F79A4822}.Debug|Win32.Build.0 = Debug|Win32
		{94E8B419-53A1-4C01-857E-9744F79A4822}.Debug|x64.ActiveCfg = Debug|Win32
		{94E8B419-53A1-4C01-857E-9744F79A4822}.Release|Itanium.ActiveCfg = Release|Win32
		{94E8B419-53A1-4C01-857E-9744F79A4822}.Release|Win32.ActiveCfg = Release|Win32
		{94E8B419-53A1-4C01-857E-9744F79A4822}.Release|Win32.Build.0 = Release|Win32
		{94E8B419-53A1-4C01-857E-9744F79A4822}.Release|x64.ActiveCfg = Release|x64
		{94E8B419-53A1-4C01-857E-9744F79A4822}.Template|Itanium.ActiveCfg = Release|Win32
		{94E8B419-53A1-4C01-857E-9744F79A4822}.Template|Win32.ActiveCfg = Release|Win32
		{94E8B419-53A1-4C01-857E-9744F79A4822}.Template|Win32.Build.0 = Release|Win32
		{94E8B419-53A1-4C01-857E-9744F79A4822}.Template|x64.ActiveCfg = Release|Win32
		{74EFB919-63B2-4C01-857E-9744F79A4822}.Debug|Itanium.ActiveCfg = Debug|Win32
		{74EFB919-63B2-4C01-857E-9744F79A4822}.Debug|Win32.ActiveCfg = Debug|Win32
		{74EFB919-63B2-4C01-857E-9744F79A4822}.Debug|Win32.Build.0 = Debug|Win32
		{74EFB919-63B2-4C01-857E-9744F79A4822}.Debug|x64.ActiveCfg = Debug|Win32
		{74EFB919-63B2-4C01-857E-9744F79A4822}.Release|Itanium.ActiveCfg = Release|Win32
		{74EFB919-63B2-4C01-857E-9744F79A4822}.Release|Win32.ActiveCfg = Release|Win32
		{74EFB919-63B2-4C01-857E-9744F79A4822}.Release|Win32.Build.0 = Release|Win32
		{74EFB919-63B2-4C01-857E-9744F79A4822}.Release|x64.ActiveCfg = Release|x64
		{74EFB919-63B2-4C01-857E-9744F79A4822}.Template|Itanium.ActiveCfg = Release|Win32
		{74EFB919-63B2-4C01-857E-9744F79A4822}.Template|Win32.ActiveCfg = Release|Win32
		{74EFB919-63B2-4C01-857E-9744F79A4822}.Template|Win32.Build.0 = Release|Win32
		{74EFB919-63B2-4C01-857E-9744F79A4822}.Template|x64.ActiveCfg = Release|Win32
		{5D8954B7-660F-4609-B72B-AFBCFD410E84}.Debug|Itanium.ActiveCfg = Debug|Win32
		{5D8954B7-660F-4609-B72B-AFBCFD410E84}.Debug|Win32.ActiveCfg = Debug|Win32
		{5D8954B7-660F-4609-B72B-AFBCFD410E84}.Debug|Win32.Build.0 = Debug|Win32
		{5D8954B7-660F-4609-B72B-AFBCFD410E84}.Debug|x64.ActiveCfg = Debug|Win32
		{5D8954B7-660F-4609-B72B-AFBCFD410E84}.Release|Itanium.ActiveCfg = Release|Win32
		{5D8954B7-660F-4609-B72B-AFBCFD410E84}.Release|Win32.ActiveCfg = Release|Win32
		{5D8954B7-660F-4609-B72B-AFBCFD410E84}.Release|Win32.Build.0 = Release|Win32
		{5D8954B7-660F-4609-B72B-AFBCFD410E84}.Release|x64.ActiveCfg = Release|x64
		{5D8954B7-660F-4609-B72B-AFBCFD410E84}.Template|Itanium.ActiveCfg = Release|Win32
		{5D8954B7-660F-4609-B72B-AFBCFD410E84}.Template|Win32.ActiveCfg = Release|Win32
		{5D8954B7-660F-4609-B72B-AFBCFD410E84}.Template|Win32.Build.0 = Release|Win32
		{5D8954B7-660F-4609-B72B-AFBCFD410E84}.Template|x64.ActiveCfg = Release|Win32
		{1A257E13-CC5F-47EF-8D78-860D537A5318}.Debug|Itanium.ActiveCfg = Debug|Win32
		{1A257E13-CC5F-47EF-8D78-860D537A5318}.Debug|Win32.ActiveCfg = Debug|Win32
		{1A257E13-CC5F-47EF-8D78-860D537A5318}.Debug|Win32.Build.0 = Debug|Win32
		{1A257E13-CC5F-47EF-8D78-860D537A5318}.Debug|x64.ActiveCfg = Debug|Win32
		{1A257E13-CC5F-47EF-8D78-860D537A5318}.Release|Itanium.ActiveCfg = Release|Win32
		{1A257E13-CC5F-47EF-8D78-860D537A5318}.Release|Win32.ActiveCfg = Release|Win32
		{1A257E13-CC5F-47EF-8D78-860D537A5318}.Release|Win32.Build.0 = Release|Win32
		{1A257E13-CC5F-47EF-8D78-860D537A5318}.Release|x64.ActiveCfg = Release|x64
		{1A257E13-CC5F-47EF-8D78-860D537A5318}.Template|Itanium.ActiveCfg = Release|Win32
		{1A257E13-CC5F-47EF-8D78-860D537A5318}.Template|Win32.ActiveCfg = Release|Win32
		{1A257E13-CC5F-47EF-8D78-860D537A5318}.Template|Win32.Build.0 = Release|Win32
		{1A257E13-CC5F-47EF-8D78-860D537A5318}.Template|x64.ActiveCfg = Release|Win32
		{E61592E1-28F4-4AFC-9EE1-9BE833A061C1}.Debug|Itanium.ActiveCfg = Release|Win32
		{E61592E1-28F4-4AFC-9EE1-9BE833A061C1}.Debug|Win32.ActiveCfg = Release|Win32
		{E61592E1-28F4-4AFC-9EE1-9BE833A061C1}.Debug|Win32.Build.0 = Release|Win32
		{E61592E1-28F4-4AFC-9EE1-9BE833A061C1}.Debug|x64.ActiveCfg = Release|Win32
		{E61592E1-28F4-4AFC-9EE1-9BE833A061C1}.Release|Itanium.ActiveCfg = Release|Win32
		{E61592E1-28F4-4AFC-9EE1-9BE833A061C1}.Release|Win32.ActiveCfg = Release|Win32
		{E61592E1-28F4-4AFC-9EE1-9BE833A061C1}.Release|Win32.Build.0 = Release|Win32
		{E61592E1-28F4-4AFC-9EE1-9BE833A061C1}.Release|x64.ActiveCfg = Release|x64
		{E61592E1-28F4-4AFC-9EE1-9BE833A061C1}.Template|Itanium.ActiveCfg = Release|Win32
		{E61592E1-28F4-4AFC-9EE1-9BE833A061C1}.Template|Win32.ActiveCfg = Release|Win32
		{E61592E1-28F4-4AFC-9EE1-9BE833A061C1}.Template|Win32.Build.0 = Release|Win32
		{E61592E1-28F4-4AFC-9EE1-9BE833A061C1}.Template|x64.ActiveCfg = Release|Win32
		{3A83CC54-99F7-4A59-B7F1-E4AC0FE19BE2}.Debug|Itanium.ActiveCfg = Debug|Win32
		{3A83CC54-99F7-4A59-B7F1-E4AC0FE19BE2}.Debug|Win32.ActiveCfg = Debug|Win32
		{3A83CC54-99F7-4A59-B7F1-E4AC0FE19BE2}.Debug|x64.ActiveCfg = Debug|Win32
		{3A83CC54-99F7-4A59-B7F1-E4AC0FE19BE2}.Release|Itanium.ActiveCfg = Release|Win32
		{3A83CC54-99F7-4A59-B7F1-E4AC0FE19BE2}.Release|Win32.ActiveCfg = Release|Win32
		{3A83CC54-99F7-4A59-B7F1-E4AC0FE19BE2}.Release|x64.ActiveCfg = Release|x64
		{3A83CC54-99F7-4A59-B7F1-E4AC0FE19BE2}.Template|Itanium.ActiveCfg = Release|Win32
		{3A83CC54-99F7-4A59-B7F1-E4AC0FE19BE2}.Template|Win32.ActiveCfg = Release|Win32
		{3A83CC54-99F7-4A59-B7F1-E4AC0FE19BE2}.Template|Win32.Build.0 = Release|Win32
		{3A83CC54-99F7-4A59-B7F1-E4AC0FE19BE2}.Template|x64.ActiveCfg = Release|Win32
		{FA8C626D-22FE-4F32-BF49-A801301F5088}.Debug|Itanium.ActiveCfg = Debug|Win32
		{FA8C626D-22FE-4F32-BF49-A801301F5088}.Debug|Win32.ActiveCfg = Debug|Win32
		{FA8C626D-22FE-4F32-BF49-A801301F5088}.Debug|Win32.Build.0 = Debug|Win32
		{FA8C626D-22FE-4F32-BF49-A801301F5088}.Debug|x64.ActiveCfg = Debug|Win32
		{FA8C626D-22FE-4F32-BF49-A801301F5088}.Release|Itanium.ActiveCfg = Release|Win32
		{FA8C626D-22FE-4F32-BF49-A801301F5088}.Release|Win32.ActiveCfg = Release|Win32
		{FA8C626D-22FE-4F32-BF49-A801301F5088}.Release|Win32.Build.0 = Release|Win32
		{FA8C626D-22FE-4F32-BF49-A801301F5088}.Release|x64.ActiveCfg = Release|Win32
		{FA8C626D-22FE-4F32-BF49-A801301F5088}.Template|Itanium.ActiveCfg = Release|Win32
		{FA8C626D-22FE-4F32-BF49-A801301F5088}.Template|Win32.ActiveCfg = Release|Win32
		{FA8C626D-22FE-4F32-BF49-A801301F5088}.Template|Win32.Build.0 = Release|Win32
		{FA8C626D-22FE-4F32-BF49-A801301F5088}.Template|x64.ActiveCfg = Release|Win32
	EndGlobalSection
	GlobalSection(SolutionProperties) = preSolution
		HideSolutionNode = FALSE
	EndGlobalSection
	GlobalSection(NestedProjects) = preSolution
		{A02A055B-7676-4A0F-A81E-573030C69571} = {12F0C101-AE1D-46B0-A46B-EF9F2E1B6BC4}
		{AFEF050F-F435-41D5-B78B-54CD41AF36BA} = {12F0C101-AE1D-46B0-A46B-EF9F2E1B6BC4}
		{FD42917E-C1F2-4C77-8CFE-E26572BD909D} = {12F0C101-AE1D-46B0-A46B-EF9F2E1B6BC4}
		{E61592E1-28F4-4AFC-9EE1-9BE833A061C1} = {12F0C101-AE1D-46B0-A46B-EF9F2E1B6BC4}
		{FA8C626D-22FE-4F32-BF49-A801301F5088} = {12F0C101-AE1D-46B0-A46B-EF9F2E1B6BC4}
		{0637EB24-7B2D-4B4A-9D95-7C72E7B48D5C} = {37AC0A5A-45A9-4633-8BAC-104112E9CA69}
		{85EB94D7-1923-443D-8331-D2A847C174A7} = {37AC0A5A-45A9-4633-8BAC-104112E9CA69}
		{E38C1996-8B3D-4050-A4B2-DC85957B047D} = {A6F4DC5C-EFD2-4C16-9176-BA56426BC11D}
		{EC99198F-4CDD-4D85-AE6F-F837FF6CC372} = {A6F4DC5C-EFD2-4C16-9176-BA56426BC11D}
		{B3408263-0CF1-47BE-83CC-56070EFC9BC1} = {A6F4DC5C-EFD2-4C16-9176-BA56426BC11D}
		{4E98FDA7-54AE-4A8E-847A-8665DEF6BBE1} = {A6F4DC5C-EFD2-4C16-9176-BA56426BC11D}
		{69CCE97A-88C6-49E2-BB5F-9CEC31BEC238} = {98568407-DDBC-4AD4-B1BC-1175EE1F5781}
		{1A257E13-CC5F-47EF-8D78-860D537A5318} = {98568407-DDBC-4AD4-B1BC-1175EE1F5781}
		{3D1246AE-1B32-479B-BECA-AEFA97BE2321} = {C27A20D3-61AA-46B2-9A07-ED59BB6532CC}
		{73C0A65B-D1F2-4DE1-B3A6-15DAD2C23F3D} = {C27A20D3-61AA-46B2-9A07-ED59BB6532CC}
		{ECA6B435-B4FA-4F9F-BF95-F451D078FC47} = {C27A20D3-61AA-46B2-9A07-ED59BB6532CC}
		{38B5751A-C6F9-4409-950C-F4F9DA17275F} = {C27A20D3-61AA-46B2-9A07-ED59BB6532CC}
		{D3065ADB-8820-4CC7-9B6C-9510833961A3} = {C27A20D3-61AA-46B2-9A07-ED59BB6532CC}
		{C2BE5000-7501-4E87-9724-B8D82494FAE6} = {C27A20D3-61AA-46B2-9A07-ED59BB6532CC}
		{FDD3C4F2-9805-44EB-9A77-BC1C1C95B547} = {C27A20D3-61AA-46B2-9A07-ED59BB6532CC}
		{A8D36F8D-09E6-4174-91C3-7BEAA9C3F04F} = {C27A20D3-61AA-46B2-9A07-ED59BB6532CC}
		{8B41752B-5A52-41E4-B7E0-07921C0CC6BF} = {C27A20D3-61AA-46B2-9A07-ED59BB6532CC}
		{97521D06-EC47-45D4-8BD0-9E16B3F93B2A} = {C27A20D3-61AA-46B2-9A07-ED59BB6532CC}
		{77C78066-746F-4EA6-B3FE-B8C8A4A97891} = {C27A20D3-61AA-46B2-9A07-ED59BB6532CC}
		{0178B127-6269-407D-B112-93877BB62776} = {C27A20D3-61AA-46B2-9A07-ED59BB6532CC}
		{73632960-B3A6-464D-83A3-4B43365F19B8} = {C27A20D3-61AA-46B2-9A07-ED59BB6532CC}
		{C920062A-0647-4553-A3B2-37C58065664B} = {C27A20D3-61AA-46B2-9A07-ED59BB6532CC}
		{37FC2C7F-1904-4811-8955-2F478830EAD1} = {C27A20D3-61AA-46B2-9A07-ED59BB6532CC}
		{F5AD9738-1A3D-4906-B9C4-A7D9CE33DC2C} = {C27A20D3-61AA-46B2-9A07-ED59BB6532CC}
		{D9DF7F2F-93B7-4810-B5CD-96F4F33C079B} = {C27A20D3-61AA-46B2-9A07-ED59BB6532CC}
		{4C8454FE-81D3-4CA3-9927-29BA96F03DAC} = {C27A20D3-61AA-46B2-9A07-ED59BB6532CC}
		{203EC78A-0531-43F0-A636-285439BDE025} = {C27A20D3-61AA-46B2-9A07-ED59BB6532CC}
		{6B231032-3CB5-4EED-9210-810D666A23A0} = {C27A20D3-61AA-46B2-9A07-ED59BB6532CC}
		{DBA4088D-F6F9-4F8F-8820-082A4765C16C} = {C27A20D3-61AA-46B2-9A07-ED59BB6532CC}
		{C2B04507-2521-4801-BF0D-5FD79D6D518C} = {C27A20D3-61AA-46B2-9A07-ED59BB6532CC}
		{631C23CE-6C1D-4875-88F0-85E0A42B36EA} = {C27A20D3-61AA-46B2-9A07-ED59BB6532CC}
		{E4993E82-D68A-46CA-BAE0-9D35E172E46F} = {C27A20D3-61AA-46B2-9A07-ED59BB6532CC}
		{62D4B15D-7A90-4ECB-BA19-5E021D6A21BC} = {C27A20D3-61AA-46B2-9A07-ED59BB6532CC}
		{9D4211F7-2C77-439C-82F0-30A4E43BA569} = {C27A20D3-61AA-46B2-9A07-ED59BB6532CC}
		{67351485-4D18-4245-BE39-A7EF0675ACD2} = {C27A20D3-61AA-46B2-9A07-ED59BB6532CC}
		{2B312A49-12A9-4E07-9E96-453DC2D8FF61} = {C27A20D3-61AA-46B2-9A07-ED59BB6532CC}
		{C7891A65-80AB-4245-912E-5F1E17B0E6C4} = {C27A20D3-61AA-46B2-9A07-ED59BB6532CC}
		{2B313A49-13A9-5E07-9E96-453DC2D8FF61} = {C27A20D3-61AA-46B2-9A07-ED59BB6532CC}
		{3B314A49-02A9-5E07-9E96-453DC2D8FF62} = {C27A20D3-61AA-46B2-9A07-ED59BB6532CC}
		{F7659D77-09CF-4FE9-ACEE-927287AA9509} = {C27A20D3-61AA-46B2-9A07-ED59BB6532CC}
		{DDB943EB-AC6A-1866-688F-44A6C87427C1} = {CB58CBAE-9F3F-409F-B83C-D051E9976A81}
		{DCB943EB-AC7A-18B6-688F-44A6C8742731} = {CB58CBAE-9F3F-409F-B83C-D051E9976A81}
		{9575B1B3-4AF6-22C3-F791-D7391B2CA36B} = {CB58CBAE-9F3F-409F-B83C-D051E9976A81}
		{32029CE6-EA72-437D-810D-E1A51A498C9B} = {43A51399-16F9-4BB2-AF96-14243E4F2551}
		{10E4E15C-753F-40E0-B04A-D4DC31D2C2E7} = {43A51399-16F9-4BB2-AF96-14243E4F2551}
		{754AB981-BE9D-418A-ADB5-274E6C62E757} = {B129131C-3DF2-4738-AADA-5FA29F92B669}
		{C11D1B4F-7178-4564-9BDB-5C60E0A81983} = {B129131C-3DF2-4738-AADA-5FA29F92B669}
		{B03054CF-250C-4DF3-9EED-36B5571EEB7E} = {B129131C-3DF2-4738-AADA-5FA29F92B669}
		{8888BDB8-5968-4E2B-93C7-77256594E5A6} = {B129131C-3DF2-4738-AADA-5FA29F92B669}
		{8FD826F8-3739-44E6-8CC8-997122E53B8D} = {6FEA19DF-DC6F-4321-A0C2-E6821C6E2702}
		{C52F9E7B-498A-42BE-8DB4-85A15694366A} = {6FEA19DF-DC6F-4321-A0C2-E6821C6E2702}
		{94E8B419-53A1-4C01-857E-9744F79A4822} = {7D76BEBD-F268-4C71-8994-49557E8009CF}
		{74EFB919-63B2-4C01-857E-9744F79A4822} = {7D76BEBD-F268-4C71-8994-49557E8009CF}
		{5D8954B7-660F-4609-B72B-AFBCFD410E84} = {7D76BEBD-F268-4C71-8994-49557E8009CF}
	EndGlobalSection
	GlobalSection(SubversionScc) = preSolution
		Svn-Managed = True
		Manager = AnkhSVN - Subversion Support for Visual Studio
	EndGlobalSection
EndGlobal
