<?xml version="1.0" encoding="utf-8"?>
<Project ToolsVersion="4.0" xmlns="http://schemas.microsoft.com/developer/msbuild/2003">
  <ItemGroup>
    <Filter Include="bidi">
      <UniqueIdentifier>{68b9c06a-98ac-45a4-b66e-033d17c44aa6}</UniqueIdentifier>
    </Filter>
    <Filter Include="break iteration">
      <UniqueIdentifier>{92f674d6-0d64-47d7-b762-50d626c90848}</UniqueIdentifier>
    </Filter>
    <Filter Include="collation">
      <UniqueIdentifier>{c088fc4d-1187-47e0-9fbb-69057711c2b7}</UniqueIdentifier>
    </Filter>
    <Filter Include="collections">
      <UniqueIdentifier>{f14a4544-cd51-44a6-9610-502016a378f9}</UniqueIdentifier>
    </Filter>
    <Filter Include="configuration">
      <UniqueIdentifier>{cca86b35-5e79-412d-a06c-4cb0feb3f4a3}</UniqueIdentifier>
    </Filter>
    <Filter Include="conversion">
      <UniqueIdentifier>{1575c86e-be0c-4129-aa05-437902cecb25}</UniqueIdentifier>
    </Filter>
    <Filter Include="data &amp; memory">
      <UniqueIdentifier>{2c78ad1f-f7ca-4c17-8fca-faa3c13861e7}</UniqueIdentifier>
    </Filter>
    <Filter Include="formatting">
      <UniqueIdentifier>{2e2c9184-5bf5-4f3f-a50e-db851ffe0837}</UniqueIdentifier>
    </Filter>
    <Filter Include="idna">
      <UniqueIdentifier>{47f0b2b4-e3eb-4817-b0da-6fa127845b42}</UniqueIdentifier>
      <Extensions>*.c,*.h</Extensions>
    </Filter>
    <Filter Include="locales &amp; resources">
      <UniqueIdentifier>{7dcd22e8-d57d-4c23-8eb0-8cc0898b47e5}</UniqueIdentifier>
    </Filter>
    <Filter Include="normalization">
      <UniqueIdentifier>{108b3c63-7707-4e80-8b2d-2b16490dac6d}</UniqueIdentifier>
    </Filter>
    <Filter Include="properties &amp; sets">
      <UniqueIdentifier>{878fe3b7-e59b-4dda-94e4-b69aaaf5478e}</UniqueIdentifier>
    </Filter>
    <Filter Include="registration">
      <UniqueIdentifier>{58efd8e8-0eaa-4e5b-812c-8c9182357466}</UniqueIdentifier>
    </Filter>
    <Filter Include="sprep">
      <UniqueIdentifier>{c49a13e7-5404-4709-af1c-f7b3b5038278}</UniqueIdentifier>
    </Filter>
    <Filter Include="strings">
      <UniqueIdentifier>{9c730a0f-c384-41e4-8a4b-f085be7542f3}</UniqueIdentifier>
    </Filter>
  </ItemGroup>
  <ItemGroup>
    <ClCompile Include="ubidi.c">
      <Filter>bidi</Filter>
    </ClCompile>
    <ClCompile Include="ubidi_props.c">
      <Filter>bidi</Filter>
    </ClCompile>
    <ClCompile Include="ubidiln.c">
      <Filter>bidi</Filter>
    </ClCompile>
    <ClCompile Include="ubidiwrt.c">
      <Filter>bidi</Filter>
    </ClCompile>
    <ClCompile Include="ushape.c">
      <Filter>bidi</Filter>
    </ClCompile>
    <ClCompile Include="brkeng.cpp">
      <Filter>break iteration</Filter>
    </ClCompile>
    <ClCompile Include="brkiter.cpp">
      <Filter>break iteration</Filter>
    </ClCompile>
    <ClCompile Include="dictbe.cpp">
      <Filter>break iteration</Filter>
    </ClCompile>
    <ClCompile Include="rbbi.cpp">
      <Filter>break iteration</Filter>
    </ClCompile>
    <ClCompile Include="rbbidata.cpp">
      <Filter>break iteration</Filter>
    </ClCompile>
    <ClCompile Include="rbbinode.cpp">
      <Filter>break iteration</Filter>
    </ClCompile>
    <ClCompile Include="rbbirb.cpp">
      <Filter>break iteration</Filter>
    </ClCompile>
    <ClCompile Include="rbbiscan.cpp">
      <Filter>break iteration</Filter>
    </ClCompile>
    <ClCompile Include="rbbisetb.cpp">
      <Filter>break iteration</Filter>
    </ClCompile>
    <ClCompile Include="rbbistbl.cpp">
      <Filter>break iteration</Filter>
    </ClCompile>
    <ClCompile Include="rbbitblb.cpp">
      <Filter>break iteration</Filter>
    </ClCompile>
    <ClCompile Include="triedict.cpp">
      <Filter>break iteration</Filter>
    </ClCompile>
    <ClCompile Include="ubrk.cpp">
      <Filter>break iteration</Filter>
    </ClCompile>
    <ClCompile Include="ucol_swp.cpp">
      <Filter>collation</Filter>
    </ClCompile>
    <ClCompile Include="propsvec.c">
      <Filter>collections</Filter>
    </ClCompile>
    <ClCompile Include="uarrsort.c">
      <Filter>collections</Filter>
    </ClCompile>
    <ClCompile Include="uenum.c">
      <Filter>collections</Filter>
    </ClCompile>
    <ClCompile Include="uhash.c">
      <Filter>collections</Filter>
    </ClCompile>
    <ClCompile Include="uhash_us.cpp">
      <Filter>collections</Filter>
    </ClCompile>
    <ClCompile Include="ulist.c">
      <Filter>collections</Filter>
    </ClCompile>
    <ClCompile Include="ustack.cpp">
      <Filter>collections</Filter>
    </ClCompile>
    <ClCompile Include="ustrenum.cpp">
      <Filter>collections</Filter>
    </ClCompile>
    <ClCompile Include="utrie.c">
      <Filter>collections</Filter>
    </ClCompile>
    <ClCompile Include="utrie2.cpp">
      <Filter>collections</Filter>
    </ClCompile>
    <ClCompile Include="utrie2_builder.c">
      <Filter>collections</Filter>
    </ClCompile>
    <ClCompile Include="uvector.cpp">
      <Filter>collections</Filter>
    </ClCompile>
    <ClCompile Include="uvectr32.cpp">
      <Filter>collections</Filter>
    </ClCompile>
    <ClCompile Include="uvectr64.cpp">
      <Filter>collections</Filter>
    </ClCompile>
    <ClCompile Include="errorcode.cpp">
      <Filter>configuration</Filter>
    </ClCompile>
    <ClCompile Include="icudataver.c">
      <Filter>configuration</Filter>
    </ClCompile>
    <ClCompile Include="locmap.c">
      <Filter>configuration</Filter>
    </ClCompile>
    <ClCompile Include="mutex.cpp">
      <Filter>configuration</Filter>
    </ClCompile>
    <ClCompile Include="putil.c">
      <Filter>configuration</Filter>
    </ClCompile>
    <ClCompile Include="umath.c">
      <Filter>configuration</Filter>
    </ClCompile>
    <ClCompile Include="umutex.c">
      <Filter>configuration</Filter>
    </ClCompile>
    <ClCompile Include="utrace.c">
      <Filter>configuration</Filter>
    </ClCompile>
    <ClCompile Include="utypes.c">
      <Filter>configuration</Filter>
    </ClCompile>
    <ClCompile Include="wintz.c">
      <Filter>configuration</Filter>
    </ClCompile>
    <ClCompile Include="ucnv.c">
      <Filter>conversion</Filter>
    </ClCompile>
    <ClCompile Include="ucnv2022.c">
      <Filter>conversion</Filter>
    </ClCompile>
    <ClCompile Include="ucnv_bld.c">
      <Filter>conversion</Filter>
    </ClCompile>
    <ClCompile Include="ucnv_cb.c">
      <Filter>conversion</Filter>
    </ClCompile>
    <ClCompile Include="ucnv_cnv.c">
      <Filter>conversion</Filter>
    </ClCompile>
    <ClCompile Include="ucnv_err.c">
      <Filter>conversion</Filter>
    </ClCompile>
    <ClCompile Include="ucnv_ext.c">
      <Filter>conversion</Filter>
    </ClCompile>
    <ClCompile Include="ucnv_io.c">
      <Filter>conversion</Filter>
    </ClCompile>
    <ClCompile Include="ucnv_lmb.c">
      <Filter>conversion</Filter>
    </ClCompile>
    <ClCompile Include="ucnv_set.c">
      <Filter>conversion</Filter>
    </ClCompile>
    <ClCompile Include="ucnv_u16.c">
      <Filter>conversion</Filter>
    </ClCompile>
    <ClCompile Include="ucnv_u32.c">
      <Filter>conversion</Filter>
    </ClCompile>
    <ClCompile Include="ucnv_u7.c">
      <Filter>conversion</Filter>
    </ClCompile>
    <ClCompile Include="ucnv_u8.c">
      <Filter>conversion</Filter>
    </ClCompile>
    <ClCompile Include="ucnvbocu.c">
      <Filter>conversion</Filter>
    </ClCompile>
    <ClCompile Include="ucnvdisp.c">
      <Filter>conversion</Filter>
    </ClCompile>
    <ClCompile Include="ucnvhz.c">
      <Filter>conversion</Filter>
    </ClCompile>
    <ClCompile Include="ucnvisci.c">
      <Filter>conversion</Filter>
    </ClCompile>
    <ClCompile Include="ucnvlat1.c">
      <Filter>conversion</Filter>
    </ClCompile>
    <ClCompile Include="ucnvmbcs.c">
      <Filter>conversion</Filter>
    </ClCompile>
    <ClCompile Include="ucnvscsu.c">
      <Filter>conversion</Filter>
    </ClCompile>
    <ClCompile Include="ucnvsel.cpp">
      <Filter>conversion</Filter>
    </ClCompile>
    <ClCompile Include="cmemory.c">
      <Filter>data &amp; memory</Filter>
    </ClCompile>
    <ClCompile Include="ucln_cmn.c">
      <Filter>data &amp; memory</Filter>
    </ClCompile>
    <ClCompile Include="ucmndata.c">
      <Filter>data &amp; memory</Filter>
    </ClCompile>
    <ClCompile Include="udata.cpp">
      <Filter>data &amp; memory</Filter>
    </ClCompile>
    <ClCompile Include="udatamem.c">
      <Filter>data &amp; memory</Filter>
    </ClCompile>
    <ClCompile Include="udataswp.c">
      <Filter>data &amp; memory</Filter>
    </ClCompile>
    <ClCompile Include="uinit.c">
      <Filter>data &amp; memory</Filter>
    </ClCompile>
    <ClCompile Include="umapfile.c">
      <Filter>data &amp; memory</Filter>
    </ClCompile>
    <ClCompile Include="uobject.cpp">
      <Filter>data &amp; memory</Filter>
    </ClCompile>
    <ClCompile Include="dtintrv.cpp">
      <Filter>formatting</Filter>
    </ClCompile>
    <ClCompile Include="parsepos.cpp">
      <Filter>formatting</Filter>
    </ClCompile>
    <ClCompile Include="ustrfmt.c">
      <Filter>formatting</Filter>
    </ClCompile>
    <ClCompile Include="util.cpp">
      <Filter>formatting</Filter>
    </ClCompile>
    <ClCompile Include="util_props.cpp">
      <Filter>formatting</Filter>
    </ClCompile>
    <ClCompile Include="punycode.c">
      <Filter>idna</Filter>
    </ClCompile>
    <ClCompile Include="uidna.cpp">
      <Filter>idna</Filter>
    </ClCompile>
    <ClCompile Include="uts46.cpp">
      <Filter>idna</Filter>
    </ClCompile>
    <ClCompile Include="locavailable.cpp">
      <Filter>locales &amp; resources</Filter>
    </ClCompile>
    <ClCompile Include="locbased.cpp">
      <Filter>locales &amp; resources</Filter>
    </ClCompile>
    <ClCompile Include="locdispnames.cpp">
      <Filter>locales &amp; resources</Filter>
    </ClCompile>
    <ClCompile Include="locid.cpp">
      <Filter>locales &amp; resources</Filter>
    </ClCompile>
    <ClCompile Include="loclikely.cpp">
      <Filter>locales &amp; resources</Filter>
    </ClCompile>
    <ClCompile Include="locresdata.cpp">
      <Filter>locales &amp; resources</Filter>
    </ClCompile>
    <ClCompile Include="locutil.cpp">
      <Filter>locales &amp; resources</Filter>
    </ClCompile>
    <ClCompile Include="resbund.cpp">
      <Filter>locales &amp; resources</Filter>
    </ClCompile>
    <ClCompile Include="resbund_cnv.cpp">
      <Filter>locales &amp; resources</Filter>
    </ClCompile>
    <ClCompile Include="ucat.c">
      <Filter>locales &amp; resources</Filter>
    </ClCompile>
    <ClCompile Include="uloc.c">
      <Filter>locales &amp; resources</Filter>
    </ClCompile>
    <ClCompile Include="uloc_tag.c">
      <Filter>locales &amp; resources</Filter>
    </ClCompile>
    <ClCompile Include="ures_cnv.c">
      <Filter>locales &amp; resources</Filter>
    </ClCompile>
    <ClCompile Include="uresbund.c">
      <Filter>locales &amp; resources</Filter>
    </ClCompile>
    <ClCompile Include="uresdata.c">
      <Filter>locales &amp; resources</Filter>
    </ClCompile>
    <ClCompile Include="caniter.cpp">
      <Filter>normalization</Filter>
    </ClCompile>
    <ClCompile Include="filterednormalizer2.cpp">
      <Filter>normalization</Filter>
    </ClCompile>
    <ClCompile Include="normalizer2.cpp">
      <Filter>normalization</Filter>
    </ClCompile>
    <ClCompile Include="normalizer2impl.cpp">
      <Filter>normalization</Filter>
    </ClCompile>
    <ClCompile Include="normlzr.cpp">
      <Filter>normalization</Filter>
    </ClCompile>
    <ClCompile Include="unorm.cpp">
      <Filter>normalization</Filter>
    </ClCompile>
    <ClCompile Include="unorm_it.c">
      <Filter>normalization</Filter>
    </ClCompile>
    <ClCompile Include="unormcmp.cpp">
      <Filter>normalization</Filter>
    </ClCompile>
    <ClCompile Include="bmpset.cpp">
      <Filter>properties &amp; sets</Filter>
    </ClCompile>
    <ClCompile Include="propname.cpp">
      <Filter>properties &amp; sets</Filter>
    </ClCompile>
    <ClCompile Include="ruleiter.cpp">
      <Filter>properties &amp; sets</Filter>
    </ClCompile>
    <ClCompile Include="ucase.c">
      <Filter>properties &amp; sets</Filter>
    </ClCompile>
    <ClCompile Include="uchar.c">
      <Filter>properties &amp; sets</Filter>
    </ClCompile>
    <ClCompile Include="unames.c">
      <Filter>properties &amp; sets</Filter>
    </ClCompile>
    <ClCompile Include="unifilt.cpp">
      <Filter>properties &amp; sets</Filter>
    </ClCompile>
    <ClCompile Include="unifunct.cpp">
      <Filter>properties &amp; sets</Filter>
    </ClCompile>
    <ClCompile Include="uniset.cpp">
      <Filter>properties &amp; sets</Filter>
    </ClCompile>
    <ClCompile Include="uniset_props.cpp">
      <Filter>properties &amp; sets</Filter>
    </ClCompile>
    <ClCompile Include="unisetspan.cpp">
      <Filter>properties &amp; sets</Filter>
    </ClCompile>
    <ClCompile Include="uprops.cpp">
      <Filter>properties &amp; sets</Filter>
    </ClCompile>
    <ClCompile Include="usc_impl.c">
      <Filter>properties &amp; sets</Filter>
    </ClCompile>
    <ClCompile Include="uscript.c">
      <Filter>properties &amp; sets</Filter>
    </ClCompile>
    <ClCompile Include="uset.cpp">
      <Filter>properties &amp; sets</Filter>
    </ClCompile>
    <ClCompile Include="uset_props.cpp">
      <Filter>properties &amp; sets</Filter>
    </ClCompile>
    <ClCompile Include="usetiter.cpp">
      <Filter>properties &amp; sets</Filter>
    </ClCompile>
    <ClCompile Include="icuplug.c">
      <Filter>registration</Filter>
    </ClCompile>
    <ClCompile Include="serv.cpp">
      <Filter>registration</Filter>
    </ClCompile>
    <ClCompile Include="servlk.cpp">
      <Filter>registration</Filter>
    </ClCompile>
    <ClCompile Include="servlkf.cpp">
      <Filter>registration</Filter>
    </ClCompile>
    <ClCompile Include="servls.cpp">
      <Filter>registration</Filter>
    </ClCompile>
    <ClCompile Include="servnotf.cpp">
      <Filter>registration</Filter>
    </ClCompile>
    <ClCompile Include="servrbf.cpp">
      <Filter>registration</Filter>
    </ClCompile>
    <ClCompile Include="servslkf.cpp">
      <Filter>registration</Filter>
    </ClCompile>
    <ClCompile Include="usprep.cpp">
      <Filter>sprep</Filter>
    </ClCompile>
    <ClCompile Include="bytestream.cpp">
      <Filter>strings</Filter>
    </ClCompile>
    <ClCompile Include="chariter.cpp">
      <Filter>strings</Filter>
    </ClCompile>
    <ClCompile Include="charstr.cpp">
      <Filter>strings</Filter>
    </ClCompile>
    <ClCompile Include="cstring.c">
      <Filter>strings</Filter>
    </ClCompile>
    <ClCompile Include="cwchar.c">
      <Filter>strings</Filter>
    </ClCompile>
    <ClCompile Include="schriter.cpp">
      <Filter>strings</Filter>
    </ClCompile>
    <ClCompile Include="stringpiece.cpp">
      <Filter>strings</Filter>
    </ClCompile>
    <ClCompile Include="ucasemap.c">
      <Filter>strings</Filter>
    </ClCompile>
    <ClCompile Include="uchriter.cpp">
      <Filter>strings</Filter>
    </ClCompile>
    <ClCompile Include="uinvchar.c">
      <Filter>strings</Filter>
    </ClCompile>
    <ClCompile Include="uiter.cpp">
      <Filter>strings</Filter>
    </ClCompile>
    <ClCompile Include="unistr.cpp">
      <Filter>strings</Filter>
    </ClCompile>
    <ClCompile Include="unistr_case.cpp">
      <Filter>strings</Filter>
    </ClCompile>
    <ClCompile Include="unistr_cnv.cpp">
      <Filter>strings</Filter>
    </ClCompile>
    <ClCompile Include="unistr_props.cpp">
      <Filter>strings</Filter>
    </ClCompile>
    <ClCompile Include="ustr_cnv.c">
      <Filter>strings</Filter>
    </ClCompile>
    <ClCompile Include="ustr_wcs.c">
      <Filter>strings</Filter>
    </ClCompile>
    <ClCompile Include="ustrcase.c">
      <Filter>strings</Filter>
    </ClCompile>
    <ClCompile Include="ustring.c">
      <Filter>strings</Filter>
    </ClCompile>
    <ClCompile Include="ustrtrns.c">
      <Filter>strings</Filter>
    </ClCompile>
    <ClCompile Include="utext.cpp">
      <Filter>strings</Filter>
    </ClCompile>
    <ClCompile Include="utf_impl.c">
      <Filter>strings</Filter>
    </ClCompile>
  </ItemGroup>
  <ItemGroup>
    <ClInclude Include="ubidi_props.h">
      <Filter>bidi</Filter>
    </ClInclude>
    <ClInclude Include="ubidiimp.h">
      <Filter>bidi</Filter>
    </ClInclude>
    <ClInclude Include="brkeng.h">
      <Filter>break iteration</Filter>
    </ClInclude>
    <ClInclude Include="dictbe.h">
      <Filter>break iteration</Filter>
    </ClInclude>
    <ClInclude Include="rbbidata.h">
      <Filter>break iteration</Filter>
    </ClInclude>
    <ClInclude Include="rbbinode.h">
      <Filter>break iteration</Filter>
    </ClInclude>
    <ClInclude Include="rbbirb.h">
      <Filter>break iteration</Filter>
    </ClInclude>
    <ClInclude Include="rbbirpt.h">
      <Filter>break iteration</Filter>
    </ClInclude>
    <ClInclude Include="rbbiscan.h">
      <Filter>break iteration</Filter>
    </ClInclude>
    <ClInclude Include="rbbisetb.h">
      <Filter>break iteration</Filter>
    </ClInclude>
    <ClInclude Include="rbbitblb.h">
      <Filter>break iteration</Filter>
    </ClInclude>
    <ClInclude Include="triedict.h">
      <Filter>break iteration</Filter>
    </ClInclude>
    <ClInclude Include="ubrkimpl.h">
      <Filter>break iteration</Filter>
    </ClInclude>
    <ClInclude Include="ucol_swp.h">
      <Filter>collation</Filter>
    </ClInclude>
    <ClInclude Include="hash.h">
      <Filter>collections</Filter>
    </ClInclude>
    <ClInclude Include="propsvec.h">
      <Filter>collections</Filter>
    </ClInclude>
    <ClInclude Include="uarrsort.h">
      <Filter>collections</Filter>
    </ClInclude>
    <ClInclude Include="uenumimp.h">
      <Filter>collections</Filter>
    </ClInclude>
    <ClInclude Include="uhash.h">
      <Filter>collections</Filter>
    </ClInclude>
    <ClInclude Include="ulist.h">
      <Filter>collections</Filter>
    </ClInclude>
    <ClInclude Include="ustrenum.h">
      <Filter>collections</Filter>
    </ClInclude>
    <ClInclude Include="utrie.h">
      <Filter>collections</Filter>
    </ClInclude>
    <ClInclude Include="utrie2.h">
      <Filter>collections</Filter>
    </ClInclude>
    <ClInclude Include="utrie2_impl.h">
      <Filter>collections</Filter>
    </ClInclude>
    <ClInclude Include="uvector.h">
      <Filter>collections</Filter>
    </ClInclude>
    <ClInclude Include="uvectr32.h">
      <Filter>collections</Filter>
    </ClInclude>
    <ClInclude Include="uvectr64.h">
      <Filter>collections</Filter>
    </ClInclude>
    <ClInclude Include="cpputils.h">
      <Filter>configuration</Filter>
    </ClInclude>
    <ClInclude Include="locmap.h">
      <Filter>configuration</Filter>
    </ClInclude>
    <ClInclude Include="mutex.h">
      <Filter>configuration</Filter>
    </ClInclude>
    <ClInclude Include="putilimp.h">
      <Filter>configuration</Filter>
    </ClInclude>
    <ClInclude Include="uassert.h">
      <Filter>configuration</Filter>
    </ClInclude>
    <ClInclude Include="umutex.h">
      <Filter>configuration</Filter>
    </ClInclude>
    <ClInclude Include="utracimp.h">
      <Filter>configuration</Filter>
    </ClInclude>
    <ClInclude Include="wintz.h">
      <Filter>configuration</Filter>
    </ClInclude>
    <ClInclude Include="ucnv_bld.h">
      <Filter>conversion</Filter>
    </ClInclude>
    <ClInclude Include="ucnv_cnv.h">
      <Filter>conversion</Filter>
    </ClInclude>
    <ClInclude Include="ucnv_ext.h">
      <Filter>conversion</Filter>
    </ClInclude>
    <ClInclude Include="ucnv_imp.h">
      <Filter>conversion</Filter>
    </ClInclude>
    <ClInclude Include="ucnv_io.h">
      <Filter>conversion</Filter>
    </ClInclude>
    <ClInclude Include="ucnvmbcs.h">
      <Filter>conversion</Filter>
    </ClInclude>
    <ClInclude Include="cmemory.h">
      <Filter>data &amp; memory</Filter>
    </ClInclude>
    <ClInclude Include="ucln.h">
      <Filter>data &amp; memory</Filter>
    </ClInclude>
    <ClInclude Include="ucln_cmn.h">
      <Filter>data &amp; memory</Filter>
    </ClInclude>
    <ClInclude Include="ucln_imp.h">
      <Filter>data &amp; memory</Filter>
    </ClInclude>
    <ClInclude Include="ucmndata.h">
      <Filter>data &amp; memory</Filter>
    </ClInclude>
    <ClInclude Include="udatamem.h">
      <Filter>data &amp; memory</Filter>
    </ClInclude>
    <ClInclude Include="udataswp.h">
      <Filter>data &amp; memory</Filter>
    </ClInclude>
    <ClInclude Include="umapfile.h">
      <Filter>data &amp; memory</Filter>
    </ClInclude>
    <ClInclude Include="ustrfmt.h">
      <Filter>formatting</Filter>
    </ClInclude>
    <ClInclude Include="util.h">
      <Filter>formatting</Filter>
    </ClInclude>
    <ClInclude Include="punycode.h">
      <Filter>idna</Filter>
    </ClInclude>
    <ClInclude Include="locbased.h">
      <Filter>locales &amp; resources</Filter>
    </ClInclude>
    <ClInclude Include="locutil.h">
      <Filter>locales &amp; resources</Filter>
    </ClInclude>
    <ClInclude Include="ulocimp.h">
      <Filter>locales &amp; resources</Filter>
    </ClInclude>
    <ClInclude Include="uresdata.h">
      <Filter>locales &amp; resources</Filter>
    </ClInclude>
    <ClInclude Include="uresimp.h">
      <Filter>locales &amp; resources</Filter>
    </ClInclude>
    <ClInclude Include="ureslocs.h">
      <Filter>locales &amp; resources</Filter>
    </ClInclude>
    <ClInclude Include="normalizer2impl.h">
      <Filter>normalization</Filter>
    </ClInclude>
    <ClInclude Include="unorm_it.h">
      <Filter>normalization</Filter>
    </ClInclude>
    <ClInclude Include="unormimp.h">
      <Filter>normalization</Filter>
    </ClInclude>
    <ClInclude Include="bmpset.h">
      <Filter>properties &amp; sets</Filter>
    </ClInclude>
    <ClInclude Include="propname.h">
      <Filter>properties &amp; sets</Filter>
    </ClInclude>
    <ClInclude Include="ruleiter.h">
      <Filter>properties &amp; sets</Filter>
    </ClInclude>
    <ClInclude Include="ucase.h">
      <Filter>properties &amp; sets</Filter>
    </ClInclude>
    <ClInclude Include="unisetspan.h">
      <Filter>properties &amp; sets</Filter>
    </ClInclude>
    <ClInclude Include="uprops.h">
      <Filter>properties &amp; sets</Filter>
    </ClInclude>
    <ClInclude Include="usc_impl.h">
      <Filter>properties &amp; sets</Filter>
    </ClInclude>
    <ClInclude Include="uset_imp.h">
      <Filter>properties &amp; sets</Filter>
    </ClInclude>
    <ClInclude Include="icuplugimp.h">
      <Filter>registration</Filter>
    </ClInclude>
    <ClInclude Include="serv.h">
      <Filter>registration</Filter>
    </ClInclude>
    <ClInclude Include="servloc.h">
      <Filter>registration</Filter>
    </ClInclude>
    <ClInclude Include="servnotf.h">
      <Filter>registration</Filter>
    </ClInclude>
    <ClInclude Include="sprpimpl.h">
      <Filter>sprep</Filter>
    </ClInclude>
    <ClInclude Include="charstr.h">
      <Filter>strings</Filter>
    </ClInclude>
    <ClInclude Include="cstring.h">
      <Filter>strings</Filter>
    </ClInclude>
    <ClInclude Include="cwchar.h">
      <Filter>strings</Filter>
    </ClInclude>
    <ClInclude Include="uinvchar.h">
      <Filter>strings</Filter>
    </ClInclude>
    <ClInclude Include="ustr_cnv.h">
      <Filter>strings</Filter>
    </ClInclude>
    <ClInclude Include="ustr_imp.h">
      <Filter>strings</Filter>
    </ClInclude>
  </ItemGroup>
  <ItemGroup>
    <ResourceCompile Include="common.rc">
      <Filter>configuration</Filter>
    </ResourceCompile>
  </ItemGroup>
  <ItemGroup>
    <CustomBuild Include="unicode\ubidi.h">
      <Filter>bidi</Filter>
    </CustomBuild>
    <CustomBuild Include="unicode\ushape.h">
      <Filter>bidi</Filter>
    </CustomBuild>
    <CustomBuild Include="unicode\brkiter.h">
      <Filter>break iteration</Filter>
    </CustomBuild>
    <CustomBuild Include="unicode\dbbi.h">
      <Filter>break iteration</Filter>
    </CustomBuild>
    <CustomBuild Include="unicode\rbbi.h">
      <Filter>break iteration</Filter>
    </CustomBuild>
    <CustomBuild Include="unicode\ubrk.h">
      <Filter>break iteration</Filter>
    </CustomBuild>
    <CustomBuild Include="unicode\strenum.h">
      <Filter>collections</Filter>
    </CustomBuild>
    <CustomBuild Include="unicode\uenum.h">
      <Filter>collections</Filter>
    </CustomBuild>
    <CustomBuild Include="unicode\docmain.h">
      <Filter>configuration</Filter>
    </CustomBuild>
    <CustomBuild Include="unicode\errorcode.h">
      <Filter>configuration</Filter>
    </CustomBuild>
    <CustomBuild Include="unicode\icudataver.h">
      <Filter>configuration</Filter>
    </CustomBuild>
    <CustomBuild Include="unicode\putil.h">
      <Filter>configuration</Filter>
    </CustomBuild>
    <CustomBuild Include="unicode\pwin32.h">
      <Filter>configuration</Filter>
    </CustomBuild>
    <CustomBuild Include="unicode\std_string.h">
      <Filter>configuration</Filter>
    </CustomBuild>
    <CustomBuild Include="unicode\uconfig.h">
      <Filter>configuration</Filter>
    </CustomBuild>
    <CustomBuild Include="unicode\udeprctd.h">
      <Filter>configuration</Filter>
    </CustomBuild>
    <CustomBuild Include="unicode\udraft.h">
      <Filter>configuration</Filter>
    </CustomBuild>
    <CustomBuild Include="unicode\uintrnal.h">
      <Filter>configuration</Filter>
    </CustomBuild>
    <CustomBuild Include="unicode\umachine.h">
      <Filter>configuration</Filter>
    </CustomBuild>
    <CustomBuild Include="unicode\uobslete.h">
      <Filter>configuration</Filter>
    </CustomBuild>
    <CustomBuild Include="unicode\urename.h">
      <Filter>configuration</Filter>
    </CustomBuild>
    <CustomBuild Include="unicode\usystem.h">
      <Filter>configuration</Filter>
    </CustomBuild>
    <CustomBuild Include="unicode\utrace.h">
      <Filter>configuration</Filter>
    </CustomBuild>
    <CustomBuild Include="unicode\utypes.h">
      <Filter>configuration</Filter>
    </CustomBuild>
    <CustomBuild Include="unicode\uvernum.h">
      <Filter>configuration</Filter>
    </CustomBuild>
    <CustomBuild Include="unicode\uversion.h">
      <Filter>configuration</Filter>
    </CustomBuild>
    <CustomBuild Include="unicode\ucnv.h">
      <Filter>conversion</Filter>
    </CustomBuild>
    <CustomBuild Include="unicode\ucnv_cb.h">
      <Filter>conversion</Filter>
    </CustomBuild>
    <CustomBuild Include="unicode\ucnv_err.h">
      <Filter>conversion</Filter>
    </CustomBuild>
    <CustomBuild Include="unicode\ucnvsel.h">
      <Filter>conversion</Filter>
    </CustomBuild>
    <CustomBuild Include="unicode\localpointer.h">
      <Filter>data &amp; memory</Filter>
    </CustomBuild>
    <CustomBuild Include="unicode\uclean.h">
      <Filter>data &amp; memory</Filter>
    </CustomBuild>
    <CustomBuild Include="unicode\udata.h">
      <Filter>data &amp; memory</Filter>
    </CustomBuild>
    <CustomBuild Include="unicode\uobject.h">
      <Filter>data &amp; memory</Filter>
    </CustomBuild>
    <CustomBuild Include="unicode\dtintrv.h">
      <Filter>formatting</Filter>
    </CustomBuild>
    <CustomBuild Include="unicode\parseerr.h">
      <Filter>formatting</Filter>
    </CustomBuild>
    <CustomBuild Include="unicode\parsepos.h">
      <Filter>formatting</Filter>
    </CustomBuild>
    <CustomBuild Include="unicode\umisc.h">
      <Filter>formatting</Filter>
    </CustomBuild>
    <CustomBuild Include="unicode\idna.h">
      <Filter>idna</Filter>
    </CustomBuild>
    <CustomBuild Include="unicode\uidna.h">
      <Filter>idna</Filter>
    </CustomBuild>
    <CustomBuild Include="unicode\locid.h">
      <Filter>locales &amp; resources</Filter>
    </CustomBuild>
    <CustomBuild Include="unicode\resbund.h">
      <Filter>locales &amp; resources</Filter>
    </CustomBuild>
    <CustomBuild Include="unicode\ucat.h">
      <Filter>locales &amp; resources</Filter>
    </CustomBuild>
    <CustomBuild Include="unicode\uloc.h">
      <Filter>locales &amp; resources</Filter>
    </CustomBuild>
    <CustomBuild Include="unicode\ures.h">
      <Filter>locales &amp; resources</Filter>
    </CustomBuild>
    <CustomBuild Include="unicode\caniter.h">
      <Filter>normalization</Filter>
    </CustomBuild>
    <CustomBuild Include="unicode\normalizer2.h">
      <Filter>normalization</Filter>
    </CustomBuild>
    <CustomBuild Include="unicode\normlzr.h">
      <Filter>normalization</Filter>
    </CustomBuild>
    <CustomBuild Include="unicode\unorm.h">
      <Filter>normalization</Filter>
    </CustomBuild>
    <CustomBuild Include="unicode\unorm2.h">
      <Filter>normalization</Filter>
    </CustomBuild>
    <CustomBuild Include="unicode\symtable.h">
      <Filter>properties &amp; sets</Filter>
    </CustomBuild>
    <CustomBuild Include="unicode\uchar.h">
      <Filter>properties &amp; sets</Filter>
    </CustomBuild>
    <CustomBuild Include="unicode\unifilt.h">
      <Filter>properties &amp; sets</Filter>
    </CustomBuild>
    <CustomBuild Include="unicode\unifunct.h">
      <Filter>properties &amp; sets</Filter>
    </CustomBuild>
    <CustomBuild Include="unicode\unimatch.h">
      <Filter>properties &amp; sets</Filter>
    </CustomBuild>
    <CustomBuild Include="unicode\uniset.h">
      <Filter>properties &amp; sets</Filter>
    </CustomBuild>
    <CustomBuild Include="unicode\uscript.h">
      <Filter>properties &amp; sets</Filter>
    </CustomBuild>
    <CustomBuild Include="unicode\uset.h">
      <Filter>properties &amp; sets</Filter>
    </CustomBuild>
    <CustomBuild Include="unicode\usetiter.h">
      <Filter>properties &amp; sets</Filter>
    </CustomBuild>
    <CustomBuild Include="unicode\usprep.h">
      <Filter>sprep</Filter>
    </CustomBuild>
    <CustomBuild Include="unicode\bytestream.h">
      <Filter>strings</Filter>
    </CustomBuild>
    <CustomBuild Include="unicode\chariter.h">
      <Filter>strings</Filter>
    </CustomBuild>
    <CustomBuild Include="unicode\rep.h">
      <Filter>strings</Filter>
    </CustomBuild>
    <CustomBuild Include="unicode\schriter.h">
      <Filter>strings</Filter>
    </CustomBuild>
    <CustomBuild Include="unicode\stringpiece.h">
      <Filter>strings</Filter>
    </CustomBuild>
    <CustomBuild Include="unicode\ucasemap.h">
      <Filter>strings</Filter>
    </CustomBuild>
    <CustomBuild Include="unicode\uchriter.h">
      <Filter>strings</Filter>
    </CustomBuild>
    <CustomBuild Include="unicode\uiter.h">
      <Filter>strings</Filter>
    </CustomBuild>
    <CustomBuild Include="unicode\unistr.h">
      <Filter>strings</Filter>
    </CustomBuild>
    <CustomBuild Include="unicode\urep.h">
      <Filter>strings</Filter>
    </CustomBuild>
    <CustomBuild Include="unicode\ustring.h">
      <Filter>strings</Filter>
    </CustomBuild>
    <CustomBuild Include="unicode\utext.h">
      <Filter>strings</Filter>
    </CustomBuild>
    <CustomBuild Include="unicode\utf.h">
      <Filter>strings</Filter>
    </CustomBuild>
    <CustomBuild Include="unicode\utf16.h">
      <Filter>strings</Filter>
    </CustomBuild>
    <CustomBuild Include="unicode\utf32.h">
      <Filter>strings</Filter>
    </CustomBuild>
    <CustomBuild Include="unicode\utf8.h">
      <Filter>strings</Filter>
    </CustomBuild>
    <CustomBuild Include="unicode\utf_old.h">
      <Filter>strings</Filter>
    </CustomBuild>
    <CustomBuild Include="unicode\icuplug.h" />
  </ItemGroup>
</Project>