<?xml version="1.0" encoding="utf-8"?>
<Project ToolsVersion="4.0" xmlns="http://schemas.microsoft.com/developer/msbuild/2003">
  <ItemGroup>
    <Filter Include="Source Files">
      <UniqueIdentifier>{31f8c43a-5157-423d-b6ab-1cf2bcf60b00}</UniqueIdentifier>
      <Extensions>cpp;c;cxx;rc;def;r;odl;idl;hpj;bat</Extensions>
    </Filter>
    <Filter Include="Header Files">
      <UniqueIdentifier>{3fd952a0-3592-4b9b-ad10-9b2d36ccd325}</UniqueIdentifier>
      <Extensions>h;hpp;hxx;hm;inl</Extensions>
    </Filter>
    <Filter Include="Resource Bundles">
      <UniqueIdentifier>{779647cb-242a-44eb-a236-f626023b275d}</UniqueIdentifier>
      <Extensions>txt</Extensions>
    </Filter>
    <Filter Include="Build Scripts">
      <UniqueIdentifier>{e9670e7e-96da-45f0-9868-ac4bc48a8d76}</UniqueIdentifier>
      <Extensions>mak;mk;bat</Extensions>
    </Filter>
  </ItemGroup>
  <ItemGroup>
    <ClCompile Include="uconv.cpp">
      <Filter>Source Files</Filter>
    </ClCompile>
    <ClCompile Include="uwmsg.c">
      <Filter>Source Files</Filter>
    </ClCompile>
  </ItemGroup>
  <ItemGroup>
    <ClInclude Include="unicode\uwmsg.h">
      <Filter>Header Files</Filter>
    </ClInclude>
  </ItemGroup>
  <ItemGroup>
    <None Include="resources\fr.txt">
      <Filter>Resource Bundles</Filter>
    </None>
    <None Include="resources\root.txt">
      <Filter>Resource Bundles</Filter>
    </None>
    <None Include="resfiles.mk">
      <Filter>Build Scripts</Filter>
    </None>
  </ItemGroup>
  <ItemGroup>
    <CustomBuild Include="makedata.mak">
      <Filter>Build Scripts</Filter>
    </CustomBuild>
  </ItemGroup>
</Project>