<?xml version="1.0" encoding="utf-8"?>
<Project ToolsVersion="4.0" xmlns="http://schemas.microsoft.com/developer/msbuild/2003">
  <ItemGroup>
    <Filter Include="Header Files">
      <UniqueIdentifier>{6cb82de0-e0cb-4411-9367-e5e2cf42973b}</UniqueIdentifier>
    </Filter>
    <Filter Include="Source Files">
      <UniqueIdentifier>{5a276e23-e1f2-4c83-a475-5ce645e7f2b0}</UniqueIdentifier>
    </Filter>
    <Filter Include="Resource Files">
      <UniqueIdentifier>{6fa4df2d-d076-4b6b-b4ce-9c54f5f2fbe5}</UniqueIdentifier>
    </Filter>
  </ItemGroup>
  <ItemGroup>
    <ClCompile Include="..\ssl\s2_meth.c">
      <Filter>Source Files</Filter>
    </ClCompile>
    <ClCompile Include="..\ssl\bio_ssl.c">
      <Filter>Source Files</Filter>
    </ClCompile>
    <ClCompile Include="..\ssl\t1_srvr.c">
      <Filter>Source Files</Filter>
    </ClCompile>
    <ClCompile Include="..\ssl\d1_both.c">
      <Filter>Source Files</Filter>
    </ClCompile>
    <ClCompile Include="..\ssl\d1_clnt.c">
      <Filter>Source Files</Filter>
    </ClCompile>
    <ClCompile Include="..\ssl\d1_enc.c">
      <Filter>Source Files</Filter>
    </ClCompile>
    <ClCompile Include="..\ssl\d1_lib.c">
      <Filter>Source Files</Filter>
    </ClCompile>
    <ClCompile Include="..\ssl\d1_meth.c">
      <Filter>Source Files</Filter>
    </ClCompile>
    <ClCompile Include="..\ssl\d1_pkt.c">
      <Filter>Source Files</Filter>
    </ClCompile>
    <ClCompile Include="..\ssl\d1_srvr.c">
      <Filter>Source Files</Filter>
    </ClCompile>
    <ClCompile Include="..\ssl\kssl.c">
      <Filter>Source Files</Filter>
    </ClCompile>
    <ClCompile Include="..\ssl\s23_clnt.c">
      <Filter>Source Files</Filter>
    </ClCompile>
    <ClCompile Include="..\ssl\s23_lib.c">
      <Filter>Source Files</Filter>
    </ClCompile>
    <ClCompile Include="..\ssl\s23_meth.c">
      <Filter>Source Files</Filter>
    </ClCompile>
    <ClCompile Include="..\ssl\s23_pkt.c">
      <Filter>Source Files</Filter>
    </ClCompile>
    <ClCompile Include="..\ssl\s23_srvr.c">
      <Filter>Source Files</Filter>
    </ClCompile>
    <ClCompile Include="..\ssl\s2_clnt.c">
      <Filter>Source Files</Filter>
    </ClCompile>
    <ClCompile Include="..\ssl\s2_enc.c">
      <Filter>Source Files</Filter>
    </ClCompile>
    <ClCompile Include="..\ssl\s2_lib.c">
      <Filter>Source Files</Filter>
    </ClCompile>
    <ClCompile Include="..\ssl\s2_pkt.c">
      <Filter>Source Files</Filter>
    </ClCompile>
    <ClCompile Include="..\ssl\s2_srvr.c">
      <Filter>Source Files</Filter>
    </ClCompile>
    <ClCompile Include="..\ssl\s3_both.c">
      <Filter>Source Files</Filter>
    </ClCompile>
    <ClCompile Include="..\ssl\s3_clnt.c">
      <Filter>Source Files</Filter>
    </ClCompile>
    <ClCompile Include="..\ssl\s3_enc.c">
      <Filter>Source Files</Filter>
    </ClCompile>
    <ClCompile Include="..\ssl\s3_lib.c">
      <Filter>Source Files</Filter>
    </ClCompile>
    <ClCompile Include="..\ssl\s3_meth.c">
      <Filter>Source Files</Filter>
    </ClCompile>
    <ClCompile Include="..\ssl\s3_pkt.c">
      <Filter>Source Files</Filter>
    </ClCompile>
    <ClCompile Include="..\ssl\s3_srvr.c">
      <Filter>Source Files</Filter>
    </ClCompile>
    <ClCompile Include="..\ssl\ssl_algs.c">
      <Filter>Source Files</Filter>
    </ClCompile>
    <ClCompile Include="..\ssl\ssl_asn1.c">
      <Filter>Source Files</Filter>
    </ClCompile>
    <ClCompile Include="..\ssl\ssl_cert.c">
      <Filter>Source Files</Filter>
    </ClCompile>
    <ClCompile Include="..\ssl\ssl_ciph.c">
      <Filter>Source Files</Filter>
    </ClCompile>
    <ClCompile Include="..\ssl\ssl_err.c">
      <Filter>Source Files</Filter>
    </ClCompile>
    <ClCompile Include="..\ssl\ssl_err2.c">
      <Filter>Source Files</Filter>
    </ClCompile>
    <ClCompile Include="..\ssl\ssl_lib.c">
      <Filter>Source Files</Filter>
    </ClCompile>
    <ClCompile Include="..\ssl\ssl_rsa.c">
      <Filter>Source Files</Filter>
    </ClCompile>
    <ClCompile Include="..\ssl\ssl_sess.c">
      <Filter>Source Files</Filter>
    </ClCompile>
    <ClCompile Include="..\ssl\ssl_stat.c">
      <Filter>Source Files</Filter>
    </ClCompile>
    <ClCompile Include="..\ssl\ssl_txt.c">
      <Filter>Source Files</Filter>
    </ClCompile>
    <ClCompile Include="..\ssl\t1_clnt.c">
      <Filter>Source Files</Filter>
    </ClCompile>
    <ClCompile Include="..\ssl\t1_enc.c">
      <Filter>Source Files</Filter>
    </ClCompile>
    <ClCompile Include="..\ssl\t1_lib.c">
      <Filter>Source Files</Filter>
    </ClCompile>
    <ClCompile Include="..\ssl\t1_meth.c">
      <Filter>Source Files</Filter>
    </ClCompile>
    <ClCompile Include="..\ssl\t1_reneg.c">
      <Filter>Source Files</Filter>
    </ClCompile>
    <ClCompile Include="..\ssl\d1_srtp.c">
      <Filter>Source Files</Filter>
    </ClCompile>
    <ClCompile Include="..\ssl\tls_srp.c">
      <Filter>Source Files</Filter>
    </ClCompile>
  </ItemGroup>
  <ItemGroup>
    <ResourceCompile Include="..\ms\version32.rc">
      <Filter>Resource Files</Filter>
    </ResourceCompile>
  </ItemGroup>
</Project>